{
  "version": 4,
  "terraform_version": "1.0.11",
  "serial": 40,
  "lineage": "1b58cfbf-5e54-7108-f463-72a319f74b1b",
  "outputs": {},
  "resources": [
    {
      "mode": "data",
      "type": "oci_identity_region_subscriptions",
      "name": "home_region_subscriptions",
      "provider": "provider[\"registry.terraform.io/hashicorp/oci\"]",
      "instances": [
        {
          "schema_version": 0,
          "attributes": {
            "filter": [
              {
                "name": "is_home_region",
                "regex": false,
                "values": [
                  "true"
                ]
              }
            ],
            "id": "IdentityRegionSubscriptionsDataSource-2023362812",
            "region_subscriptions": [
              {
                "is_home_region": true,
                "region_key": "PHX",
                "region_name": "us-phoenix-1",
                "state": "READY",
                "tenancy_id": ""
              }
            ],
            "tenancy_id": "ocid1.tenancy.oc1..aaaaaaaajbztplgj33goaagocrwiqgzdajr45hcb35i3zqjiiurrbh5ikzfa"
          },
          "sensitive_attributes": []
        }
      ]
    },
    {
      "mode": "data",
      "type": "oci_identity_tenancy",
      "name": "current_user_tenancy",
      "provider": "provider[\"registry.terraform.io/hashicorp/oci\"].homeregion",
      "instances": [
        {
          "schema_version": 0,
          "attributes": {
            "defined_tags": {
              "OracleInternalReserved.CostCenter": "603535",
              "OracleInternalReserved.OwnerEmail": "siva.edupuganti@oracle.com",
              "OracleInternalReserved.ServiceType": "IaaS",
              "OracleInternalReserved.UsageType": "development-qa-test"
            },
            "description": " Demo",
            "freeform_tags": {},
            "home_region_key": "PHX",
            "id": "ocid1.tenancy.oc1..aaaaaaaajbztplgj33goaagocrwiqgzdajr45hcb35i3zqjiiurrbh5ikzfa",
            "name": "iaassiedupu",
            "tenancy_id": "ocid1.tenancy.oc1..aaaaaaaajbztplgj33goaagocrwiqgzdajr45hcb35i3zqjiiurrbh5ikzfa",
            "upi_idcs_compatibility_layer_endpoint": "https://idcs-cloudinfra.upi.identity.us-phoenix-1.oci.oraclecloud.com/sm/v1/Tenants/idcs-ce43372998a7481d94910c0c68dadf0d"
          },
          "sensitive_attributes": []
        }
      ]
    },
    {
      "mode": "managed",
      "type": "oci_core_dhcp_options",
      "name": "dhcpoptions1",
      "provider": "provider[\"registry.terraform.io/hashicorp/oci\"]",
      "instances": [
        {
          "schema_version": 0,
          "attributes": {
            "compartment_id": "ocid1.compartment.oc1..aaaaaaaa6nncoszmpc4aawentrwapoqfg2xsqlxhasdqlo2pv5t3acsnudca",
            "defined_tags": {},
            "display_name": "dhcpoptions1",
            "domain_name_type": "CUSTOM_DOMAIN",
            "freeform_tags": {},
            "id": "ocid1.dhcpoptions.oc1.ap-tokyo-1.aaaaaaaajyk6d7phwsw6ffewtp7lzdhqml7zgecu27muobuu4reckws2zttq",
            "options": [
              {
                "custom_dns_servers": [],
                "search_domain_names": [],
                "server_type": "VcnLocalPlusInternet",
                "type": "DomainNameServer"
              }
            ],
            "state": "AVAILABLE",
            "time_created": "2022-03-17 06:29:28.107 +0000 UTC",
            "timeouts": null,
            "vcn_id": "ocid1.vcn.oc1.ap-tokyo-1.amaaaaaa2wppjyqa5lpt6gaavwyjwjt2sm5dbyhawqydlpbvmbbwodrw67jq"
          },
          "sensitive_attributes": [],
          "private": "eyJlMmJmYjczMC1lY2FhLTExZTYtOGY4OC0zNDM2M2JjN2M0YzAiOnsiY3JlYXRlIjoxMjAwMDAwMDAwMDAwLCJkZWxldGUiOjEyMDAwMDAwMDAwMDAsInVwZGF0ZSI6MTIwMDAwMDAwMDAwMH19",
          "dependencies": [
            "oci_core_virtual_network.vcn"
          ]
        }
      ]
    },
    {
      "mode": "managed",
      "type": "oci_core_internet_gateway",
      "name": "igw",
      "provider": "provider[\"registry.terraform.io/hashicorp/oci\"]",
      "instances": [
        {
          "schema_version": 0,
          "attributes": {
            "compartment_id": "ocid1.compartment.oc1..aaaaaaaa6nncoszmpc4aawentrwapoqfg2xsqlxhasdqlo2pv5t3acsnudca",
            "defined_tags": {},
            "display_name": "igw",
            "enabled": true,
            "freeform_tags": {},
            "id": "ocid1.internetgateway.oc1.ap-tokyo-1.aaaaaaaabqhkx5i3y7ujylpmgbzumsysy3k4xlvtekaconeyrmfumye25mqq",
            "state": "AVAILABLE",
            "time_created": "2022-03-17 06:29:27.705 +0000 UTC",
            "timeouts": null,
            "vcn_id": "ocid1.vcn.oc1.ap-tokyo-1.amaaaaaa2wppjyqa5lpt6gaavwyjwjt2sm5dbyhawqydlpbvmbbwodrw67jq"
          },
          "sensitive_attributes": [],
          "private": "eyJlMmJmYjczMC1lY2FhLTExZTYtOGY4OC0zNDM2M2JjN2M0YzAiOnsiY3JlYXRlIjoxMjAwMDAwMDAwMDAwLCJkZWxldGUiOjEyMDAwMDAwMDAwMDAsInVwZGF0ZSI6MTIwMDAwMDAwMDAwMH19",
          "dependencies": [
            "oci_core_virtual_network.vcn"
          ]
        }
      ]
    },
    {
      "mode": "managed",
      "type": "oci_core_route_table",
      "name": "rt_via_igw",
      "provider": "provider[\"registry.terraform.io/hashicorp/oci\"]",
      "instances": [
        {
          "schema_version": 0,
          "attributes": {
            "compartment_id": "ocid1.compartment.oc1..aaaaaaaa6nncoszmpc4aawentrwapoqfg2xsqlxhasdqlo2pv5t3acsnudca",
            "defined_tags": {},
            "display_name": "rt_via_igw",
            "freeform_tags": {},
            "id": "ocid1.routetable.oc1.ap-tokyo-1.aaaaaaaat747i46xida4zjpdknc2l564mzowshasdmalqvpphqdj2xb6hdhq",
            "route_rules": [
              {
                "cidr_block": "",
                "description": "",
                "destination": "0.0.0.0/0",
                "destination_type": "CIDR_BLOCK",
                "network_entity_id": "ocid1.internetgateway.oc1.ap-tokyo-1.aaaaaaaabqhkx5i3y7ujylpmgbzumsysy3k4xlvtekaconeyrmfumye25mqq"
              }
            ],
            "state": "AVAILABLE",
            "time_created": "2022-03-17 06:29:28.732 +0000 UTC",
            "timeouts": null,
            "vcn_id": "ocid1.vcn.oc1.ap-tokyo-1.amaaaaaa2wppjyqa5lpt6gaavwyjwjt2sm5dbyhawqydlpbvmbbwodrw67jq"
          },
          "sensitive_attributes": [],
          "private": "eyJlMmJmYjczMC1lY2FhLTExZTYtOGY4OC0zNDM2M2JjN2M0YzAiOnsiY3JlYXRlIjoxMjAwMDAwMDAwMDAwLCJkZWxldGUiOjEyMDAwMDAwMDAwMDAsInVwZGF0ZSI6MTIwMDAwMDAwMDAwMH19",
          "dependencies": [
            "oci_core_internet_gateway.igw",
            "oci_core_virtual_network.vcn"
          ]
        }
      ]
    },
    {
      "mode": "managed",
      "type": "oci_core_subnet",
      "name": "kafkaConnectSubnet",
      "provider": "provider[\"registry.terraform.io/hashicorp/oci\"]",
      "instances": [
        {
          "schema_version": 0,
          "attributes": {
            "availability_domain": null,
            "cidr_block": "10.0.1.0/24",
            "compartment_id": "ocid1.compartment.oc1..aaaaaaaa6nncoszmpc4aawentrwapoqfg2xsqlxhasdqlo2pv5t3acsnudca",
            "defined_tags": {},
            "dhcp_options_id": "ocid1.dhcpoptions.oc1.ap-tokyo-1.aaaaaaaajyk6d7phwsw6ffewtp7lzdhqml7zgecu27muobuu4reckws2zttq",
            "display_name": "kafkaConnectSubnet",
            "dns_label": "kafkaconnectsub",
            "freeform_tags": {},
            "id": "ocid1.subnet.oc1.ap-tokyo-1.aaaaaaaa7bkilcupuzc7bpcacs56pwpvjzksrtz435mkneiacolthx5zyv3q",
            "ipv6cidr_block": null,
            "ipv6virtual_router_ip": null,
            "prohibit_internet_ingress": false,
            "prohibit_public_ip_on_vnic": false,
            "route_table_id": "ocid1.routetable.oc1.ap-tokyo-1.aaaaaaaat747i46xida4zjpdknc2l564mzowshasdmalqvpphqdj2xb6hdhq",
            "security_list_ids": [
              "ocid1.securitylist.oc1.ap-tokyo-1.aaaaaaaaslgjl7psmhkh4wxdw2yhyiyuruanqecb43licwdj4iseifk2a4za"
            ],
            "state": "AVAILABLE",
            "subnet_domain_name": "kafkaconnectsub.vcn.oraclevcn.com",
            "time_created": "2022-03-17 06:29:29.534 +0000 UTC",
            "timeouts": null,
            "vcn_id": "ocid1.vcn.oc1.ap-tokyo-1.amaaaaaa2wppjyqa5lpt6gaavwyjwjt2sm5dbyhawqydlpbvmbbwodrw67jq",
            "virtual_router_ip": "10.0.1.1",
            "virtual_router_mac": "00:00:17:70:17:30"
          },
          "sensitive_attributes": [],
          "private": "eyJlMmJmYjczMC1lY2FhLTExZTYtOGY4OC0zNDM2M2JjN2M0YzAiOnsiY3JlYXRlIjoxMjAwMDAwMDAwMDAwLCJkZWxldGUiOjEyMDAwMDAwMDAwMDAsInVwZGF0ZSI6MTIwMDAwMDAwMDAwMH19",
          "dependencies": [
            "oci_core_dhcp_options.dhcpoptions1",
            "oci_core_internet_gateway.igw",
            "oci_core_route_table.rt_via_igw",
            "oci_core_virtual_network.vcn"
          ]
        }
      ]
    },
    {
      "mode": "managed",
      "type": "oci_core_virtual_network",
      "name": "vcn",
      "provider": "provider[\"registry.terraform.io/hashicorp/oci\"]",
      "instances": [
        {
          "schema_version": 0,
          "attributes": {
            "cidr_block": "10.0.0.0/16",
            "cidr_blocks": [
              "10.0.0.0/16"
            ],
            "compartment_id": "ocid1.compartment.oc1..aaaaaaaa6nncoszmpc4aawentrwapoqfg2xsqlxhasdqlo2pv5t3acsnudca",
            "default_dhcp_options_id": "ocid1.dhcpoptions.oc1.ap-tokyo-1.aaaaaaaaagpycvcni2skqyi4wzq6hmdmldnrpklat4ngehqw7hanst7pmnla",
            "default_route_table_id": "ocid1.routetable.oc1.ap-tokyo-1.aaaaaaaaoaaalidkv4d62zbmh27bob6rhae5qd66cwxxce3ejg4mwg266pmq",
            "default_security_list_id": "ocid1.securitylist.oc1.ap-tokyo-1.aaaaaaaaslgjl7psmhkh4wxdw2yhyiyuruanqecb43licwdj4iseifk2a4za",
            "defined_tags": {},
            "display_name": "vcn",
            "dns_label": "vcn",
            "freeform_tags": {},
            "id": "ocid1.vcn.oc1.ap-tokyo-1.amaaaaaa2wppjyqa5lpt6gaavwyjwjt2sm5dbyhawqydlpbvmbbwodrw67jq",
            "ipv6cidr_blocks": [],
            "is_ipv6enabled": false,
            "state": "AVAILABLE",
            "time_created": "2022-03-17 06:29:26.569 +0000 UTC",
            "timeouts": null,
            "vcn_domain_name": "vcn.oraclevcn.com"
          },
          "sensitive_attributes": [],
          "private": "eyJlMmJmYjczMC1lY2FhLTExZTYtOGY4OC0zNDM2M2JjN2M0YzAiOnsiY3JlYXRlIjoxMjAwMDAwMDAwMDAwLCJkZWxldGUiOjEyMDAwMDAwMDAwMDAsInVwZGF0ZSI6MTIwMDAwMDAwMDAwMH19"
        }
      ]
    },
    {
      "mode": "managed",
      "type": "oci_objectstorage_bucket",
      "name": "this",
      "provider": "provider[\"registry.terraform.io/hashicorp/oci\"]",
      "instances": [
        {
          "schema_version": 0,
          "attributes": {
            "access_type": "NoPublicAccess",
            "approximate_count": "2",
            "approximate_size": "6540",
            "auto_tiering": "Disabled",
            "bucket_id": "ocid1.bucket.oc1.ap-tokyo-1.aaaaaaaak4fcqkwmj23hwkfvm2a7pcpjo6mplflihhxqgapsbdo5a4hqvfwa",
            "compartment_id": "ocid1.compartment.oc1..aaaaaaaa6nncoszmpc4aawentrwapoqfg2xsqlxhasdqlo2pv5t3acsnudca",
            "created_by": "ocid1.user.oc1..aaaaaaaa35wsc54qk5yrf4deg7gn2njulzuw6tonitub7ww3hg7iijco4s2a",
            "defined_tags": {},
            "etag": "d36923fa-757a-4f5f-a5fa-14ffa10969ef",
            "freeform_tags": {},
            "id": "n/iaassiedupu/b/StreamArchivalbucket",
            "is_read_only": false,
            "kms_key_id": null,
            "metadata": {},
            "name": "StreamArchivalbucket",
            "namespace": "iaassiedupu",
            "object_events_enabled": false,
            "object_lifecycle_policy_etag": null,
            "replication_enabled": false,
            "retention_rules": [],
            "storage_tier": "Standard",
            "time_created": "2022-03-17 06:29:26.523 +0000 UTC",
            "timeouts": null,
            "versioning": "Disabled"
          },
          "sensitive_attributes": [],
          "private": "eyJlMmJmYjczMC1lY2FhLTExZTYtOGY4OC0zNDM2M2JjN2M0YzAiOnsiY3JlYXRlIjoxMjAwMDAwMDAwMDAwLCJkZWxldGUiOjEyMDAwMDAwMDAwMDAsInVwZGF0ZSI6MTIwMDAwMDAwMDAwMH19",
          "dependencies": [
            "data.oci_identity_region_subscriptions.home_region_subscriptions",
            "data.oci_identity_tenancy.current_user_tenancy"
          ]
        }
      ]
    },
    {
      "mode": "managed",
      "type": "oci_streaming_stream_pool",
      "name": "stream_pool",
      "provider": "provider[\"registry.terraform.io/hashicorp/oci\"]",
      "instances": [
        {
          "schema_version": 0,
          "attributes": {
            "compartment_id": "ocid1.compartment.oc1..aaaaaaaa6nncoszmpc4aawentrwapoqfg2xsqlxhasdqlo2pv5t3acsnudca",
            "custom_encryption_key": [
              {
                "key_state": "NONE",
                "kms_key_id": ""
              }
            ],
            "defined_tags": {},
            "endpoint_fqdn": "cell-1.streaming.ap-tokyo-1.oci.oraclecloud.com",
            "freeform_tags": {},
            "id": "ocid1.streampool.oc1.ap-tokyo-1.amaaaaaa2wppjyqa4ufqho5gp6ipmdcouqus7csiyutpvqeimjuaigspdmta",
            "is_private": false,
            "kafka_settings": [
              {
                "auto_create_topics_enable": true,
                "bootstrap_servers": "cell-1.streaming.ap-tokyo-1.oci.oraclecloud.com:9092",
                "log_retention_hours": 24,
                "num_partitions": 1
              }
            ],
            "lifecycle_state_details": null,
            "name": "demo_pool_1",
            "private_endpoint_settings": [
              {
                "nsg_ids": [],
                "private_endpoint_ip": "",
                "subnet_id": ""
              }
            ],
            "state": "ACTIVE",
            "time_created": "2022-03-17 06:29:26.392 +0000 +0000",
            "timeouts": null
          },
          "sensitive_attributes": [],
          "private": "eyJlMmJmYjczMC1lY2FhLTExZTYtOGY4OC0zNDM2M2JjN2M0YzAiOnsiY3JlYXRlIjoxMjAwMDAwMDAwMDAwLCJkZWxldGUiOjEyMDAwMDAwMDAwMDAsInVwZGF0ZSI6MTIwMDAwMDAwMDAwMH19"
        }
      ]
    }
  ]
}
