{
  "version": 4,
  "terraform_version": "1.0.11",
  "serial": 57,
  "lineage": "1b58cfbf-5e54-7108-f463-72a319f74b1b",
  "outputs": {},
  "resources": [
    {
      "mode": "data",
      "type": "oci_core_images",
      "name": "InstanceImageOCID",
      "provider": "provider[\"registry.terraform.io/hashicorp/oci\"]",
      "instances": [
        {
          "schema_version": 0,
          "attributes": {
            "compartment_id": "ocid1.compartment.oc1..aaaaaaaa6nncoszmpc4aawentrwapoqfg2xsqlxhasdqlo2pv5t3acsnudca",
            "display_name": null,
            "filter": [
              {
                "name": "display_name",
                "regex": true,
                "values": [
                  "^.*Oracle[^G]*$"
                ]
              }
            ],
            "id": "CoreImagesDataSource-689838299",
            "images": [
              {
                "agent_features": [],
                "base_image_id": "",
                "billable_size_in_gbs": "3",
                "compartment_id": "",
                "create_image_allowed": true,
                "defined_tags": {},
                "display_name": "Oracle-Linux-7.9-2022.02.25-0",
                "freeform_tags": {},
                "id": "ocid1.image.oc1.ap-tokyo-1.aaaaaaaa74yhcgjr6lsaafb4bu73mhgtgu2sd3fmpqzps6tusf4ks3nsn24q",
                "image_source_details": [],
                "instance_id": "",
                "launch_mode": "NATIVE",
                "launch_options": [
                  {
                    "boot_volume_type": "PARAVIRTUALIZED",
                    "firmware": "UEFI_64",
                    "is_consistent_volume_naming_enabled": true,
                    "is_pv_encryption_in_transit_enabled": true,
                    "network_type": "PARAVIRTUALIZED",
                    "remote_data_volume_type": "PARAVIRTUALIZED"
                  }
                ],
                "listing_type": "",
                "operating_system": "Oracle Linux",
                "operating_system_version": "7.9",
                "size_in_mbs": "47694",
                "state": "AVAILABLE",
                "time_created": "2022-03-02 21:28:45.473 +0000 UTC"
              },
              {
                "agent_features": [],
                "base_image_id": "",
                "billable_size_in_gbs": "3",
                "compartment_id": "",
                "create_image_allowed": true,
                "defined_tags": {},
                "display_name": "Oracle-Linux-7.9-2022.01.24-0",
                "freeform_tags": {},
                "id": "ocid1.image.oc1.ap-tokyo-1.aaaaaaaahzjia7mnvnoufz3fk3zt4mbfumixf5w7intekiazav6bu3zn6x7q",
                "image_source_details": [],
                "instance_id": "",
                "launch_mode": "NATIVE",
                "launch_options": [
                  {
                    "boot_volume_type": "PARAVIRTUALIZED",
                    "firmware": "UEFI_64",
                    "is_consistent_volume_naming_enabled": true,
                    "is_pv_encryption_in_transit_enabled": true,
                    "network_type": "PARAVIRTUALIZED",
                    "remote_data_volume_type": "PARAVIRTUALIZED"
                  }
                ],
                "listing_type": "",
                "operating_system": "Oracle Linux",
                "operating_system_version": "7.9",
                "size_in_mbs": "47694",
                "state": "AVAILABLE",
                "time_created": "2022-01-31 16:44:39.868 +0000 UTC"
              },
              {
                "agent_features": [],
                "base_image_id": "",
                "billable_size_in_gbs": "3",
                "compartment_id": "",
                "create_image_allowed": true,
                "defined_tags": {},
                "display_name": "Oracle-Linux-7.9-2021.12.08-0",
                "freeform_tags": {},
                "id": "ocid1.image.oc1.ap-tokyo-1.aaaaaaaadl5hzqywopodtkh3uxfrn6x3444yalm6n4jtmmqs6kccoqikohsa",
                "image_source_details": [],
                "instance_id": "",
                "launch_mode": "NATIVE",
                "launch_options": [
                  {
                    "boot_volume_type": "PARAVIRTUALIZED",
                    "firmware": "UEFI_64",
                    "is_consistent_volume_naming_enabled": true,
                    "is_pv_encryption_in_transit_enabled": true,
                    "network_type": "PARAVIRTUALIZED",
                    "remote_data_volume_type": "PARAVIRTUALIZED"
                  }
                ],
                "listing_type": "",
                "operating_system": "Oracle Linux",
                "operating_system_version": "7.9",
                "size_in_mbs": "47694",
                "state": "AVAILABLE",
                "time_created": "2021-12-17 17:25:37.03 +0000 UTC"
              }
            ],
            "operating_system": "Oracle Linux",
            "operating_system_version": "7.9",
            "shape": "VM.Standard.E3.Flex",
            "sort_by": null,
            "sort_order": null,
            "state": null
          },
          "sensitive_attributes": []
        }
      ]
    },
    {
      "mode": "data",
      "type": "oci_core_images",
      "name": "image",
      "provider": "provider[\"registry.terraform.io/hashicorp/oci\"]",
      "instances": [
        {
          "schema_version": 0,
          "attributes": {
            "compartment_id": "ocid1.compartment.oc1..aaaaaaaa6nncoszmpc4aawentrwapoqfg2xsqlxhasdqlo2pv5t3acsnudca",
            "display_name": null,
            "filter": null,
            "id": "CoreImagesDataSource-1078684811",
            "images": [
              {
                "agent_features": [],
                "base_image_id": "",
                "billable_size_in_gbs": "18",
                "compartment_id": "",
                "create_image_allowed": true,
                "defined_tags": {},
                "display_name": "Windows-Server-2019-Standard-Edition-VM-Gen2-2022.03.08-0",
                "freeform_tags": {},
                "id": "ocid1.image.oc1.ap-tokyo-1.aaaaaaaaechbf4or2vg27fi3x4lz3zutktkcodhjabmy64cdqvky2hacx52q",
                "image_source_details": [],
                "instance_id": "",
                "launch_mode": "CUSTOM",
                "launch_options": [
                  {
                    "boot_volume_type": "PARAVIRTUALIZED",
                    "firmware": "UEFI_64",
                    "is_consistent_volume_naming_enabled": false,
                    "is_pv_encryption_in_transit_enabled": true,
                    "network_type": "PARAVIRTUALIZED",
                    "remote_data_volume_type": "PARAVIRTUALIZED"
                  }
                ],
                "listing_type": "",
                "operating_system": "Windows",
                "operating_system_version": "Server 2019 Standard",
                "size_in_mbs": "48128",
                "state": "AVAILABLE",
                "time_created": "2022-03-17 21:23:56.546 +0000 UTC"
              },
              {
                "agent_features": [],
                "base_image_id": "",
                "billable_size_in_gbs": "18",
                "compartment_id": "",
                "create_image_allowed": true,
                "defined_tags": {},
                "display_name": "Windows-Server-2019-Standard-Edition-VM-Gen2-2022.02.25-0",
                "freeform_tags": {},
                "id": "ocid1.image.oc1.ap-tokyo-1.aaaaaaaaszkcl5nhx5pka63aae6e43xyhiz46twikwp6457kjubk5xqqfkfa",
                "image_source_details": [],
                "instance_id": "",
                "launch_mode": "CUSTOM",
                "launch_options": [
                  {
                    "boot_volume_type": "PARAVIRTUALIZED",
                    "firmware": "UEFI_64",
                    "is_consistent_volume_naming_enabled": false,
                    "is_pv_encryption_in_transit_enabled": true,
                    "network_type": "PARAVIRTUALIZED",
                    "remote_data_volume_type": "PARAVIRTUALIZED"
                  }
                ],
                "listing_type": "",
                "operating_system": "Windows",
                "operating_system_version": "Server 2019 Standard",
                "size_in_mbs": "48128",
                "state": "AVAILABLE",
                "time_created": "2022-03-02 06:21:32.473 +0000 UTC"
              },
              {
                "agent_features": [],
                "base_image_id": "",
                "billable_size_in_gbs": "18",
                "compartment_id": "",
                "create_image_allowed": true,
                "defined_tags": {},
                "display_name": "Windows-Server-2019-Standard-Edition-VM-Gen2-2022.01.11-0",
                "freeform_tags": {},
                "id": "ocid1.image.oc1.ap-tokyo-1.aaaaaaaabylbserlki3vu5bwiukpvcdv6qe2yo63llh67gl5vatkfctykl7q",
                "image_source_details": [],
                "instance_id": "",
                "launch_mode": "CUSTOM",
                "launch_options": [
                  {
                    "boot_volume_type": "PARAVIRTUALIZED",
                    "firmware": "UEFI_64",
                    "is_consistent_volume_naming_enabled": false,
                    "is_pv_encryption_in_transit_enabled": true,
                    "network_type": "PARAVIRTUALIZED",
                    "remote_data_volume_type": "PARAVIRTUALIZED"
                  }
                ],
                "listing_type": "",
                "operating_system": "Windows",
                "operating_system_version": "Server 2019 Standard",
                "size_in_mbs": "48128",
                "state": "AVAILABLE",
                "time_created": "2022-01-20 00:29:37.672 +0000 UTC"
              },
              {
                "agent_features": [],
                "base_image_id": "",
                "billable_size_in_gbs": "0",
                "compartment_id": "",
                "create_image_allowed": true,
                "defined_tags": {},
                "display_name": "Windows-Server-2019-Standard-Edition-VM-E3-2021.03.17-0",
                "freeform_tags": {},
                "id": "ocid1.image.oc1.ap-tokyo-1.aaaaaaaadmvph23a7rjs6oltbkggmk54dmy2yby5ujdcfbhshzcoouuwi2ha",
                "image_source_details": [],
                "instance_id": "",
                "launch_mode": "CUSTOM",
                "launch_options": [
                  {
                    "boot_volume_type": "PARAVIRTUALIZED",
                    "firmware": "UEFI_64",
                    "is_consistent_volume_naming_enabled": false,
                    "is_pv_encryption_in_transit_enabled": true,
                    "network_type": "VFIO",
                    "remote_data_volume_type": "PARAVIRTUALIZED"
                  }
                ],
                "listing_type": "",
                "operating_system": "Windows",
                "operating_system_version": "Server 2019 Standard",
                "size_in_mbs": "262144",
                "state": "AVAILABLE",
                "time_created": "2021-03-18 23:48:09.244 +0000 UTC"
              },
              {
                "agent_features": [],
                "base_image_id": "",
                "billable_size_in_gbs": "0",
                "compartment_id": "",
                "create_image_allowed": true,
                "defined_tags": {},
                "display_name": "Windows-Server-2019-Standard-Edition-VM-E3-2021.03.09-0",
                "freeform_tags": {},
                "id": "ocid1.image.oc1.ap-tokyo-1.aaaaaaaa36iplxf3ar7wv6kzpdzwcvgmijkhmtrbfpmdokkjnxu2senmxuja",
                "image_source_details": [],
                "instance_id": "",
                "launch_mode": "NATIVE",
                "launch_options": [
                  {
                    "boot_volume_type": "PARAVIRTUALIZED",
                    "firmware": "UEFI_64",
                    "is_consistent_volume_naming_enabled": false,
                    "is_pv_encryption_in_transit_enabled": true,
                    "network_type": "VFIO",
                    "remote_data_volume_type": "PARAVIRTUALIZED"
                  }
                ],
                "listing_type": "",
                "operating_system": "Windows",
                "operating_system_version": "Server 2019 Standard",
                "size_in_mbs": "48128",
                "state": "AVAILABLE",
                "time_created": "2021-03-09 22:38:57.657 +0000 UTC"
              },
              {
                "agent_features": [],
                "base_image_id": "",
                "billable_size_in_gbs": "18",
                "compartment_id": "",
                "create_image_allowed": true,
                "defined_tags": {},
                "display_name": "Windows-Server-2019-Standard-Edition-VM-2022.03.08-0",
                "freeform_tags": {},
                "id": "ocid1.image.oc1.ap-tokyo-1.aaaaaaaa2d64vlmbzqsk3btnj22q5tffymfzf7jsi23mfhqll6kcd4bmu4uq",
                "image_source_details": [],
                "instance_id": "",
                "launch_mode": "CUSTOM",
                "launch_options": [
                  {
                    "boot_volume_type": "PARAVIRTUALIZED",
                    "firmware": "UEFI_64",
                    "is_consistent_volume_naming_enabled": false,
                    "is_pv_encryption_in_transit_enabled": true,
                    "network_type": "VFIO",
                    "remote_data_volume_type": "PARAVIRTUALIZED"
                  }
                ],
                "listing_type": "",
                "operating_system": "Windows",
                "operating_system_version": "Server 2019 Standard",
                "size_in_mbs": "48128",
                "state": "AVAILABLE",
                "time_created": "2022-03-17 22:11:37.693 +0000 UTC"
              },
              {
                "agent_features": [],
                "base_image_id": "",
                "billable_size_in_gbs": "18",
                "compartment_id": "",
                "create_image_allowed": true,
                "defined_tags": {},
                "display_name": "Windows-Server-2019-Standard-Edition-VM-2022.02.25-0",
                "freeform_tags": {},
                "id": "ocid1.image.oc1.ap-tokyo-1.aaaaaaaa2sh4pzlethpbkhiampnip2cpvccxw47qvbws4kcyz2lxnpukvb3q",
                "image_source_details": [],
                "instance_id": "",
                "launch_mode": "CUSTOM",
                "launch_options": [
                  {
                    "boot_volume_type": "PARAVIRTUALIZED",
                    "firmware": "UEFI_64",
                    "is_consistent_volume_naming_enabled": false,
                    "is_pv_encryption_in_transit_enabled": true,
                    "network_type": "VFIO",
                    "remote_data_volume_type": "PARAVIRTUALIZED"
                  }
                ],
                "listing_type": "",
                "operating_system": "Windows",
                "operating_system_version": "Server 2019 Standard",
                "size_in_mbs": "48128",
                "state": "AVAILABLE",
                "time_created": "2022-03-02 06:22:26.283 +0000 UTC"
              },
              {
                "agent_features": [],
                "base_image_id": "",
                "billable_size_in_gbs": "18",
                "compartment_id": "",
                "create_image_allowed": true,
                "defined_tags": {},
                "display_name": "Windows-Server-2019-Standard-Edition-VM-2022.01.11-0",
                "freeform_tags": {},
                "id": "ocid1.image.oc1.ap-tokyo-1.aaaaaaaa6yhjbpo3rtfv3a4rlkeasfbkkq5umnwdhmhtdqt5z7kf3tgccqza",
                "image_source_details": [],
                "instance_id": "",
                "launch_mode": "CUSTOM",
                "launch_options": [
                  {
                    "boot_volume_type": "PARAVIRTUALIZED",
                    "firmware": "UEFI_64",
                    "is_consistent_volume_naming_enabled": false,
                    "is_pv_encryption_in_transit_enabled": true,
                    "network_type": "VFIO",
                    "remote_data_volume_type": "PARAVIRTUALIZED"
                  }
                ],
                "listing_type": "",
                "operating_system": "Windows",
                "operating_system_version": "Server 2019 Standard",
                "size_in_mbs": "48128",
                "state": "AVAILABLE",
                "time_created": "2022-01-20 00:30:02.097 +0000 UTC"
              },
              {
                "agent_features": [],
                "base_image_id": "",
                "billable_size_in_gbs": "13",
                "compartment_id": "",
                "create_image_allowed": true,
                "defined_tags": {},
                "display_name": "Windows-Server-2019-Standard-Core-VM-2022.03.08-0",
                "freeform_tags": {},
                "id": "ocid1.image.oc1.ap-tokyo-1.aaaaaaaayiyerslhwwcyvikpeuu7gbq3olygri4baqbz6ibcp4ojcvcqjbva",
                "image_source_details": [],
                "instance_id": "",
                "launch_mode": "CUSTOM",
                "launch_options": [
                  {
                    "boot_volume_type": "PARAVIRTUALIZED",
                    "firmware": "UEFI_64",
                    "is_consistent_volume_naming_enabled": false,
                    "is_pv_encryption_in_transit_enabled": true,
                    "network_type": "PARAVIRTUALIZED",
                    "remote_data_volume_type": "PARAVIRTUALIZED"
                  }
                ],
                "listing_type": "",
                "operating_system": "Windows",
                "operating_system_version": "Server 2019 Standard Core",
                "size_in_mbs": "48128",
                "state": "AVAILABLE",
                "time_created": "2022-03-17 21:25:17.848 +0000 UTC"
              },
              {
                "agent_features": [],
                "base_image_id": "",
                "billable_size_in_gbs": "13",
                "compartment_id": "",
                "create_image_allowed": true,
                "defined_tags": {},
                "display_name": "Windows-Server-2019-Standard-Core-VM-2022.02.25-0",
                "freeform_tags": {},
                "id": "ocid1.image.oc1.ap-tokyo-1.aaaaaaaa25udwltqcbudunkmd25s6enoaubf2u3exztbh3sjfdcugjlkb5pq",
                "image_source_details": [],
                "instance_id": "",
                "launch_mode": "CUSTOM",
                "launch_options": [
                  {
                    "boot_volume_type": "PARAVIRTUALIZED",
                    "firmware": "UEFI_64",
                    "is_consistent_volume_naming_enabled": false,
                    "is_pv_encryption_in_transit_enabled": true,
                    "network_type": "PARAVIRTUALIZED",
                    "remote_data_volume_type": "PARAVIRTUALIZED"
                  }
                ],
                "listing_type": "",
                "operating_system": "Windows",
                "operating_system_version": "Server 2019 Standard Core",
                "size_in_mbs": "48128",
                "state": "AVAILABLE",
                "time_created": "2022-03-02 06:22:21.705 +0000 UTC"
              },
              {
                "agent_features": [],
                "base_image_id": "",
                "billable_size_in_gbs": "13",
                "compartment_id": "",
                "create_image_allowed": true,
                "defined_tags": {},
                "display_name": "Windows-Server-2019-Standard-Core-VM-2022.01.11-0",
                "freeform_tags": {},
                "id": "ocid1.image.oc1.ap-tokyo-1.aaaaaaaaa6dwgaiezeymm4tqdt6xpya6yz3raplwd37l6ab7fmguewvu3aca",
                "image_source_details": [],
                "instance_id": "",
                "launch_mode": "CUSTOM",
                "launch_options": [
                  {
                    "boot_volume_type": "PARAVIRTUALIZED",
                    "firmware": "UEFI_64",
                    "is_consistent_volume_naming_enabled": false,
                    "is_pv_encryption_in_transit_enabled": true,
                    "network_type": "PARAVIRTUALIZED",
                    "remote_data_volume_type": "PARAVIRTUALIZED"
                  }
                ],
                "listing_type": "",
                "operating_system": "Windows",
                "operating_system_version": "Server 2019 Standard Core",
                "size_in_mbs": "48128",
                "state": "AVAILABLE",
                "time_created": "2022-01-20 00:29:51.563 +0000 UTC"
              },
              {
                "agent_features": [],
                "base_image_id": "",
                "billable_size_in_gbs": "18",
                "compartment_id": "",
                "create_image_allowed": true,
                "defined_tags": {},
                "display_name": "Windows-Server-2019-Datacenter-Edition-BM-X9-2022.03.08-0",
                "freeform_tags": {},
                "id": "ocid1.image.oc1.ap-tokyo-1.aaaaaaaa3aqxwie5xlbzah53cv5i426jfjapa5zaj65ijwseqcjbhpscuita",
                "image_source_details": [],
                "instance_id": "",
                "launch_mode": "NATIVE",
                "launch_options": [
                  {
                    "boot_volume_type": "PARAVIRTUALIZED",
                    "firmware": "UEFI_64",
                    "is_consistent_volume_naming_enabled": false,
                    "is_pv_encryption_in_transit_enabled": true,
                    "network_type": "VFIO",
                    "remote_data_volume_type": "PARAVIRTUALIZED"
                  }
                ],
                "listing_type": "",
                "operating_system": "Windows",
                "operating_system_version": "Server 2019 Datacenter",
                "size_in_mbs": "48128",
                "state": "AVAILABLE",
                "time_created": "2022-03-17 21:24:29.991 +0000 UTC"
              },
              {
                "agent_features": [],
                "base_image_id": "",
                "billable_size_in_gbs": "18",
                "compartment_id": "",
                "create_image_allowed": true,
                "defined_tags": {},
                "display_name": "Windows-Server-2019-Datacenter-Edition-BM-X9-2022.02.25-0",
                "freeform_tags": {},
                "id": "ocid1.image.oc1.ap-tokyo-1.aaaaaaaaxpf2pryfvqdn6rxnpdoxo6f5wm3qdgszmzbd3gefwrdvvbj4savq",
                "image_source_details": [],
                "instance_id": "",
                "launch_mode": "NATIVE",
                "launch_options": [
                  {
                    "boot_volume_type": "PARAVIRTUALIZED",
                    "firmware": "UEFI_64",
                    "is_consistent_volume_naming_enabled": false,
                    "is_pv_encryption_in_transit_enabled": true,
                    "network_type": "VFIO",
                    "remote_data_volume_type": "PARAVIRTUALIZED"
                  }
                ],
                "listing_type": "",
                "operating_system": "Windows",
                "operating_system_version": "Server 2019 Datacenter",
                "size_in_mbs": "48128",
                "state": "AVAILABLE",
                "time_created": "2022-03-02 06:22:34.219 +0000 UTC"
              },
              {
                "agent_features": [],
                "base_image_id": "",
                "billable_size_in_gbs": "18",
                "compartment_id": "",
                "create_image_allowed": true,
                "defined_tags": {},
                "display_name": "Windows-Server-2019-Datacenter-Edition-BM-X9-2022.01.12-0",
                "freeform_tags": {},
                "id": "ocid1.image.oc1.ap-tokyo-1.aaaaaaaavbz4bizmk7dvhp5k2qqo67ymmim6vnps4wbuq5yjdzurb5semrwa",
                "image_source_details": [],
                "instance_id": "",
                "launch_mode": "NATIVE",
                "launch_options": [
                  {
                    "boot_volume_type": "PARAVIRTUALIZED",
                    "firmware": "UEFI_64",
                    "is_consistent_volume_naming_enabled": false,
                    "is_pv_encryption_in_transit_enabled": true,
                    "network_type": "VFIO",
                    "remote_data_volume_type": "PARAVIRTUALIZED"
                  }
                ],
                "listing_type": "",
                "operating_system": "Windows",
                "operating_system_version": "Server 2019 Datacenter",
                "size_in_mbs": "48128",
                "state": "AVAILABLE",
                "time_created": "2022-01-20 00:29:52.862 +0000 UTC"
              },
              {
                "agent_features": [],
                "base_image_id": "",
                "billable_size_in_gbs": "18",
                "compartment_id": "",
                "create_image_allowed": true,
                "defined_tags": {},
                "display_name": "Windows-Server-2019-Datacenter-Edition-BM-E4-2022.02.25-0",
                "freeform_tags": {},
                "id": "ocid1.image.oc1.ap-tokyo-1.aaaaaaaajo4ghehk3scvl357h3wvs7zzz3pvi4kbz4nqlg53g5dvqnee2oaq",
                "image_source_details": [],
                "instance_id": "",
                "launch_mode": "NATIVE",
                "launch_options": [
                  {
                    "boot_volume_type": "PARAVIRTUALIZED",
                    "firmware": "UEFI_64",
                    "is_consistent_volume_naming_enabled": false,
                    "is_pv_encryption_in_transit_enabled": true,
                    "network_type": "VFIO",
                    "remote_data_volume_type": "PARAVIRTUALIZED"
                  }
                ],
                "listing_type": "",
                "operating_system": "Windows",
                "operating_system_version": "Server 2019 Datacenter",
                "size_in_mbs": "48128",
                "state": "AVAILABLE",
                "time_created": "2022-03-02 06:22:55.241 +0000 UTC"
              },
              {
                "agent_features": [],
                "base_image_id": "",
                "billable_size_in_gbs": "18",
                "compartment_id": "",
                "create_image_allowed": true,
                "defined_tags": {},
                "display_name": "Windows-Server-2019-Datacenter-Edition-BM-E4-2022.01.11-0",
                "freeform_tags": {},
                "id": "ocid1.image.oc1.ap-tokyo-1.aaaaaaaahlpeoxaqr6go4yuqxdznrilw4gt2glg72gt6ad7fl7ymtwtsktsq",
                "image_source_details": [],
                "instance_id": "",
                "launch_mode": "NATIVE",
                "launch_options": [
                  {
                    "boot_volume_type": "PARAVIRTUALIZED",
                    "firmware": "UEFI_64",
                    "is_consistent_volume_naming_enabled": false,
                    "is_pv_encryption_in_transit_enabled": true,
                    "network_type": "VFIO",
                    "remote_data_volume_type": "PARAVIRTUALIZED"
                  }
                ],
                "listing_type": "",
                "operating_system": "Windows",
                "operating_system_version": "Server 2019 Datacenter",
                "size_in_mbs": "48128",
                "state": "AVAILABLE",
                "time_created": "2022-01-20 00:31:33.647 +0000 UTC"
              },
              {
                "agent_features": [],
                "base_image_id": "",
                "billable_size_in_gbs": "18",
                "compartment_id": "",
                "create_image_allowed": true,
                "defined_tags": {},
                "display_name": "Windows-Server-2019-Datacenter-Edition-BM-E4-2021.11.09-0",
                "freeform_tags": {},
                "id": "ocid1.image.oc1.ap-tokyo-1.aaaaaaaahvoiyfvytqjfhivnlqsiw6sulabuvgmletydatezkrgrkj5u4mwq",
                "image_source_details": [],
                "instance_id": "",
                "launch_mode": "NATIVE",
                "launch_options": [
                  {
                    "boot_volume_type": "PARAVIRTUALIZED",
                    "firmware": "UEFI_64",
                    "is_consistent_volume_naming_enabled": false,
                    "is_pv_encryption_in_transit_enabled": true,
                    "network_type": "VFIO",
                    "remote_data_volume_type": "PARAVIRTUALIZED"
                  }
                ],
                "listing_type": "",
                "operating_system": "Windows",
                "operating_system_version": "Server 2019 Datacenter",
                "size_in_mbs": "48128",
                "state": "AVAILABLE",
                "time_created": "2021-12-21 02:38:10.073 +0000 UTC"
              },
              {
                "agent_features": [],
                "base_image_id": "",
                "billable_size_in_gbs": "18",
                "compartment_id": "",
                "create_image_allowed": true,
                "defined_tags": {},
                "display_name": "Windows-Server-2019-Datacenter-Edition-BM-E3-2022.03.09-0",
                "freeform_tags": {},
                "id": "ocid1.image.oc1.ap-tokyo-1.aaaaaaaazjwhdgodb7oeucbfpb7opd3jhpvu4jssauhokvqtyl2vqrtxrc2q",
                "image_source_details": [],
                "instance_id": "",
                "launch_mode": "NATIVE",
                "launch_options": [
                  {
                    "boot_volume_type": "PARAVIRTUALIZED",
                    "firmware": "UEFI_64",
                    "is_consistent_volume_naming_enabled": false,
                    "is_pv_encryption_in_transit_enabled": true,
                    "network_type": "VFIO",
                    "remote_data_volume_type": "PARAVIRTUALIZED"
                  }
                ],
                "listing_type": "",
                "operating_system": "Windows",
                "operating_system_version": "Server 2019 Datacenter",
                "size_in_mbs": "48128",
                "state": "AVAILABLE",
                "time_created": "2022-03-17 21:23:29.18 +0000 UTC"
              },
              {
                "agent_features": [],
                "base_image_id": "",
                "billable_size_in_gbs": "18",
                "compartment_id": "",
                "create_image_allowed": true,
                "defined_tags": {},
                "display_name": "Windows-Server-2019-Datacenter-Edition-BM-E3-2022.02.25-0",
                "freeform_tags": {},
                "id": "ocid1.image.oc1.ap-tokyo-1.aaaaaaaausul2lytutxbj2jmm265ab7v4axtg6lp2e4hgl7t3k52fun4tscq",
                "image_source_details": [],
                "instance_id": "",
                "launch_mode": "NATIVE",
                "launch_options": [
                  {
                    "boot_volume_type": "PARAVIRTUALIZED",
                    "firmware": "UEFI_64",
                    "is_consistent_volume_naming_enabled": false,
                    "is_pv_encryption_in_transit_enabled": true,
                    "network_type": "VFIO",
                    "remote_data_volume_type": "PARAVIRTUALIZED"
                  }
                ],
                "listing_type": "",
                "operating_system": "Windows",
                "operating_system_version": "Server 2019 Datacenter",
                "size_in_mbs": "48128",
                "state": "AVAILABLE",
                "time_created": "2022-03-02 06:53:58.366 +0000 UTC"
              },
              {
                "agent_features": [],
                "base_image_id": "",
                "billable_size_in_gbs": "18",
                "compartment_id": "",
                "create_image_allowed": true,
                "defined_tags": {},
                "display_name": "Windows-Server-2019-Datacenter-Edition-BM-E3-2022.01.11-0",
                "freeform_tags": {},
                "id": "ocid1.image.oc1.ap-tokyo-1.aaaaaaaaovjt642whpzy3fiyn66f7z62lrgpenbbdai4jjj5iziqtaey6xwq",
                "image_source_details": [],
                "instance_id": "",
                "launch_mode": "NATIVE",
                "launch_options": [
                  {
                    "boot_volume_type": "PARAVIRTUALIZED",
                    "firmware": "UEFI_64",
                    "is_consistent_volume_naming_enabled": false,
                    "is_pv_encryption_in_transit_enabled": true,
                    "network_type": "VFIO",
                    "remote_data_volume_type": "PARAVIRTUALIZED"
                  }
                ],
                "listing_type": "",
                "operating_system": "Windows",
                "operating_system_version": "Server 2019 Datacenter",
                "size_in_mbs": "48128",
                "state": "AVAILABLE",
                "time_created": "2022-01-20 00:30:47.045 +0000 UTC"
              },
              {
                "agent_features": [],
                "base_image_id": "",
                "billable_size_in_gbs": "0",
                "compartment_id": "",
                "create_image_allowed": true,
                "defined_tags": {},
                "display_name": "Windows-Server-2016-Standard-Edition-VM-Gen2-2021.03.17-0",
                "freeform_tags": {},
                "id": "ocid1.image.oc1.ap-tokyo-1.aaaaaaaa2cat2ucbuqfaejx56wwxpmhbyd26gzway6j3d5g62buamqikfesa",
                "image_source_details": [],
                "instance_id": "",
                "launch_mode": "CUSTOM",
                "launch_options": [
                  {
                    "boot_volume_type": "PARAVIRTUALIZED",
                    "firmware": "UEFI_64",
                    "is_consistent_volume_naming_enabled": false,
                    "is_pv_encryption_in_transit_enabled": true,
                    "network_type": "VFIO",
                    "remote_data_volume_type": "PARAVIRTUALIZED"
                  }
                ],
                "listing_type": "",
                "operating_system": "Windows",
                "operating_system_version": "Server 2016 Standard",
                "size_in_mbs": "262144",
                "state": "AVAILABLE",
                "time_created": "2021-03-19 21:00:04.899 +0000 UTC"
              },
              {
                "agent_features": [],
                "base_image_id": "",
                "billable_size_in_gbs": "0",
                "compartment_id": "",
                "create_image_allowed": true,
                "defined_tags": {},
                "display_name": "Windows-Server-2016-Standard-Edition-VM-Gen2-2021.02.13-0",
                "freeform_tags": {},
                "id": "ocid1.image.oc1.ap-tokyo-1.aaaaaaaalishvtpggliunqcmxo6sme65tvdmg5yhetbkdou6nsih3n7tzlxa",
                "image_source_details": [],
                "instance_id": "",
                "launch_mode": "CUSTOM",
                "launch_options": [
                  {
                    "boot_volume_type": "PARAVIRTUALIZED",
                    "firmware": "UEFI_64",
                    "is_consistent_volume_naming_enabled": false,
                    "is_pv_encryption_in_transit_enabled": true,
                    "network_type": "VFIO",
                    "remote_data_volume_type": "PARAVIRTUALIZED"
                  }
                ],
                "listing_type": "",
                "operating_system": "Windows",
                "operating_system_version": "Server 2016 Standard",
                "size_in_mbs": "262144",
                "state": "AVAILABLE",
                "time_created": "2021-02-20 06:06:58.694 +0000 UTC"
              },
              {
                "agent_features": [],
                "base_image_id": "",
                "billable_size_in_gbs": "0",
                "compartment_id": "",
                "create_image_allowed": true,
                "defined_tags": {},
                "display_name": "Windows-Server-2016-Standard-Edition-VM-Gen2-2020.12.16-0",
                "freeform_tags": {},
                "id": "ocid1.image.oc1.ap-tokyo-1.aaaaaaaavhwshtn77kpzwhagtwre34q2lmv5hgdhrndrry7mkislj4hkgh2q",
                "image_source_details": [],
                "instance_id": "",
                "launch_mode": "NATIVE",
                "launch_options": [
                  {
                    "boot_volume_type": "PARAVIRTUALIZED",
                    "firmware": "UEFI_64",
                    "is_consistent_volume_naming_enabled": false,
                    "is_pv_encryption_in_transit_enabled": true,
                    "network_type": "VFIO",
                    "remote_data_volume_type": "PARAVIRTUALIZED"
                  }
                ],
                "listing_type": "",
                "operating_system": "Windows",
                "operating_system_version": "Server 2016 Standard",
                "size_in_mbs": "262144",
                "state": "AVAILABLE",
                "time_created": "2020-12-20 06:01:32.151 +0000 UTC"
              },
              {
                "agent_features": [],
                "base_image_id": "",
                "billable_size_in_gbs": "0",
                "compartment_id": "",
                "create_image_allowed": true,
                "defined_tags": {},
                "display_name": "Windows-Server-2016-Standard-Edition-VM-E3-2021.03.17-0",
                "freeform_tags": {},
                "id": "ocid1.image.oc1.ap-tokyo-1.aaaaaaaav57mkmdqpcb3udswowmtfl6jn7poq6ddqb2liwi62chfyzgxilmq",
                "image_source_details": [],
                "instance_id": "",
                "launch_mode": "CUSTOM",
                "launch_options": [
                  {
                    "boot_volume_type": "PARAVIRTUALIZED",
                    "firmware": "UEFI_64",
                    "is_consistent_volume_naming_enabled": false,
                    "is_pv_encryption_in_transit_enabled": true,
                    "network_type": "VFIO",
                    "remote_data_volume_type": "PARAVIRTUALIZED"
                  }
                ],
                "listing_type": "",
                "operating_system": "Windows",
                "operating_system_version": "Server 2016 Standard",
                "size_in_mbs": "262144",
                "state": "AVAILABLE",
                "time_created": "2021-03-24 03:10:17.058 +0000 UTC"
              },
              {
                "agent_features": [],
                "base_image_id": "",
                "billable_size_in_gbs": "0",
                "compartment_id": "",
                "create_image_allowed": true,
                "defined_tags": {},
                "display_name": "Windows-Server-2016-Standard-Edition-VM-E3-2021.03.04-0",
                "freeform_tags": {},
                "id": "ocid1.image.oc1.ap-tokyo-1.aaaaaaaayohtqvhvdbi5auna22ppoyyxwme3tmyidmdlija7eu2lpyyivzsq",
                "image_source_details": [],
                "instance_id": "",
                "launch_mode": "CUSTOM",
                "launch_options": [
                  {
                    "boot_volume_type": "PARAVIRTUALIZED",
                    "firmware": "UEFI_64",
                    "is_consistent_volume_naming_enabled": false,
                    "is_pv_encryption_in_transit_enabled": true,
                    "network_type": "VFIO",
                    "remote_data_volume_type": "PARAVIRTUALIZED"
                  }
                ],
                "listing_type": "",
                "operating_system": "Windows",
                "operating_system_version": "Server 2016 Standard",
                "size_in_mbs": "262144",
                "state": "AVAILABLE",
                "time_created": "2021-03-08 22:15:05.308 +0000 UTC"
              },
              {
                "agent_features": [],
                "base_image_id": "",
                "billable_size_in_gbs": "0",
                "compartment_id": "",
                "create_image_allowed": true,
                "defined_tags": {},
                "display_name": "Windows-Server-2016-Standard-Edition-VM-B1-2021.03.18-0",
                "freeform_tags": {},
                "id": "ocid1.image.oc1.ap-tokyo-1.aaaaaaaajkzulpr3a3yx4bkjt54f5suepwhq4g4n3a27vmjz3t7ecufx5kpa",
                "image_source_details": [],
                "instance_id": "",
                "launch_mode": "CUSTOM",
                "launch_options": [
                  {
                    "boot_volume_type": "PARAVIRTUALIZED",
                    "firmware": "UEFI_64",
                    "is_consistent_volume_naming_enabled": false,
                    "is_pv_encryption_in_transit_enabled": true,
                    "network_type": "VFIO",
                    "remote_data_volume_type": "PARAVIRTUALIZED"
                  }
                ],
                "listing_type": "",
                "operating_system": "Windows",
                "operating_system_version": "Server 2016 Standard",
                "size_in_mbs": "262144",
                "state": "AVAILABLE",
                "time_created": "2021-03-24 19:35:37.874 +0000 UTC"
              },
              {
                "agent_features": [],
                "base_image_id": "",
                "billable_size_in_gbs": "0",
                "compartment_id": "",
                "create_image_allowed": true,
                "defined_tags": {},
                "display_name": "Windows-Server-2016-Standard-Edition-VM-B1-2021.02.13-0",
                "freeform_tags": {},
                "id": "ocid1.image.oc1.ap-tokyo-1.aaaaaaaafzyz2vd7vcfqgkqln2qsrhs5qbbkwhwv67s2fdykobbtnu4zna3a",
                "image_source_details": [],
                "instance_id": "",
                "launch_mode": "CUSTOM",
                "launch_options": [
                  {
                    "boot_volume_type": "PARAVIRTUALIZED",
                    "firmware": "UEFI_64",
                    "is_consistent_volume_naming_enabled": false,
                    "is_pv_encryption_in_transit_enabled": true,
                    "network_type": "VFIO",
                    "remote_data_volume_type": "PARAVIRTUALIZED"
                  }
                ],
                "listing_type": "",
                "operating_system": "Windows",
                "operating_system_version": "Server 2016 Standard",
                "size_in_mbs": "262144",
                "state": "AVAILABLE",
                "time_created": "2021-02-20 05:17:58.153 +0000 UTC"
              },
              {
                "agent_features": [],
                "base_image_id": "",
                "billable_size_in_gbs": "24",
                "compartment_id": "",
                "create_image_allowed": true,
                "defined_tags": {},
                "display_name": "Windows-Server-2016-Standard-Edition-VM-2022.03.08-0",
                "freeform_tags": {},
                "id": "ocid1.image.oc1.ap-tokyo-1.aaaaaaaa36vaw2speageuxwyanuyt4ox5vcbkta3helcn63upe3xfi7ad4wa",
                "image_source_details": [],
                "instance_id": "",
                "launch_mode": "CUSTOM",
                "launch_options": [
                  {
                    "boot_volume_type": "PARAVIRTUALIZED",
                    "firmware": "UEFI_64",
                    "is_consistent_volume_naming_enabled": false,
                    "is_pv_encryption_in_transit_enabled": true,
                    "network_type": "VFIO",
                    "remote_data_volume_type": "PARAVIRTUALIZED"
                  }
                ],
                "listing_type": "",
                "operating_system": "Windows",
                "operating_system_version": "Server 2016 Standard",
                "size_in_mbs": "48128",
                "state": "AVAILABLE",
                "time_created": "2022-03-17 21:25:12.534 +0000 UTC"
              },
              {
                "agent_features": [],
                "base_image_id": "",
                "billable_size_in_gbs": "24",
                "compartment_id": "",
                "create_image_allowed": true,
                "defined_tags": {},
                "display_name": "Windows-Server-2016-Standard-Edition-VM-2022.02.25-0",
                "freeform_tags": {},
                "id": "ocid1.image.oc1.ap-tokyo-1.aaaaaaaaxyvu4iajwo5dmr466oazxlo2fjoqfuktbvns4lbxzcem472afela",
                "image_source_details": [],
                "instance_id": "",
                "launch_mode": "CUSTOM",
                "launch_options": [
                  {
                    "boot_volume_type": "PARAVIRTUALIZED",
                    "firmware": "UEFI_64",
                    "is_consistent_volume_naming_enabled": false,
                    "is_pv_encryption_in_transit_enabled": true,
                    "network_type": "VFIO",
                    "remote_data_volume_type": "PARAVIRTUALIZED"
                  }
                ],
                "listing_type": "",
                "operating_system": "Windows",
                "operating_system_version": "Server 2016 Standard",
                "size_in_mbs": "48128",
                "state": "AVAILABLE",
                "time_created": "2022-03-02 06:22:25.569 +0000 UTC"
              },
              {
                "agent_features": [],
                "base_image_id": "",
                "billable_size_in_gbs": "24",
                "compartment_id": "",
                "create_image_allowed": true,
                "defined_tags": {},
                "display_name": "Windows-Server-2016-Standard-Edition-VM-2022.01.11-0",
                "freeform_tags": {},
                "id": "ocid1.image.oc1.ap-tokyo-1.aaaaaaaa5gupbwwcipqiavkkqzl73snq4e4sx4ryuurjr26jcmxndezi6mqa",
                "image_source_details": [],
                "instance_id": "",
                "launch_mode": "CUSTOM",
                "launch_options": [
                  {
                    "boot_volume_type": "PARAVIRTUALIZED",
                    "firmware": "UEFI_64",
                    "is_consistent_volume_naming_enabled": false,
                    "is_pv_encryption_in_transit_enabled": true,
                    "network_type": "VFIO",
                    "remote_data_volume_type": "PARAVIRTUALIZED"
                  }
                ],
                "listing_type": "",
                "operating_system": "Windows",
                "operating_system_version": "Server 2016 Standard",
                "size_in_mbs": "48128",
                "state": "AVAILABLE",
                "time_created": "2022-01-20 00:29:20.775 +0000 UTC"
              },
              {
                "agent_features": [],
                "base_image_id": "",
                "billable_size_in_gbs": "17",
                "compartment_id": "",
                "create_image_allowed": true,
                "defined_tags": {},
                "display_name": "Windows-Server-2016-Standard-Core-VM-2022.03.08-0",
                "freeform_tags": {},
                "id": "ocid1.image.oc1.ap-tokyo-1.aaaaaaaaeztwef5mhz3qzgfhnaa3ckqr2as6iljbnjj5jaciwqsyhujqzavq",
                "image_source_details": [],
                "instance_id": "",
                "launch_mode": "CUSTOM",
                "launch_options": [
                  {
                    "boot_volume_type": "PARAVIRTUALIZED",
                    "firmware": "UEFI_64",
                    "is_consistent_volume_naming_enabled": false,
                    "is_pv_encryption_in_transit_enabled": true,
                    "network_type": "PARAVIRTUALIZED",
                    "remote_data_volume_type": "PARAVIRTUALIZED"
                  }
                ],
                "listing_type": "",
                "operating_system": "Windows",
                "operating_system_version": "Server 2016 Standard Core",
                "size_in_mbs": "48128",
                "state": "AVAILABLE",
                "time_created": "2022-03-17 21:23:38.457 +0000 UTC"
              },
              {
                "agent_features": [],
                "base_image_id": "",
                "billable_size_in_gbs": "17",
                "compartment_id": "",
                "create_image_allowed": true,
                "defined_tags": {},
                "display_name": "Windows-Server-2016-Standard-Core-VM-2022.02.25-0",
                "freeform_tags": {},
                "id": "ocid1.image.oc1.ap-tokyo-1.aaaaaaaa3imhkb67jhdtml74dmghfqof56btpernfllrsazktahs35s7lhka",
                "image_source_details": [],
                "instance_id": "",
                "launch_mode": "CUSTOM",
                "launch_options": [
                  {
                    "boot_volume_type": "PARAVIRTUALIZED",
                    "firmware": "UEFI_64",
                    "is_consistent_volume_naming_enabled": false,
                    "is_pv_encryption_in_transit_enabled": true,
                    "network_type": "PARAVIRTUALIZED",
                    "remote_data_volume_type": "PARAVIRTUALIZED"
                  }
                ],
                "listing_type": "",
                "operating_system": "Windows",
                "operating_system_version": "Server 2016 Standard Core",
                "size_in_mbs": "48128",
                "state": "AVAILABLE",
                "time_created": "2022-03-02 06:57:18.344 +0000 UTC"
              },
              {
                "agent_features": [],
                "base_image_id": "",
                "billable_size_in_gbs": "17",
                "compartment_id": "",
                "create_image_allowed": true,
                "defined_tags": {},
                "display_name": "Windows-Server-2016-Standard-Core-VM-2022.01.11-0",
                "freeform_tags": {},
                "id": "ocid1.image.oc1.ap-tokyo-1.aaaaaaaabi6p7wor27bfmgvqcxzpmhsl63jt6bdhias7ea3c2lzln4nudnca",
                "image_source_details": [],
                "instance_id": "",
                "launch_mode": "CUSTOM",
                "launch_options": [
                  {
                    "boot_volume_type": "PARAVIRTUALIZED",
                    "firmware": "UEFI_64",
                    "is_consistent_volume_naming_enabled": false,
                    "is_pv_encryption_in_transit_enabled": true,
                    "network_type": "PARAVIRTUALIZED",
                    "remote_data_volume_type": "PARAVIRTUALIZED"
                  }
                ],
                "listing_type": "",
                "operating_system": "Windows",
                "operating_system_version": "Server 2016 Standard Core",
                "size_in_mbs": "48128",
                "state": "AVAILABLE",
                "time_created": "2022-01-20 00:30:43.508 +0000 UTC"
              },
              {
                "agent_features": [],
                "base_image_id": "",
                "billable_size_in_gbs": "23",
                "compartment_id": "",
                "create_image_allowed": true,
                "defined_tags": {},
                "display_name": "Windows-Server-2016-Datacenter-Edition-BM-X9-2022.03.08-0",
                "freeform_tags": {},
                "id": "ocid1.image.oc1.ap-tokyo-1.aaaaaaaa5t3sngp3f5y5y3sjk3tjv2fzmbt4fmilrjzj3xpg5l6hjdnyuqza",
                "image_source_details": [],
                "instance_id": "",
                "launch_mode": "NATIVE",
                "launch_options": [
                  {
                    "boot_volume_type": "PARAVIRTUALIZED",
                    "firmware": "UEFI_64",
                    "is_consistent_volume_naming_enabled": false,
                    "is_pv_encryption_in_transit_enabled": true,
                    "network_type": "VFIO",
                    "remote_data_volume_type": "PARAVIRTUALIZED"
                  }
                ],
                "listing_type": "",
                "operating_system": "Windows",
                "operating_system_version": "Server 2016 Datacenter",
                "size_in_mbs": "48128",
                "state": "AVAILABLE",
                "time_created": "2022-03-17 21:23:17.823 +0000 UTC"
              },
              {
                "agent_features": [],
                "base_image_id": "",
                "billable_size_in_gbs": "24",
                "compartment_id": "",
                "create_image_allowed": true,
                "defined_tags": {},
                "display_name": "Windows-Server-2016-Datacenter-Edition-BM-X9-2022.02.25-0",
                "freeform_tags": {},
                "id": "ocid1.image.oc1.ap-tokyo-1.aaaaaaaah22omtvu6s34xjingv5grbud2vehc3kboq4aaausxpravi6nnrqq",
                "image_source_details": [],
                "instance_id": "",
                "launch_mode": "NATIVE",
                "launch_options": [
                  {
                    "boot_volume_type": "PARAVIRTUALIZED",
                    "firmware": "UEFI_64",
                    "is_consistent_volume_naming_enabled": false,
                    "is_pv_encryption_in_transit_enabled": true,
                    "network_type": "VFIO",
                    "remote_data_volume_type": "PARAVIRTUALIZED"
                  }
                ],
                "listing_type": "",
                "operating_system": "Windows",
                "operating_system_version": "Server 2016 Datacenter",
                "size_in_mbs": "48128",
                "state": "AVAILABLE",
                "time_created": "2022-03-02 06:21:46.748 +0000 UTC"
              },
              {
                "agent_features": [],
                "base_image_id": "",
                "billable_size_in_gbs": "24",
                "compartment_id": "",
                "create_image_allowed": true,
                "defined_tags": {},
                "display_name": "Windows-Server-2016-Datacenter-Edition-BM-X9-2022.01.11-0",
                "freeform_tags": {},
                "id": "ocid1.image.oc1.ap-tokyo-1.aaaaaaaa2k7j72y65eptomqpquuyszj5hfu3iqbjjwqmdtqoreocrkyldbma",
                "image_source_details": [],
                "instance_id": "",
                "launch_mode": "NATIVE",
                "launch_options": [
                  {
                    "boot_volume_type": "PARAVIRTUALIZED",
                    "firmware": "UEFI_64",
                    "is_consistent_volume_naming_enabled": false,
                    "is_pv_encryption_in_transit_enabled": true,
                    "network_type": "VFIO",
                    "remote_data_volume_type": "PARAVIRTUALIZED"
                  }
                ],
                "listing_type": "",
                "operating_system": "Windows",
                "operating_system_version": "Server 2016 Datacenter",
                "size_in_mbs": "48128",
                "state": "AVAILABLE",
                "time_created": "2022-01-20 00:30:59.541 +0000 UTC"
              },
              {
                "agent_features": [],
                "base_image_id": "",
                "billable_size_in_gbs": "24",
                "compartment_id": "",
                "create_image_allowed": true,
                "defined_tags": {},
                "display_name": "Windows-Server-2016-Datacenter-Edition-BM-Gen2-E2-2022.03.09-0",
                "freeform_tags": {},
                "id": "ocid1.image.oc1.ap-tokyo-1.aaaaaaaa3sts5albwejhzibghgig4e5hwkemgioh6c6z62cbowhz4qmfjm6a",
                "image_source_details": [],
                "instance_id": "",
                "launch_mode": "NATIVE",
                "launch_options": [
                  {
                    "boot_volume_type": "PARAVIRTUALIZED",
                    "firmware": "UEFI_64",
                    "is_consistent_volume_naming_enabled": false,
                    "is_pv_encryption_in_transit_enabled": true,
                    "network_type": "VFIO",
                    "remote_data_volume_type": "PARAVIRTUALIZED"
                  }
                ],
                "listing_type": "",
                "operating_system": "Windows",
                "operating_system_version": "Server 2016 Datacenter",
                "size_in_mbs": "48128",
                "state": "AVAILABLE",
                "time_created": "2022-03-17 21:25:02.144 +0000 UTC"
              },
              {
                "agent_features": [],
                "base_image_id": "",
                "billable_size_in_gbs": "24",
                "compartment_id": "",
                "create_image_allowed": true,
                "defined_tags": {},
                "display_name": "Windows-Server-2016-Datacenter-Edition-BM-Gen2-E2-2022.02.26-0",
                "freeform_tags": {},
                "id": "ocid1.image.oc1.ap-tokyo-1.aaaaaaaayiaqrk4ujagzdkwqagluuqfbxthokoj6qm7sxpjtjd2avysj5qaa",
                "image_source_details": [],
                "instance_id": "",
                "launch_mode": "NATIVE",
                "launch_options": [
                  {
                    "boot_volume_type": "PARAVIRTUALIZED",
                    "firmware": "UEFI_64",
                    "is_consistent_volume_naming_enabled": false,
                    "is_pv_encryption_in_transit_enabled": true,
                    "network_type": "VFIO",
                    "remote_data_volume_type": "PARAVIRTUALIZED"
                  }
                ],
                "listing_type": "",
                "operating_system": "Windows",
                "operating_system_version": "Server 2016 Datacenter",
                "size_in_mbs": "48128",
                "state": "AVAILABLE",
                "time_created": "2022-03-02 06:21:11.097 +0000 UTC"
              },
              {
                "agent_features": [],
                "base_image_id": "",
                "billable_size_in_gbs": "24",
                "compartment_id": "",
                "create_image_allowed": true,
                "defined_tags": {},
                "display_name": "Windows-Server-2016-Datacenter-Edition-BM-Gen2-E2-2022.01.11-0",
                "freeform_tags": {},
                "id": "ocid1.image.oc1.ap-tokyo-1.aaaaaaaa3z6ztvuvctbez4fwqbjlag2mi3r4go4zmyeejfijzdlcsa7i5nlq",
                "image_source_details": [],
                "instance_id": "",
                "launch_mode": "NATIVE",
                "launch_options": [
                  {
                    "boot_volume_type": "PARAVIRTUALIZED",
                    "firmware": "UEFI_64",
                    "is_consistent_volume_naming_enabled": false,
                    "is_pv_encryption_in_transit_enabled": true,
                    "network_type": "VFIO",
                    "remote_data_volume_type": "PARAVIRTUALIZED"
                  }
                ],
                "listing_type": "",
                "operating_system": "Windows",
                "operating_system_version": "Server 2016 Datacenter",
                "size_in_mbs": "48128",
                "state": "AVAILABLE",
                "time_created": "2022-01-20 01:21:44.2 +0000 UTC"
              },
              {
                "agent_features": [],
                "base_image_id": "",
                "billable_size_in_gbs": "24",
                "compartment_id": "",
                "create_image_allowed": true,
                "defined_tags": {},
                "display_name": "Windows-Server-2016-Datacenter-Edition-BM-Gen2-DenseIO-2022.03.09-0",
                "freeform_tags": {},
                "id": "ocid1.image.oc1.ap-tokyo-1.aaaaaaaazw3rdxckl5tkqa4s32oxnniocd6uxocxeudbqvie6zdzxex7x6pa",
                "image_source_details": [],
                "instance_id": "",
                "launch_mode": "NATIVE",
                "launch_options": [
                  {
                    "boot_volume_type": "PARAVIRTUALIZED",
                    "firmware": "UEFI_64",
                    "is_consistent_volume_naming_enabled": false,
                    "is_pv_encryption_in_transit_enabled": true,
                    "network_type": "VFIO",
                    "remote_data_volume_type": "PARAVIRTUALIZED"
                  }
                ],
                "listing_type": "",
                "operating_system": "Windows",
                "operating_system_version": "Server 2016 Datacenter",
                "size_in_mbs": "48128",
                "state": "AVAILABLE",
                "time_created": "2022-03-17 21:23:23.644 +0000 UTC"
              },
              {
                "agent_features": [],
                "base_image_id": "",
                "billable_size_in_gbs": "24",
                "compartment_id": "",
                "create_image_allowed": true,
                "defined_tags": {},
                "display_name": "Windows-Server-2016-Datacenter-Edition-BM-Gen2-DenseIO-2022.02.25-0",
                "freeform_tags": {},
                "id": "ocid1.image.oc1.ap-tokyo-1.aaaaaaaa3ulkgmd33xgmepnfbbchq6k2qc23csrvhuv47frohfxx2xpo2mva",
                "image_source_details": [],
                "instance_id": "",
                "launch_mode": "NATIVE",
                "launch_options": [
                  {
                    "boot_volume_type": "PARAVIRTUALIZED",
                    "firmware": "UEFI_64",
                    "is_consistent_volume_naming_enabled": false,
                    "is_pv_encryption_in_transit_enabled": true,
                    "network_type": "VFIO",
                    "remote_data_volume_type": "PARAVIRTUALIZED"
                  }
                ],
                "listing_type": "",
                "operating_system": "Windows",
                "operating_system_version": "Server 2016 Datacenter",
                "size_in_mbs": "48128",
                "state": "AVAILABLE",
                "time_created": "2022-03-02 06:21:32.152 +0000 UTC"
              },
              {
                "agent_features": [],
                "base_image_id": "",
                "billable_size_in_gbs": "24",
                "compartment_id": "",
                "create_image_allowed": true,
                "defined_tags": {},
                "display_name": "Windows-Server-2016-Datacenter-Edition-BM-Gen2-DenseIO-2022.01.12-0",
                "freeform_tags": {},
                "id": "ocid1.image.oc1.ap-tokyo-1.aaaaaaaaos6pmxi2xpw3jym2ohe5gnsqsjn3tsrv77pbcvxlyxatqg53g4rq",
                "image_source_details": [],
                "instance_id": "",
                "launch_mode": "NATIVE",
                "launch_options": [
                  {
                    "boot_volume_type": "PARAVIRTUALIZED",
                    "firmware": "UEFI_64",
                    "is_consistent_volume_naming_enabled": false,
                    "is_pv_encryption_in_transit_enabled": true,
                    "network_type": "VFIO",
                    "remote_data_volume_type": "PARAVIRTUALIZED"
                  }
                ],
                "listing_type": "",
                "operating_system": "Windows",
                "operating_system_version": "Server 2016 Datacenter",
                "size_in_mbs": "48128",
                "state": "AVAILABLE",
                "time_created": "2022-01-20 00:29:21.848 +0000 UTC"
              },
              {
                "agent_features": [],
                "base_image_id": "",
                "billable_size_in_gbs": "24",
                "compartment_id": "",
                "create_image_allowed": true,
                "defined_tags": {},
                "display_name": "Windows-Server-2016-Datacenter-Edition-BM-Gen2-2022.03.09-0",
                "freeform_tags": {},
                "id": "ocid1.image.oc1.ap-tokyo-1.aaaaaaaav3jmqpr4gaknw57n6nmw7umlvpojv3rosgualkboxnnknmljllwa",
                "image_source_details": [],
                "instance_id": "",
                "launch_mode": "NATIVE",
                "launch_options": [
                  {
                    "boot_volume_type": "PARAVIRTUALIZED",
                    "firmware": "UEFI_64",
                    "is_consistent_volume_naming_enabled": false,
                    "is_pv_encryption_in_transit_enabled": true,
                    "network_type": "VFIO",
                    "remote_data_volume_type": "PARAVIRTUALIZED"
                  }
                ],
                "listing_type": "",
                "operating_system": "Windows",
                "operating_system_version": "Server 2016 Datacenter",
                "size_in_mbs": "48128",
                "state": "AVAILABLE",
                "time_created": "2022-03-17 21:23:29.282 +0000 UTC"
              },
              {
                "agent_features": [],
                "base_image_id": "",
                "billable_size_in_gbs": "24",
                "compartment_id": "",
                "create_image_allowed": true,
                "defined_tags": {},
                "display_name": "Windows-Server-2016-Datacenter-Edition-BM-Gen2-2022.02.26-0",
                "freeform_tags": {},
                "id": "ocid1.image.oc1.ap-tokyo-1.aaaaaaaa75hllcc6uu24q3xnj463uscwutcye32roaic7z6p4kfvrggfk3xa",
                "image_source_details": [],
                "instance_id": "",
                "launch_mode": "NATIVE",
                "launch_options": [
                  {
                    "boot_volume_type": "PARAVIRTUALIZED",
                    "firmware": "UEFI_64",
                    "is_consistent_volume_naming_enabled": false,
                    "is_pv_encryption_in_transit_enabled": true,
                    "network_type": "VFIO",
                    "remote_data_volume_type": "PARAVIRTUALIZED"
                  }
                ],
                "listing_type": "",
                "operating_system": "Windows",
                "operating_system_version": "Server 2016 Datacenter",
                "size_in_mbs": "48128",
                "state": "AVAILABLE",
                "time_created": "2022-03-02 06:21:47.141 +0000 UTC"
              },
              {
                "agent_features": [],
                "base_image_id": "",
                "billable_size_in_gbs": "24",
                "compartment_id": "",
                "create_image_allowed": true,
                "defined_tags": {},
                "display_name": "Windows-Server-2016-Datacenter-Edition-BM-Gen2-2022.01.12-0",
                "freeform_tags": {},
                "id": "ocid1.image.oc1.ap-tokyo-1.aaaaaaaaqqddn2n3o63zjgoujy6r5levtfqj6e5bw2xhscz23yhznixeopqq",
                "image_source_details": [],
                "instance_id": "",
                "launch_mode": "NATIVE",
                "launch_options": [
                  {
                    "boot_volume_type": "PARAVIRTUALIZED",
                    "firmware": "UEFI_64",
                    "is_consistent_volume_naming_enabled": false,
                    "is_pv_encryption_in_transit_enabled": true,
                    "network_type": "VFIO",
                    "remote_data_volume_type": "PARAVIRTUALIZED"
                  }
                ],
                "listing_type": "",
                "operating_system": "Windows",
                "operating_system_version": "Server 2016 Datacenter",
                "size_in_mbs": "48128",
                "state": "AVAILABLE",
                "time_created": "2022-01-20 00:31:03.16 +0000 UTC"
              },
              {
                "agent_features": [],
                "base_image_id": "",
                "billable_size_in_gbs": "0",
                "compartment_id": "",
                "create_image_allowed": true,
                "defined_tags": {},
                "display_name": "Windows-Server-2012-R2-Standard-Edition-VM-Gen2-E2-2021.03.17-1",
                "freeform_tags": {},
                "id": "ocid1.image.oc1.ap-tokyo-1.aaaaaaaaqjaj7jjqwat2lfpiofqcmbgjoiggwy3lo3g7hbkl7x3mwvo6r6na",
                "image_source_details": [],
                "instance_id": "",
                "launch_mode": "NATIVE",
                "launch_options": [
                  {
                    "boot_volume_type": "PARAVIRTUALIZED",
                    "firmware": "UEFI_64",
                    "is_consistent_volume_naming_enabled": false,
                    "is_pv_encryption_in_transit_enabled": true,
                    "network_type": "PARAVIRTUALIZED",
                    "remote_data_volume_type": "PARAVIRTUALIZED"
                  }
                ],
                "listing_type": "",
                "operating_system": "Windows",
                "operating_system_version": "Server 2012 R2 Standard",
                "size_in_mbs": "262144",
                "state": "AVAILABLE",
                "time_created": "2021-03-26 20:05:58.519 +0000 UTC"
              },
              {
                "agent_features": [],
                "base_image_id": "",
                "billable_size_in_gbs": "0",
                "compartment_id": "",
                "create_image_allowed": true,
                "defined_tags": {},
                "display_name": "Windows-Server-2012-R2-Standard-Edition-VM-Gen2-E2-2021.02.13-1",
                "freeform_tags": {},
                "id": "ocid1.image.oc1.ap-tokyo-1.aaaaaaaa56qvadhaxtloeyc3vnrcigmyuekgqk7rejyhv4sqwfrgvks4h4rq",
                "image_source_details": [],
                "instance_id": "",
                "launch_mode": "CUSTOM",
                "launch_options": [
                  {
                    "boot_volume_type": "PARAVIRTUALIZED",
                    "firmware": "UEFI_64",
                    "is_consistent_volume_naming_enabled": false,
                    "is_pv_encryption_in_transit_enabled": true,
                    "network_type": "PARAVIRTUALIZED",
                    "remote_data_volume_type": "PARAVIRTUALIZED"
                  }
                ],
                "listing_type": "",
                "operating_system": "Windows",
                "operating_system_version": "Server 2012 R2 Standard",
                "size_in_mbs": "262144",
                "state": "AVAILABLE",
                "time_created": "2021-03-08 22:12:53.487 +0000 UTC"
              },
              {
                "agent_features": [],
                "base_image_id": "",
                "billable_size_in_gbs": "0",
                "compartment_id": "",
                "create_image_allowed": true,
                "defined_tags": {},
                "display_name": "Windows-Server-2012-R2-Standard-Edition-VM-Gen2-2021.03.17-0",
                "freeform_tags": {},
                "id": "ocid1.image.oc1.ap-tokyo-1.aaaaaaaabjzadxli75edivdxcdot554iuakx3bs6ok3mxm5ibmp4adspfbaa",
                "image_source_details": [],
                "instance_id": "",
                "launch_mode": "CUSTOM",
                "launch_options": [
                  {
                    "boot_volume_type": "PARAVIRTUALIZED",
                    "firmware": "UEFI_64",
                    "is_consistent_volume_naming_enabled": false,
                    "is_pv_encryption_in_transit_enabled": true,
                    "network_type": "VFIO",
                    "remote_data_volume_type": "PARAVIRTUALIZED"
                  }
                ],
                "listing_type": "",
                "operating_system": "Windows",
                "operating_system_version": "Server 2012 R2 Standard",
                "size_in_mbs": "262144",
                "state": "AVAILABLE",
                "time_created": "2021-03-24 06:33:35.863 +0000 UTC"
              },
              {
                "agent_features": [],
                "base_image_id": "",
                "billable_size_in_gbs": "0",
                "compartment_id": "",
                "create_image_allowed": true,
                "defined_tags": {},
                "display_name": "Windows-Server-2012-R2-Standard-Edition-VM-Gen2-2021.02.13-0",
                "freeform_tags": {},
                "id": "ocid1.image.oc1.ap-tokyo-1.aaaaaaaa5d3t2jsslngt6e6mn6z62sqjaz4yh55glw3moxzmg5l43p5ihhba",
                "image_source_details": [],
                "instance_id": "",
                "launch_mode": "CUSTOM",
                "launch_options": [
                  {
                    "boot_volume_type": "PARAVIRTUALIZED",
                    "firmware": "UEFI_64",
                    "is_consistent_volume_naming_enabled": false,
                    "is_pv_encryption_in_transit_enabled": true,
                    "network_type": "VFIO",
                    "remote_data_volume_type": "PARAVIRTUALIZED"
                  }
                ],
                "listing_type": "",
                "operating_system": "Windows",
                "operating_system_version": "Server 2012 R2 Standard",
                "size_in_mbs": "262144",
                "state": "AVAILABLE",
                "time_created": "2021-02-20 06:11:06.586 +0000 UTC"
              },
              {
                "agent_features": [],
                "base_image_id": "",
                "billable_size_in_gbs": "17",
                "compartment_id": "",
                "create_image_allowed": true,
                "defined_tags": {},
                "display_name": "Windows-Server-2012-R2-Standard-Edition-VM-2022.01.11-0",
                "freeform_tags": {},
                "id": "ocid1.image.oc1.ap-tokyo-1.aaaaaaaalrzei6rrzqra4b27u3p652mv2dcdw6n2xg7a2fggqhioxpnnnxca",
                "image_source_details": [],
                "instance_id": "",
                "launch_mode": "CUSTOM",
                "launch_options": [
                  {
                    "boot_volume_type": "PARAVIRTUALIZED",
                    "firmware": "UEFI_64",
                    "is_consistent_volume_naming_enabled": false,
                    "is_pv_encryption_in_transit_enabled": true,
                    "network_type": "VFIO",
                    "remote_data_volume_type": "PARAVIRTUALIZED"
                  }
                ],
                "listing_type": "",
                "operating_system": "Windows",
                "operating_system_version": "Server 2012 R2 Standard",
                "size_in_mbs": "48128",
                "state": "AVAILABLE",
                "time_created": "2022-01-20 00:32:07.548 +0000 UTC"
              },
              {
                "agent_features": [],
                "base_image_id": "",
                "billable_size_in_gbs": "18",
                "compartment_id": "",
                "create_image_allowed": true,
                "defined_tags": {},
                "display_name": "Windows-Server-2012-R2-Standard-Edition-VM-2021.11.09-0",
                "freeform_tags": {},
                "id": "ocid1.image.oc1.ap-tokyo-1.aaaaaaaazcv65vdiyubwirdixbegcraqilwg4mgtddvzfpks3zgqx2g7wmbq",
                "image_source_details": [],
                "instance_id": "",
                "launch_mode": "CUSTOM",
                "launch_options": [
                  {
                    "boot_volume_type": "PARAVIRTUALIZED",
                    "firmware": "UEFI_64",
                    "is_consistent_volume_naming_enabled": false,
                    "is_pv_encryption_in_transit_enabled": true,
                    "network_type": "VFIO",
                    "remote_data_volume_type": "PARAVIRTUALIZED"
                  }
                ],
                "listing_type": "",
                "operating_system": "Windows",
                "operating_system_version": "Server 2012 R2 Standard",
                "size_in_mbs": "48128",
                "state": "AVAILABLE",
                "time_created": "2021-12-21 03:51:23.171 +0000 UTC"
              },
              {
                "agent_features": [],
                "base_image_id": "",
                "billable_size_in_gbs": "17",
                "compartment_id": "",
                "create_image_allowed": true,
                "defined_tags": {},
                "display_name": "Windows-Server-2012-R2-Standard-Edition-VM-2021.10.12-0",
                "freeform_tags": {},
                "id": "ocid1.image.oc1.ap-tokyo-1.aaaaaaaafcguez7m2djsciyyf77je2xieefy3nyzkadbzt2x537yfp5pwctq",
                "image_source_details": [],
                "instance_id": "",
                "launch_mode": "CUSTOM",
                "launch_options": [
                  {
                    "boot_volume_type": "PARAVIRTUALIZED",
                    "firmware": "UEFI_64",
                    "is_consistent_volume_naming_enabled": false,
                    "is_pv_encryption_in_transit_enabled": true,
                    "network_type": "VFIO",
                    "remote_data_volume_type": "PARAVIRTUALIZED"
                  }
                ],
                "listing_type": "",
                "operating_system": "Windows",
                "operating_system_version": "Server 2012 R2 Standard",
                "size_in_mbs": "48128",
                "state": "AVAILABLE",
                "time_created": "2021-10-19 20:27:24.847 +0000 UTC"
              },
              {
                "agent_features": [],
                "base_image_id": "",
                "billable_size_in_gbs": "17",
                "compartment_id": "",
                "create_image_allowed": true,
                "defined_tags": {},
                "display_name": "Windows-Server-2012-R2-Datacenter-Edition-BM-Gen2-E2-2022.01.11-0",
                "freeform_tags": {},
                "id": "ocid1.image.oc1.ap-tokyo-1.aaaaaaaauf7ey5xx6nev63enxak4paesq6mdwxfu7ywmqdqb4nmd5clv45qa",
                "image_source_details": [],
                "instance_id": "",
                "launch_mode": "NATIVE",
                "launch_options": [
                  {
                    "boot_volume_type": "PARAVIRTUALIZED",
                    "firmware": "UEFI_64",
                    "is_consistent_volume_naming_enabled": false,
                    "is_pv_encryption_in_transit_enabled": true,
                    "network_type": "VFIO",
                    "remote_data_volume_type": "PARAVIRTUALIZED"
                  }
                ],
                "listing_type": "",
                "operating_system": "Windows",
                "operating_system_version": "Server 2012 R2 Datacenter",
                "size_in_mbs": "262144",
                "state": "AVAILABLE",
                "time_created": "2022-01-20 00:31:08.134 +0000 UTC"
              },
              {
                "agent_features": [],
                "base_image_id": "",
                "billable_size_in_gbs": "18",
                "compartment_id": "",
                "create_image_allowed": true,
                "defined_tags": {},
                "display_name": "Windows-Server-2012-R2-Datacenter-Edition-BM-Gen2-E2-2021.11.09-0",
                "freeform_tags": {},
                "id": "ocid1.image.oc1.ap-tokyo-1.aaaaaaaauevh5pb5gimc6n733c4y2nnia7v2whfjhcjlfahx477hvyrzwupa",
                "image_source_details": [],
                "instance_id": "",
                "launch_mode": "NATIVE",
                "launch_options": [
                  {
                    "boot_volume_type": "PARAVIRTUALIZED",
                    "firmware": "UEFI_64",
                    "is_consistent_volume_naming_enabled": false,
                    "is_pv_encryption_in_transit_enabled": true,
                    "network_type": "VFIO",
                    "remote_data_volume_type": "PARAVIRTUALIZED"
                  }
                ],
                "listing_type": "",
                "operating_system": "Windows",
                "operating_system_version": "Server 2012 R2 Datacenter",
                "size_in_mbs": "262144",
                "state": "AVAILABLE",
                "time_created": "2021-12-21 02:37:35.559 +0000 UTC"
              },
              {
                "agent_features": [],
                "base_image_id": "",
                "billable_size_in_gbs": "17",
                "compartment_id": "",
                "create_image_allowed": true,
                "defined_tags": {},
                "display_name": "Windows-Server-2012-R2-Datacenter-Edition-BM-Gen2-E2-2021.10.12-0",
                "freeform_tags": {},
                "id": "ocid1.image.oc1.ap-tokyo-1.aaaaaaaalu63mowapnauobjv47i5osapfj3i2jq3n2ro6fkx745g7x7zqinq",
                "image_source_details": [],
                "instance_id": "",
                "launch_mode": "NATIVE",
                "launch_options": [
                  {
                    "boot_volume_type": "PARAVIRTUALIZED",
                    "firmware": "UEFI_64",
                    "is_consistent_volume_naming_enabled": false,
                    "is_pv_encryption_in_transit_enabled": true,
                    "network_type": "VFIO",
                    "remote_data_volume_type": "PARAVIRTUALIZED"
                  }
                ],
                "listing_type": "",
                "operating_system": "Windows",
                "operating_system_version": "Server 2012 R2 Datacenter",
                "size_in_mbs": "262144",
                "state": "AVAILABLE",
                "time_created": "2021-10-19 20:23:47.519 +0000 UTC"
              },
              {
                "agent_features": [],
                "base_image_id": "",
                "billable_size_in_gbs": "17",
                "compartment_id": "",
                "create_image_allowed": true,
                "defined_tags": {},
                "display_name": "Windows-Server-2012-R2-Datacenter-Edition-BM-Gen2-DenseIO-2022.01.11-0",
                "freeform_tags": {},
                "id": "ocid1.image.oc1.ap-tokyo-1.aaaaaaaa4obbtlho6vd6yfkxlyugh33edy5mzkteeliwlblnoqh67lbbpkva",
                "image_source_details": [],
                "instance_id": "",
                "launch_mode": "NATIVE",
                "launch_options": [
                  {
                    "boot_volume_type": "PARAVIRTUALIZED",
                    "firmware": "UEFI_64",
                    "is_consistent_volume_naming_enabled": false,
                    "is_pv_encryption_in_transit_enabled": true,
                    "network_type": "VFIO",
                    "remote_data_volume_type": "PARAVIRTUALIZED"
                  }
                ],
                "listing_type": "",
                "operating_system": "Windows",
                "operating_system_version": "Server 2012 R2 Datacenter",
                "size_in_mbs": "262144",
                "state": "AVAILABLE",
                "time_created": "2022-01-20 00:29:31.153 +0000 UTC"
              },
              {
                "agent_features": [],
                "base_image_id": "",
                "billable_size_in_gbs": "17",
                "compartment_id": "",
                "create_image_allowed": true,
                "defined_tags": {},
                "display_name": "Windows-Server-2012-R2-Datacenter-Edition-BM-Gen2-DenseIO-2021.11.09-0",
                "freeform_tags": {},
                "id": "ocid1.image.oc1.ap-tokyo-1.aaaaaaaaz4nle4zscgm4eqbweqjopw7ykfjzqwo32rfiq4mpzjh4pkh6gvka",
                "image_source_details": [],
                "instance_id": "",
                "launch_mode": "NATIVE",
                "launch_options": [
                  {
                    "boot_volume_type": "PARAVIRTUALIZED",
                    "firmware": "UEFI_64",
                    "is_consistent_volume_naming_enabled": false,
                    "is_pv_encryption_in_transit_enabled": true,
                    "network_type": "VFIO",
                    "remote_data_volume_type": "PARAVIRTUALIZED"
                  }
                ],
                "listing_type": "",
                "operating_system": "Windows",
                "operating_system_version": "Server 2012 R2 Datacenter",
                "size_in_mbs": "262144",
                "state": "AVAILABLE",
                "time_created": "2021-12-21 02:36:26.868 +0000 UTC"
              },
              {
                "agent_features": [],
                "base_image_id": "",
                "billable_size_in_gbs": "17",
                "compartment_id": "",
                "create_image_allowed": true,
                "defined_tags": {},
                "display_name": "Windows-Server-2012-R2-Datacenter-Edition-BM-Gen2-DenseIO-2021.10.12-0",
                "freeform_tags": {},
                "id": "ocid1.image.oc1.ap-tokyo-1.aaaaaaaaxjtqlvmfnhv2iy6yc4xljv3jruedf6t4ubt2ja43tpn6fptaog4a",
                "image_source_details": [],
                "instance_id": "",
                "launch_mode": "NATIVE",
                "launch_options": [
                  {
                    "boot_volume_type": "PARAVIRTUALIZED",
                    "firmware": "UEFI_64",
                    "is_consistent_volume_naming_enabled": false,
                    "is_pv_encryption_in_transit_enabled": true,
                    "network_type": "VFIO",
                    "remote_data_volume_type": "PARAVIRTUALIZED"
                  }
                ],
                "listing_type": "",
                "operating_system": "Windows",
                "operating_system_version": "Server 2012 R2 Datacenter",
                "size_in_mbs": "262144",
                "state": "AVAILABLE",
                "time_created": "2021-10-19 20:27:27.153 +0000 UTC"
              },
              {
                "agent_features": [],
                "base_image_id": "",
                "billable_size_in_gbs": "17",
                "compartment_id": "",
                "create_image_allowed": true,
                "defined_tags": {},
                "display_name": "Windows-Server-2012-R2-Datacenter-Edition-BM-Gen2-2022.01.11-0",
                "freeform_tags": {},
                "id": "ocid1.image.oc1.ap-tokyo-1.aaaaaaaaujghex75mruls3zzcvonkdzzbzzvkufiwv2thfjzjvqogbyr27rq",
                "image_source_details": [],
                "instance_id": "",
                "launch_mode": "NATIVE",
                "launch_options": [
                  {
                    "boot_volume_type": "PARAVIRTUALIZED",
                    "firmware": "UEFI_64",
                    "is_consistent_volume_naming_enabled": false,
                    "is_pv_encryption_in_transit_enabled": true,
                    "network_type": "VFIO",
                    "remote_data_volume_type": "PARAVIRTUALIZED"
                  }
                ],
                "listing_type": "",
                "operating_system": "Windows",
                "operating_system_version": "Server 2012 R2 Datacenter",
                "size_in_mbs": "262144",
                "state": "AVAILABLE",
                "time_created": "2022-01-20 00:29:41.527 +0000 UTC"
              },
              {
                "agent_features": [],
                "base_image_id": "",
                "billable_size_in_gbs": "18",
                "compartment_id": "",
                "create_image_allowed": true,
                "defined_tags": {},
                "display_name": "Windows-Server-2012-R2-Datacenter-Edition-BM-Gen2-2021.11.10-0",
                "freeform_tags": {},
                "id": "ocid1.image.oc1.ap-tokyo-1.aaaaaaaai74ej7axv5j2qzhposvtdjrfrjwa26vfjo67oqwg4fmeelyj3jwa",
                "image_source_details": [],
                "instance_id": "",
                "launch_mode": "NATIVE",
                "launch_options": [
                  {
                    "boot_volume_type": "PARAVIRTUALIZED",
                    "firmware": "UEFI_64",
                    "is_consistent_volume_naming_enabled": false,
                    "is_pv_encryption_in_transit_enabled": true,
                    "network_type": "VFIO",
                    "remote_data_volume_type": "PARAVIRTUALIZED"
                  }
                ],
                "listing_type": "",
                "operating_system": "Windows",
                "operating_system_version": "Server 2012 R2 Datacenter",
                "size_in_mbs": "262144",
                "state": "AVAILABLE",
                "time_created": "2021-12-21 02:36:53.811 +0000 UTC"
              },
              {
                "agent_features": [],
                "base_image_id": "",
                "billable_size_in_gbs": "17",
                "compartment_id": "",
                "create_image_allowed": true,
                "defined_tags": {},
                "display_name": "Windows-Server-2012-R2-Datacenter-Edition-BM-Gen2-2021.10.13-0",
                "freeform_tags": {},
                "id": "ocid1.image.oc1.ap-tokyo-1.aaaaaaaata2rpzoj5bsmlgh7g4oitis64czsdkxi3mbfxotv7lv5er2dkazq",
                "image_source_details": [],
                "instance_id": "",
                "launch_mode": "NATIVE",
                "launch_options": [
                  {
                    "boot_volume_type": "PARAVIRTUALIZED",
                    "firmware": "UEFI_64",
                    "is_consistent_volume_naming_enabled": false,
                    "is_pv_encryption_in_transit_enabled": true,
                    "network_type": "VFIO",
                    "remote_data_volume_type": "PARAVIRTUALIZED"
                  }
                ],
                "listing_type": "",
                "operating_system": "Windows",
                "operating_system_version": "Server 2012 R2 Datacenter",
                "size_in_mbs": "262144",
                "state": "AVAILABLE",
                "time_created": "2021-10-19 20:36:58.389 +0000 UTC"
              },
              {
                "agent_features": [],
                "base_image_id": "",
                "billable_size_in_gbs": "0",
                "compartment_id": "",
                "create_image_allowed": true,
                "defined_tags": {},
                "display_name": "Windows-Server-2012-R2-Datacenter-Edition-BM-2021.02.19-0",
                "freeform_tags": {},
                "id": "ocid1.image.oc1.ap-tokyo-1.aaaaaaaavehssjqbnzlgzsr2i6n4zstnfwdshgipkcbi5v3iei2xxvymczma",
                "image_source_details": [],
                "instance_id": "",
                "launch_mode": "NATIVE",
                "launch_options": [
                  {
                    "boot_volume_type": "PARAVIRTUALIZED",
                    "firmware": "UEFI_64",
                    "is_consistent_volume_naming_enabled": false,
                    "is_pv_encryption_in_transit_enabled": true,
                    "network_type": "VFIO",
                    "remote_data_volume_type": "PARAVIRTUALIZED"
                  }
                ],
                "listing_type": "",
                "operating_system": "Windows",
                "operating_system_version": "Server 2012 R2 Datacenter",
                "size_in_mbs": "262144",
                "state": "AVAILABLE",
                "time_created": "2021-02-20 05:19:04.593 +0000 UTC"
              },
              {
                "agent_features": [],
                "base_image_id": "",
                "billable_size_in_gbs": "0",
                "compartment_id": "",
                "create_image_allowed": true,
                "defined_tags": {},
                "display_name": "Windows-Server-2012-R2-Datacenter-Edition-BM-2020.12.15-0",
                "freeform_tags": {},
                "id": "ocid1.image.oc1.ap-tokyo-1.aaaaaaaamedzbbzzjabgl63mdlq7s2z3uigrgs2tly75izftzkjdlm2tnhpq",
                "image_source_details": [],
                "instance_id": "",
                "launch_mode": "NATIVE",
                "launch_options": [
                  {
                    "boot_volume_type": "PARAVIRTUALIZED",
                    "firmware": "UEFI_64",
                    "is_consistent_volume_naming_enabled": false,
                    "is_pv_encryption_in_transit_enabled": true,
                    "network_type": "VFIO",
                    "remote_data_volume_type": "PARAVIRTUALIZED"
                  }
                ],
                "listing_type": "",
                "operating_system": "Windows",
                "operating_system_version": "Server 2012 R2 Datacenter",
                "size_in_mbs": "262144",
                "state": "AVAILABLE",
                "time_created": "2020-12-19 04:07:55.342 +0000 UTC"
              },
              {
                "agent_features": [],
                "base_image_id": "",
                "billable_size_in_gbs": "0",
                "compartment_id": "",
                "create_image_allowed": true,
                "defined_tags": {},
                "display_name": "Windows-Server-2012-R2-Datacenter-Edition-BM-2020.11.14-0",
                "freeform_tags": {},
                "id": "ocid1.image.oc1.ap-tokyo-1.aaaaaaaaag4x2x47bwtq2s5dd7mytoq6ec3biax5vrxvvwc5uj3zhumdo74a",
                "image_source_details": [],
                "instance_id": "",
                "launch_mode": "NATIVE",
                "launch_options": [
                  {
                    "boot_volume_type": "PARAVIRTUALIZED",
                    "firmware": "UEFI_64",
                    "is_consistent_volume_naming_enabled": false,
                    "is_pv_encryption_in_transit_enabled": true,
                    "network_type": "VFIO",
                    "remote_data_volume_type": "PARAVIRTUALIZED"
                  }
                ],
                "listing_type": "",
                "operating_system": "Windows",
                "operating_system_version": "Server 2012 R2 Datacenter",
                "size_in_mbs": "262144",
                "state": "AVAILABLE",
                "time_created": "2020-11-29 09:25:58.729 +0000 UTC"
              },
              {
                "agent_features": [],
                "base_image_id": "",
                "billable_size_in_gbs": "14",
                "compartment_id": "",
                "create_image_allowed": true,
                "defined_tags": {},
                "display_name": "Oracle-Linux-Cloud-Developer-8.4-aarch64-2021.08.27-0",
                "freeform_tags": {},
                "id": "ocid1.image.oc1.ap-tokyo-1.aaaaaaaakasqbhapd7nzpidwnnufvyqqvpl22qtwrfqgt2tabviuroleif3a",
                "image_source_details": [],
                "instance_id": "",
                "launch_mode": "PARAVIRTUALIZED",
                "launch_options": [
                  {
                    "boot_volume_type": "PARAVIRTUALIZED",
                    "firmware": "UEFI_64",
                    "is_consistent_volume_naming_enabled": true,
                    "is_pv_encryption_in_transit_enabled": true,
                    "network_type": "PARAVIRTUALIZED",
                    "remote_data_volume_type": "PARAVIRTUALIZED"
                  }
                ],
                "listing_type": "",
                "operating_system": "Oracle Linux Cloud Developer",
                "operating_system_version": "8",
                "size_in_mbs": "51200",
                "state": "AVAILABLE",
                "time_created": "2021-08-30 23:46:46.001 +0000 UTC"
              },
              {
                "agent_features": [],
                "base_image_id": "",
                "billable_size_in_gbs": "14",
                "compartment_id": "",
                "create_image_allowed": true,
                "defined_tags": {},
                "display_name": "Oracle-Linux-Cloud-Developer-8.4-aarch64-2021.06.18-0",
                "freeform_tags": {},
                "id": "ocid1.image.oc1.ap-tokyo-1.aaaaaaaavpko5qipin7c2lfn5l74vunedrjfeiym4pkibosdbtzqbnocoffa",
                "image_source_details": [],
                "instance_id": "",
                "launch_mode": "NATIVE",
                "launch_options": [
                  {
                    "boot_volume_type": "PARAVIRTUALIZED",
                    "firmware": "UEFI_64",
                    "is_consistent_volume_naming_enabled": true,
                    "is_pv_encryption_in_transit_enabled": true,
                    "network_type": "PARAVIRTUALIZED",
                    "remote_data_volume_type": "PARAVIRTUALIZED"
                  }
                ],
                "listing_type": "",
                "operating_system": "Oracle Linux Cloud Developer",
                "operating_system_version": "8",
                "size_in_mbs": "51200",
                "state": "AVAILABLE",
                "time_created": "2021-06-24 20:41:46.194 +0000 UTC"
              },
              {
                "agent_features": [],
                "base_image_id": "",
                "billable_size_in_gbs": "19",
                "compartment_id": "",
                "create_image_allowed": true,
                "defined_tags": {},
                "display_name": "Oracle-Linux-Cloud-Developer-8.4-2021.08.27-0",
                "freeform_tags": {},
                "id": "ocid1.image.oc1.ap-tokyo-1.aaaaaaaazou4xzdvfawk23xzeury3a33gvo4i3fmyzxlchpptsqnwpyrayrq",
                "image_source_details": [],
                "instance_id": "",
                "launch_mode": "NATIVE",
                "launch_options": [
                  {
                    "boot_volume_type": "PARAVIRTUALIZED",
                    "firmware": "UEFI_64",
                    "is_consistent_volume_naming_enabled": true,
                    "is_pv_encryption_in_transit_enabled": true,
                    "network_type": "PARAVIRTUALIZED",
                    "remote_data_volume_type": "PARAVIRTUALIZED"
                  }
                ],
                "listing_type": "",
                "operating_system": "Oracle Linux Cloud Developer",
                "operating_system_version": "8",
                "size_in_mbs": "51200",
                "state": "AVAILABLE",
                "time_created": "2021-08-30 23:48:41.65 +0000 UTC"
              },
              {
                "agent_features": [],
                "base_image_id": "",
                "billable_size_in_gbs": "18",
                "compartment_id": "",
                "create_image_allowed": true,
                "defined_tags": {},
                "display_name": "Oracle-Linux-Cloud-Developer-8.4-2021.06.21-1",
                "freeform_tags": {},
                "id": "ocid1.image.oc1.ap-tokyo-1.aaaaaaaa7xgsce6i2yoh5w67ju5pgrmo4bba4ncxjxxvxtxoibdyv7egsj4a",
                "image_source_details": [],
                "instance_id": "",
                "launch_mode": "NATIVE",
                "launch_options": [
                  {
                    "boot_volume_type": "PARAVIRTUALIZED",
                    "firmware": "UEFI_64",
                    "is_consistent_volume_naming_enabled": true,
                    "is_pv_encryption_in_transit_enabled": true,
                    "network_type": "PARAVIRTUALIZED",
                    "remote_data_volume_type": "PARAVIRTUALIZED"
                  }
                ],
                "listing_type": "",
                "operating_system": "Oracle Linux Cloud Developer",
                "operating_system_version": "8",
                "size_in_mbs": "51200",
                "state": "AVAILABLE",
                "time_created": "2021-06-24 20:40:36.272 +0000 UTC"
              },
              {
                "agent_features": [],
                "base_image_id": "",
                "billable_size_in_gbs": "0",
                "compartment_id": "",
                "create_image_allowed": true,
                "defined_tags": {},
                "display_name": "Oracle-Linux-Cloud-Developer-8.3-aarch64-2021.05.12-1",
                "freeform_tags": {},
                "id": "ocid1.image.oc1.ap-tokyo-1.aaaaaaaadc27tv4yloxnvyjxgthvajnxbjnzquoojccsfkyie2j7axm4wfha",
                "image_source_details": [],
                "instance_id": "",
                "launch_mode": "NATIVE",
                "launch_options": [
                  {
                    "boot_volume_type": "PARAVIRTUALIZED",
                    "firmware": "UEFI_64",
                    "is_consistent_volume_naming_enabled": true,
                    "is_pv_encryption_in_transit_enabled": true,
                    "network_type": "PARAVIRTUALIZED",
                    "remote_data_volume_type": "PARAVIRTUALIZED"
                  }
                ],
                "listing_type": "",
                "operating_system": "Oracle Linux Cloud Developer",
                "operating_system_version": "8",
                "size_in_mbs": "51200",
                "state": "AVAILABLE",
                "time_created": "2021-05-18 21:49:23.44 +0000 UTC"
              },
              {
                "agent_features": [],
                "base_image_id": "",
                "billable_size_in_gbs": "4",
                "compartment_id": "",
                "create_image_allowed": true,
                "defined_tags": {},
                "display_name": "Oracle-Linux-8.5-aarch64-2022.03.17-1",
                "freeform_tags": {},
                "id": "ocid1.image.oc1.ap-tokyo-1.aaaaaaaahmxpbyfdfoac5xgtstduxrzzd5gosjc3llntntii2zdhrxmeeeea",
                "image_source_details": [],
                "instance_id": "",
                "launch_mode": "NATIVE",
                "launch_options": [
                  {
                    "boot_volume_type": "PARAVIRTUALIZED",
                    "firmware": "UEFI_64",
                    "is_consistent_volume_naming_enabled": true,
                    "is_pv_encryption_in_transit_enabled": true,
                    "network_type": "PARAVIRTUALIZED",
                    "remote_data_volume_type": "PARAVIRTUALIZED"
                  }
                ],
                "listing_type": "",
                "operating_system": "Oracle Linux",
                "operating_system_version": "8",
                "size_in_mbs": "47694",
                "state": "AVAILABLE",
                "time_created": "2022-03-17 22:15:35.849 +0000 UTC"
              },
              {
                "agent_features": [],
                "base_image_id": "",
                "billable_size_in_gbs": "4",
                "compartment_id": "",
                "create_image_allowed": true,
                "defined_tags": {},
                "display_name": "Oracle-Linux-8.5-aarch64-2022.01.27-0",
                "freeform_tags": {},
                "id": "ocid1.image.oc1.ap-tokyo-1.aaaaaaaakavye3jjyukvd5atpzgjeguiuib3jibpwfhzhm4dprfcbzbj6hwq",
                "image_source_details": [],
                "instance_id": "",
                "launch_mode": "NATIVE",
                "launch_options": [
                  {
                    "boot_volume_type": "PARAVIRTUALIZED",
                    "firmware": "UEFI_64",
                    "is_consistent_volume_naming_enabled": true,
                    "is_pv_encryption_in_transit_enabled": true,
                    "network_type": "PARAVIRTUALIZED",
                    "remote_data_volume_type": "PARAVIRTUALIZED"
                  }
                ],
                "listing_type": "",
                "operating_system": "Oracle Linux",
                "operating_system_version": "8",
                "size_in_mbs": "47694",
                "state": "AVAILABLE",
                "time_created": "2022-01-31 16:42:57.258 +0000 UTC"
              },
              {
                "agent_features": [],
                "base_image_id": "",
                "billable_size_in_gbs": "4",
                "compartment_id": "",
                "create_image_allowed": true,
                "defined_tags": {},
                "display_name": "Oracle-Linux-8.5-aarch64-2021.12.14-0",
                "freeform_tags": {},
                "id": "ocid1.image.oc1.ap-tokyo-1.aaaaaaaagd3zctfwforxacbrswifnszi4kyjjc3mh4haqg7hio7jvexsjiea",
                "image_source_details": [],
                "instance_id": "",
                "launch_mode": "NATIVE",
                "launch_options": [
                  {
                    "boot_volume_type": "PARAVIRTUALIZED",
                    "firmware": "UEFI_64",
                    "is_consistent_volume_naming_enabled": true,
                    "is_pv_encryption_in_transit_enabled": true,
                    "network_type": "PARAVIRTUALIZED",
                    "remote_data_volume_type": "PARAVIRTUALIZED"
                  }
                ],
                "listing_type": "",
                "operating_system": "Oracle Linux",
                "operating_system_version": "8",
                "size_in_mbs": "47694",
                "state": "AVAILABLE",
                "time_created": "2021-12-17 17:25:01.384 +0000 UTC"
              },
              {
                "agent_features": [],
                "base_image_id": "",
                "billable_size_in_gbs": "14",
                "compartment_id": "",
                "create_image_allowed": true,
                "defined_tags": {},
                "display_name": "Oracle-Linux-8.5-Gen2-GPU-2022.02.25-0",
                "freeform_tags": {},
                "id": "ocid1.image.oc1.ap-tokyo-1.aaaaaaaaijsotokiffu5tviiykapovpqsoa5fzf5yuq2gcrfygoknsnb342q",
                "image_source_details": [],
                "instance_id": "",
                "launch_mode": "NATIVE",
                "launch_options": [
                  {
                    "boot_volume_type": "PARAVIRTUALIZED",
                    "firmware": "UEFI_64",
                    "is_consistent_volume_naming_enabled": true,
                    "is_pv_encryption_in_transit_enabled": true,
                    "network_type": "PARAVIRTUALIZED",
                    "remote_data_volume_type": "PARAVIRTUALIZED"
                  }
                ],
                "listing_type": "",
                "operating_system": "Oracle Linux",
                "operating_system_version": "8",
                "size_in_mbs": "47694",
                "state": "AVAILABLE",
                "time_created": "2022-03-02 21:27:05.471 +0000 UTC"
              },
              {
                "agent_features": [],
                "base_image_id": "",
                "billable_size_in_gbs": "13",
                "compartment_id": "",
                "create_image_allowed": true,
                "defined_tags": {},
                "display_name": "Oracle-Linux-8.5-Gen2-GPU-2021.12.14-0",
                "freeform_tags": {},
                "id": "ocid1.image.oc1.ap-tokyo-1.aaaaaaaatx6b4f4mk4lx3hyppyfqmiu55wongjpwqn7kyyakvbka6ut4cbja",
                "image_source_details": [],
                "instance_id": "",
                "launch_mode": "NATIVE",
                "launch_options": [
                  {
                    "boot_volume_type": "PARAVIRTUALIZED",
                    "firmware": "UEFI_64",
                    "is_consistent_volume_naming_enabled": true,
                    "is_pv_encryption_in_transit_enabled": true,
                    "network_type": "PARAVIRTUALIZED",
                    "remote_data_volume_type": "PARAVIRTUALIZED"
                  }
                ],
                "listing_type": "",
                "operating_system": "Oracle Linux",
                "operating_system_version": "8",
                "size_in_mbs": "47694",
                "state": "AVAILABLE",
                "time_created": "2021-12-17 17:25:59.895 +0000 UTC"
              },
              {
                "agent_features": [],
                "base_image_id": "",
                "billable_size_in_gbs": "4",
                "compartment_id": "",
                "create_image_allowed": true,
                "defined_tags": {},
                "display_name": "Oracle-Linux-8.5-2022.02.25-0",
                "freeform_tags": {},
                "id": "ocid1.image.oc1.ap-tokyo-1.aaaaaaaabv4pyn2rovf3fu47qfccubejjbs7r5fbx4pgiyvcokl6xmvttepa",
                "image_source_details": [],
                "instance_id": "",
                "launch_mode": "NATIVE",
                "launch_options": [
                  {
                    "boot_volume_type": "PARAVIRTUALIZED",
                    "firmware": "UEFI_64",
                    "is_consistent_volume_naming_enabled": true,
                    "is_pv_encryption_in_transit_enabled": true,
                    "network_type": "PARAVIRTUALIZED",
                    "remote_data_volume_type": "PARAVIRTUALIZED"
                  }
                ],
                "listing_type": "",
                "operating_system": "Oracle Linux",
                "operating_system_version": "8",
                "size_in_mbs": "47694",
                "state": "AVAILABLE",
                "time_created": "2022-03-02 21:27:25.562 +0000 UTC"
              },
              {
                "agent_features": [],
                "base_image_id": "",
                "billable_size_in_gbs": "4",
                "compartment_id": "",
                "create_image_allowed": true,
                "defined_tags": {},
                "display_name": "Oracle-Linux-8.5-2022.01.24-0",
                "freeform_tags": {},
                "id": "ocid1.image.oc1.ap-tokyo-1.aaaaaaaa4blw7wkfiq32slvpzapzv3q77gajrsnr3rx26b76hv4zwnvpej3a",
                "image_source_details": [],
                "instance_id": "",
                "launch_mode": "NATIVE",
                "launch_options": [
                  {
                    "boot_volume_type": "PARAVIRTUALIZED",
                    "firmware": "UEFI_64",
                    "is_consistent_volume_naming_enabled": true,
                    "is_pv_encryption_in_transit_enabled": true,
                    "network_type": "PARAVIRTUALIZED",
                    "remote_data_volume_type": "PARAVIRTUALIZED"
                  }
                ],
                "listing_type": "",
                "operating_system": "Oracle Linux",
                "operating_system_version": "8",
                "size_in_mbs": "47694",
                "state": "AVAILABLE",
                "time_created": "2022-01-31 16:41:51.147 +0000 UTC"
              },
              {
                "agent_features": [],
                "base_image_id": "",
                "billable_size_in_gbs": "4",
                "compartment_id": "",
                "create_image_allowed": true,
                "defined_tags": {},
                "display_name": "Oracle-Linux-8.5-2021.12.08-0",
                "freeform_tags": {},
                "id": "ocid1.image.oc1.ap-tokyo-1.aaaaaaaa54fzz7npbwowfjke2nohrjbbvl6m7uqx567kgdfhha7stgaezalq",
                "image_source_details": [],
                "instance_id": "",
                "launch_mode": "NATIVE",
                "launch_options": [
                  {
                    "boot_volume_type": "PARAVIRTUALIZED",
                    "firmware": "UEFI_64",
                    "is_consistent_volume_naming_enabled": true,
                    "is_pv_encryption_in_transit_enabled": true,
                    "network_type": "PARAVIRTUALIZED",
                    "remote_data_volume_type": "PARAVIRTUALIZED"
                  }
                ],
                "listing_type": "",
                "operating_system": "Oracle Linux",
                "operating_system_version": "8",
                "size_in_mbs": "47694",
                "state": "AVAILABLE",
                "time_created": "2021-12-17 17:26:16.66 +0000 UTC"
              },
              {
                "agent_features": [],
                "base_image_id": "",
                "billable_size_in_gbs": "13",
                "compartment_id": "",
                "create_image_allowed": true,
                "defined_tags": {},
                "display_name": "Oracle-Linux-8.4-Gen2-GPU-2021.10.20-0",
                "freeform_tags": {},
                "id": "ocid1.image.oc1.ap-tokyo-1.aaaaaaaaimy4tx67sqw6q2rngmybknmlqb4pzvh252nqrxve537vxcdj4hia",
                "image_source_details": [],
                "instance_id": "",
                "launch_mode": "NATIVE",
                "launch_options": [
                  {
                    "boot_volume_type": "PARAVIRTUALIZED",
                    "firmware": "UEFI_64",
                    "is_consistent_volume_naming_enabled": true,
                    "is_pv_encryption_in_transit_enabled": true,
                    "network_type": "PARAVIRTUALIZED",
                    "remote_data_volume_type": "PARAVIRTUALIZED"
                  }
                ],
                "listing_type": "",
                "operating_system": "Oracle Linux",
                "operating_system_version": "8",
                "size_in_mbs": "47694",
                "state": "AVAILABLE",
                "time_created": "2021-10-26 23:03:45.82 +0000 UTC"
              },
              {
                "agent_features": [],
                "base_image_id": "",
                "billable_size_in_gbs": "3",
                "compartment_id": "",
                "create_image_allowed": true,
                "defined_tags": {},
                "display_name": "Oracle-Linux-7.9-aarch64-2022.02.25-0",
                "freeform_tags": {},
                "id": "ocid1.image.oc1.ap-tokyo-1.aaaaaaaa6wgcvykhf6pycr4bjsmoef3c3q7z2ms3t3ncoxloriap3ewngrya",
                "image_source_details": [],
                "instance_id": "",
                "launch_mode": "NATIVE",
                "launch_options": [
                  {
                    "boot_volume_type": "PARAVIRTUALIZED",
                    "firmware": "UEFI_64",
                    "is_consistent_volume_naming_enabled": true,
                    "is_pv_encryption_in_transit_enabled": true,
                    "network_type": "PARAVIRTUALIZED",
                    "remote_data_volume_type": "PARAVIRTUALIZED"
                  }
                ],
                "listing_type": "",
                "operating_system": "Oracle Linux",
                "operating_system_version": "7.9",
                "size_in_mbs": "47694",
                "state": "AVAILABLE",
                "time_created": "2022-03-02 21:28:06.583 +0000 UTC"
              },
              {
                "agent_features": [],
                "base_image_id": "",
                "billable_size_in_gbs": "3",
                "compartment_id": "",
                "create_image_allowed": true,
                "defined_tags": {},
                "display_name": "Oracle-Linux-7.9-aarch64-2022.01.25-0",
                "freeform_tags": {},
                "id": "ocid1.image.oc1.ap-tokyo-1.aaaaaaaajxjxmefjrr6vn6d75mi4qxcqes3n2lagkztmmcyd6c2xvh3nf6aq",
                "image_source_details": [],
                "instance_id": "",
                "launch_mode": "NATIVE",
                "launch_options": [
                  {
                    "boot_volume_type": "PARAVIRTUALIZED",
                    "firmware": "UEFI_64",
                    "is_consistent_volume_naming_enabled": true,
                    "is_pv_encryption_in_transit_enabled": true,
                    "network_type": "PARAVIRTUALIZED",
                    "remote_data_volume_type": "PARAVIRTUALIZED"
                  }
                ],
                "listing_type": "",
                "operating_system": "Oracle Linux",
                "operating_system_version": "7.9",
                "size_in_mbs": "47694",
                "state": "AVAILABLE",
                "time_created": "2022-01-31 16:43:16.802 +0000 UTC"
              },
              {
                "agent_features": [],
                "base_image_id": "",
                "billable_size_in_gbs": "3",
                "compartment_id": "",
                "create_image_allowed": true,
                "defined_tags": {},
                "display_name": "Oracle-Linux-7.9-aarch64-2021.12.08-0",
                "freeform_tags": {},
                "id": "ocid1.image.oc1.ap-tokyo-1.aaaaaaaaso3y5w5wjhcwjsjkdzytz33tohah6tb7jz53bqknb6lrpkxo2kpa",
                "image_source_details": [],
                "instance_id": "",
                "launch_mode": "NATIVE",
                "launch_options": [
                  {
                    "boot_volume_type": "PARAVIRTUALIZED",
                    "firmware": "UEFI_64",
                    "is_consistent_volume_naming_enabled": true,
                    "is_pv_encryption_in_transit_enabled": true,
                    "network_type": "PARAVIRTUALIZED",
                    "remote_data_volume_type": "PARAVIRTUALIZED"
                  }
                ],
                "listing_type": "",
                "operating_system": "Oracle Linux",
                "operating_system_version": "7.9",
                "size_in_mbs": "47694",
                "state": "AVAILABLE",
                "time_created": "2021-12-17 17:26:20.986 +0000 UTC"
              },
              {
                "agent_features": [],
                "base_image_id": "",
                "billable_size_in_gbs": "13",
                "compartment_id": "",
                "create_image_allowed": true,
                "defined_tags": {},
                "display_name": "Oracle-Linux-7.9-Gen2-GPU-2022.02.25-0",
                "freeform_tags": {},
                "id": "ocid1.image.oc1.ap-tokyo-1.aaaaaaaaehoeazvskmjfy6gb73lhfjiz6hvaazduhjt7dwkscg6qkspt5q3q",
                "image_source_details": [],
                "instance_id": "",
                "launch_mode": "NATIVE",
                "launch_options": [
                  {
                    "boot_volume_type": "PARAVIRTUALIZED",
                    "firmware": "UEFI_64",
                    "is_consistent_volume_naming_enabled": true,
                    "is_pv_encryption_in_transit_enabled": true,
                    "network_type": "PARAVIRTUALIZED",
                    "remote_data_volume_type": "PARAVIRTUALIZED"
                  }
                ],
                "listing_type": "",
                "operating_system": "Oracle Linux",
                "operating_system_version": "7.9",
                "size_in_mbs": "47694",
                "state": "AVAILABLE",
                "time_created": "2022-03-02 21:25:17.424 +0000 UTC"
              },
              {
                "agent_features": [],
                "base_image_id": "",
                "billable_size_in_gbs": "12",
                "compartment_id": "",
                "create_image_allowed": true,
                "defined_tags": {},
                "display_name": "Oracle-Linux-7.9-Gen2-GPU-2021.12.14-0",
                "freeform_tags": {},
                "id": "ocid1.image.oc1.ap-tokyo-1.aaaaaaaackpra75gcf7himtoh66q5mcqlfmudi3mbh3jjbfts53g27nqlg5q",
                "image_source_details": [],
                "instance_id": "",
                "launch_mode": "NATIVE",
                "launch_options": [
                  {
                    "boot_volume_type": "PARAVIRTUALIZED",
                    "firmware": "UEFI_64",
                    "is_consistent_volume_naming_enabled": true,
                    "is_pv_encryption_in_transit_enabled": true,
                    "network_type": "PARAVIRTUALIZED",
                    "remote_data_volume_type": "PARAVIRTUALIZED"
                  }
                ],
                "listing_type": "",
                "operating_system": "Oracle Linux",
                "operating_system_version": "7.9",
                "size_in_mbs": "47694",
                "state": "AVAILABLE",
                "time_created": "2021-12-17 17:24:40.664 +0000 UTC"
              },
              {
                "agent_features": [],
                "base_image_id": "",
                "billable_size_in_gbs": "13",
                "compartment_id": "",
                "create_image_allowed": true,
                "defined_tags": {},
                "display_name": "Oracle-Linux-7.9-Gen2-GPU-2021.10.20-0",
                "freeform_tags": {},
                "id": "ocid1.image.oc1.ap-tokyo-1.aaaaaaaadlihnfcikyeisxdczge7v7rbk5trdnlo5s5b4yraeih5sshfr4fq",
                "image_source_details": [],
                "instance_id": "",
                "launch_mode": "NATIVE",
                "launch_options": [
                  {
                    "boot_volume_type": "PARAVIRTUALIZED",
                    "firmware": "UEFI_64",
                    "is_consistent_volume_naming_enabled": true,
                    "is_pv_encryption_in_transit_enabled": true,
                    "network_type": "PARAVIRTUALIZED",
                    "remote_data_volume_type": "PARAVIRTUALIZED"
                  }
                ],
                "listing_type": "",
                "operating_system": "Oracle Linux",
                "operating_system_version": "7.9",
                "size_in_mbs": "47694",
                "state": "AVAILABLE",
                "time_created": "2021-10-26 23:03:54.593 +0000 UTC"
              },
              {
                "agent_features": [],
                "base_image_id": "",
                "billable_size_in_gbs": "3",
                "compartment_id": "",
                "create_image_allowed": true,
                "defined_tags": {},
                "display_name": "Oracle-Linux-7.9-2022.02.25-0",
                "freeform_tags": {},
                "id": "ocid1.image.oc1.ap-tokyo-1.aaaaaaaa74yhcgjr6lsaafb4bu73mhgtgu2sd3fmpqzps6tusf4ks3nsn24q",
                "image_source_details": [],
                "instance_id": "",
                "launch_mode": "NATIVE",
                "launch_options": [
                  {
                    "boot_volume_type": "PARAVIRTUALIZED",
                    "firmware": "UEFI_64",
                    "is_consistent_volume_naming_enabled": true,
                    "is_pv_encryption_in_transit_enabled": true,
                    "network_type": "PARAVIRTUALIZED",
                    "remote_data_volume_type": "PARAVIRTUALIZED"
                  }
                ],
                "listing_type": "",
                "operating_system": "Oracle Linux",
                "operating_system_version": "7.9",
                "size_in_mbs": "47694",
                "state": "AVAILABLE",
                "time_created": "2022-03-02 21:28:45.473 +0000 UTC"
              },
              {
                "agent_features": [],
                "base_image_id": "",
                "billable_size_in_gbs": "3",
                "compartment_id": "",
                "create_image_allowed": true,
                "defined_tags": {},
                "display_name": "Oracle-Linux-7.9-2022.01.24-0",
                "freeform_tags": {},
                "id": "ocid1.image.oc1.ap-tokyo-1.aaaaaaaahzjia7mnvnoufz3fk3zt4mbfumixf5w7intekiazav6bu3zn6x7q",
                "image_source_details": [],
                "instance_id": "",
                "launch_mode": "NATIVE",
                "launch_options": [
                  {
                    "boot_volume_type": "PARAVIRTUALIZED",
                    "firmware": "UEFI_64",
                    "is_consistent_volume_naming_enabled": true,
                    "is_pv_encryption_in_transit_enabled": true,
                    "network_type": "PARAVIRTUALIZED",
                    "remote_data_volume_type": "PARAVIRTUALIZED"
                  }
                ],
                "listing_type": "",
                "operating_system": "Oracle Linux",
                "operating_system_version": "7.9",
                "size_in_mbs": "47694",
                "state": "AVAILABLE",
                "time_created": "2022-01-31 16:44:39.868 +0000 UTC"
              },
              {
                "agent_features": [],
                "base_image_id": "",
                "billable_size_in_gbs": "3",
                "compartment_id": "",
                "create_image_allowed": true,
                "defined_tags": {},
                "display_name": "Oracle-Linux-7.9-2021.12.08-0",
                "freeform_tags": {},
                "id": "ocid1.image.oc1.ap-tokyo-1.aaaaaaaadl5hzqywopodtkh3uxfrn6x3444yalm6n4jtmmqs6kccoqikohsa",
                "image_source_details": [],
                "instance_id": "",
                "launch_mode": "NATIVE",
                "launch_options": [
                  {
                    "boot_volume_type": "PARAVIRTUALIZED",
                    "firmware": "UEFI_64",
                    "is_consistent_volume_naming_enabled": true,
                    "is_pv_encryption_in_transit_enabled": true,
                    "network_type": "PARAVIRTUALIZED",
                    "remote_data_volume_type": "PARAVIRTUALIZED"
                  }
                ],
                "listing_type": "",
                "operating_system": "Oracle Linux",
                "operating_system_version": "7.9",
                "size_in_mbs": "47694",
                "state": "AVAILABLE",
                "time_created": "2021-12-17 17:25:37.03 +0000 UTC"
              },
              {
                "agent_features": [],
                "base_image_id": "",
                "billable_size_in_gbs": "3",
                "compartment_id": "",
                "create_image_allowed": true,
                "defined_tags": {},
                "display_name": "Oracle-Linux-6.10-2022.02.13-1",
                "freeform_tags": {},
                "id": "ocid1.image.oc1.ap-tokyo-1.aaaaaaaamiyhq6rfjlg3lajgtr4kq5x6wcrrvdkbnpe4vsmdqgomzu7mziva",
                "image_source_details": [],
                "instance_id": "",
                "launch_mode": "NATIVE",
                "launch_options": [
                  {
                    "boot_volume_type": "PARAVIRTUALIZED",
                    "firmware": "UEFI_64",
                    "is_consistent_volume_naming_enabled": true,
                    "is_pv_encryption_in_transit_enabled": true,
                    "network_type": "PARAVIRTUALIZED",
                    "remote_data_volume_type": "PARAVIRTUALIZED"
                  }
                ],
                "listing_type": "",
                "operating_system": "Oracle Linux",
                "operating_system_version": "6.10",
                "size_in_mbs": "47694",
                "state": "AVAILABLE",
                "time_created": "2022-03-17 21:24:35.123 +0000 UTC"
              },
              {
                "agent_features": [],
                "base_image_id": "",
                "billable_size_in_gbs": "0",
                "compartment_id": "",
                "create_image_allowed": true,
                "defined_tags": {},
                "display_name": "Oracle-Linux-6.10-2021.03.17-0",
                "freeform_tags": {},
                "id": "ocid1.image.oc1.ap-tokyo-1.aaaaaaaazklpkbg2reajttkezdzenx745sfbkps362q4lu7cas3piyynbr5q",
                "image_source_details": [],
                "instance_id": "",
                "launch_mode": "NATIVE",
                "launch_options": [
                  {
                    "boot_volume_type": "PARAVIRTUALIZED",
                    "firmware": "UEFI_64",
                    "is_consistent_volume_naming_enabled": true,
                    "is_pv_encryption_in_transit_enabled": true,
                    "network_type": "PARAVIRTUALIZED",
                    "remote_data_volume_type": "PARAVIRTUALIZED"
                  }
                ],
                "listing_type": "",
                "operating_system": "Oracle Linux",
                "operating_system_version": "6.10",
                "size_in_mbs": "47694",
                "state": "AVAILABLE",
                "time_created": "2021-03-24 02:44:58.134 +0000 UTC"
              },
              {
                "agent_features": [],
                "base_image_id": "",
                "billable_size_in_gbs": "0",
                "compartment_id": "",
                "create_image_allowed": true,
                "defined_tags": {},
                "display_name": "Oracle-Linux-6.10-2021.02.19-0",
                "freeform_tags": {},
                "id": "ocid1.image.oc1.ap-tokyo-1.aaaaaaaaps3c7pb2boenemaac2vsgzmnxi4arjlrantbpq46lhthzvpsuc6a",
                "image_source_details": [],
                "instance_id": "",
                "launch_mode": "NATIVE",
                "launch_options": [
                  {
                    "boot_volume_type": "PARAVIRTUALIZED",
                    "firmware": "UEFI_64",
                    "is_consistent_volume_naming_enabled": true,
                    "is_pv_encryption_in_transit_enabled": true,
                    "network_type": "PARAVIRTUALIZED",
                    "remote_data_volume_type": "PARAVIRTUALIZED"
                  }
                ],
                "listing_type": "",
                "operating_system": "Oracle Linux",
                "operating_system_version": "6.10",
                "size_in_mbs": "47694",
                "state": "AVAILABLE",
                "time_created": "2021-03-01 22:01:41.324 +0000 UTC"
              },
              {
                "agent_features": [],
                "base_image_id": "",
                "billable_size_in_gbs": "4",
                "compartment_id": "",
                "create_image_allowed": true,
                "defined_tags": {},
                "display_name": "Oracle-Autonomous-Linux-7.9-2022.02-0",
                "freeform_tags": {},
                "id": "ocid1.image.oc1.ap-tokyo-1.aaaaaaaab5zcm42lwkgdf7yp2pbxfuaxahxhkjunzvdowu7uvwnlecob56nq",
                "image_source_details": [],
                "instance_id": "",
                "launch_mode": "NATIVE",
                "launch_options": [
                  {
                    "boot_volume_type": "PARAVIRTUALIZED",
                    "firmware": "UEFI_64",
                    "is_consistent_volume_naming_enabled": true,
                    "is_pv_encryption_in_transit_enabled": true,
                    "network_type": "PARAVIRTUALIZED",
                    "remote_data_volume_type": "PARAVIRTUALIZED"
                  }
                ],
                "listing_type": "",
                "operating_system": "Oracle Autonomous Linux",
                "operating_system_version": "7.9",
                "size_in_mbs": "47694",
                "state": "AVAILABLE",
                "time_created": "2022-03-07 21:53:50.099 +0000 UTC"
              },
              {
                "agent_features": [],
                "base_image_id": "",
                "billable_size_in_gbs": "4",
                "compartment_id": "",
                "create_image_allowed": true,
                "defined_tags": {},
                "display_name": "Oracle-Autonomous-Linux-7.9-2022.01-0",
                "freeform_tags": {},
                "id": "ocid1.image.oc1.ap-tokyo-1.aaaaaaaazyi4ueiwo3jekq7uoi77743lg7zsisd25gqffrrvi2wpqog3drpa",
                "image_source_details": [],
                "instance_id": "",
                "launch_mode": "NATIVE",
                "launch_options": [
                  {
                    "boot_volume_type": "PARAVIRTUALIZED",
                    "firmware": "UEFI_64",
                    "is_consistent_volume_naming_enabled": true,
                    "is_pv_encryption_in_transit_enabled": true,
                    "network_type": "PARAVIRTUALIZED",
                    "remote_data_volume_type": "PARAVIRTUALIZED"
                  }
                ],
                "listing_type": "",
                "operating_system": "Oracle Autonomous Linux",
                "operating_system_version": "7.9",
                "size_in_mbs": "47694",
                "state": "AVAILABLE",
                "time_created": "2022-02-08 18:54:01.342 +0000 UTC"
              },
              {
                "agent_features": [],
                "base_image_id": "",
                "billable_size_in_gbs": "4",
                "compartment_id": "",
                "create_image_allowed": true,
                "defined_tags": {},
                "display_name": "Oracle-Autonomous-Linux-7.9-2021.11-1",
                "freeform_tags": {},
                "id": "ocid1.image.oc1.ap-tokyo-1.aaaaaaaamiwb2dj2yraos66lcukat63sp52f5q4j2ehdkqzpexcqbzdznbjq",
                "image_source_details": [],
                "instance_id": "",
                "launch_mode": "NATIVE",
                "launch_options": [
                  {
                    "boot_volume_type": "PARAVIRTUALIZED",
                    "firmware": "UEFI_64",
                    "is_consistent_volume_naming_enabled": true,
                    "is_pv_encryption_in_transit_enabled": true,
                    "network_type": "PARAVIRTUALIZED",
                    "remote_data_volume_type": "PARAVIRTUALIZED"
                  }
                ],
                "listing_type": "",
                "operating_system": "Oracle Autonomous Linux",
                "operating_system_version": "7.9",
                "size_in_mbs": "47694",
                "state": "AVAILABLE",
                "time_created": "2021-12-14 18:44:52.698 +0000 UTC"
              },
              {
                "agent_features": [],
                "base_image_id": "",
                "billable_size_in_gbs": "3",
                "compartment_id": "",
                "create_image_allowed": true,
                "defined_tags": {},
                "display_name": "CentOS-8-2021.12.03-0",
                "freeform_tags": {},
                "id": "ocid1.image.oc1.ap-tokyo-1.aaaaaaaarbv25hiqjivdj2rn5vvlkp3glxcn3zai4zxhy44xodqhsf6czapa",
                "image_source_details": [],
                "instance_id": "",
                "launch_mode": "NATIVE",
                "launch_options": [
                  {
                    "boot_volume_type": "PARAVIRTUALIZED",
                    "firmware": "UEFI_64",
                    "is_consistent_volume_naming_enabled": true,
                    "is_pv_encryption_in_transit_enabled": true,
                    "network_type": "PARAVIRTUALIZED",
                    "remote_data_volume_type": "PARAVIRTUALIZED"
                  }
                ],
                "listing_type": "",
                "operating_system": "CentOS",
                "operating_system_version": "8",
                "size_in_mbs": "47694",
                "state": "AVAILABLE",
                "time_created": "2021-12-09 17:16:55.285 +0000 UTC"
              },
              {
                "agent_features": [],
                "base_image_id": "",
                "billable_size_in_gbs": "3",
                "compartment_id": "",
                "create_image_allowed": true,
                "defined_tags": {},
                "display_name": "CentOS-8-2021.10.19-0",
                "freeform_tags": {},
                "id": "ocid1.image.oc1.ap-tokyo-1.aaaaaaaacmydbzktoddlwl46sbkvbv7hmrmhrudanggl3w6bx6io4n4ufhha",
                "image_source_details": [],
                "instance_id": "",
                "launch_mode": "NATIVE",
                "launch_options": [
                  {
                    "boot_volume_type": "PARAVIRTUALIZED",
                    "firmware": "UEFI_64",
                    "is_consistent_volume_naming_enabled": true,
                    "is_pv_encryption_in_transit_enabled": true,
                    "network_type": "PARAVIRTUALIZED",
                    "remote_data_volume_type": "PARAVIRTUALIZED"
                  }
                ],
                "listing_type": "",
                "operating_system": "CentOS",
                "operating_system_version": "8",
                "size_in_mbs": "47694",
                "state": "AVAILABLE",
                "time_created": "2021-10-26 17:31:46.513 +0000 UTC"
              },
              {
                "agent_features": [],
                "base_image_id": "",
                "billable_size_in_gbs": "3",
                "compartment_id": "",
                "create_image_allowed": true,
                "defined_tags": {},
                "display_name": "CentOS-8-2021.09.23-0",
                "freeform_tags": {},
                "id": "ocid1.image.oc1.ap-tokyo-1.aaaaaaaantdatw6q6xicr27enm4h5olix7jtitzoabfcfyvbbuk3ej7prhxq",
                "image_source_details": [],
                "instance_id": "",
                "launch_mode": "NATIVE",
                "launch_options": [
                  {
                    "boot_volume_type": "PARAVIRTUALIZED",
                    "firmware": "UEFI_64",
                    "is_consistent_volume_naming_enabled": true,
                    "is_pv_encryption_in_transit_enabled": true,
                    "network_type": "PARAVIRTUALIZED",
                    "remote_data_volume_type": "PARAVIRTUALIZED"
                  }
                ],
                "listing_type": "",
                "operating_system": "CentOS",
                "operating_system_version": "8",
                "size_in_mbs": "47694",
                "state": "AVAILABLE",
                "time_created": "2021-09-24 20:54:29.645 +0000 UTC"
              },
              {
                "agent_features": [],
                "base_image_id": "",
                "billable_size_in_gbs": "3",
                "compartment_id": "",
                "create_image_allowed": true,
                "defined_tags": {},
                "display_name": "CentOS-7-2022.03.08-0",
                "freeform_tags": {},
                "id": "ocid1.image.oc1.ap-tokyo-1.aaaaaaaaxhcdkduicwak2kkjcf5jnpl72znsv4yrjsvj5kl2m4mv5dxjkokq",
                "image_source_details": [],
                "instance_id": "",
                "launch_mode": "NATIVE",
                "launch_options": [
                  {
                    "boot_volume_type": "PARAVIRTUALIZED",
                    "firmware": "UEFI_64",
                    "is_consistent_volume_naming_enabled": true,
                    "is_pv_encryption_in_transit_enabled": true,
                    "network_type": "PARAVIRTUALIZED",
                    "remote_data_volume_type": "PARAVIRTUALIZED"
                  }
                ],
                "listing_type": "",
                "operating_system": "CentOS",
                "operating_system_version": "7",
                "size_in_mbs": "47694",
                "state": "AVAILABLE",
                "time_created": "2022-03-17 21:24:51.708 +0000 UTC"
              },
              {
                "agent_features": [],
                "base_image_id": "",
                "billable_size_in_gbs": "3",
                "compartment_id": "",
                "create_image_allowed": true,
                "defined_tags": {},
                "display_name": "CentOS-7-2022.02.28-0",
                "freeform_tags": {},
                "id": "ocid1.image.oc1.ap-tokyo-1.aaaaaaaaraxtyg5yia7a3h5css2lwd7xbzaf2cklckzapdalla3raub6da4a",
                "image_source_details": [],
                "instance_id": "",
                "launch_mode": "NATIVE",
                "launch_options": [
                  {
                    "boot_volume_type": "PARAVIRTUALIZED",
                    "firmware": "UEFI_64",
                    "is_consistent_volume_naming_enabled": true,
                    "is_pv_encryption_in_transit_enabled": true,
                    "network_type": "PARAVIRTUALIZED",
                    "remote_data_volume_type": "PARAVIRTUALIZED"
                  }
                ],
                "listing_type": "",
                "operating_system": "CentOS",
                "operating_system_version": "7",
                "size_in_mbs": "47694",
                "state": "AVAILABLE",
                "time_created": "2022-03-02 06:22:01.24 +0000 UTC"
              },
              {
                "agent_features": [],
                "base_image_id": "",
                "billable_size_in_gbs": "3",
                "compartment_id": "",
                "create_image_allowed": true,
                "defined_tags": {},
                "display_name": "CentOS-7-2022.01.21-0",
                "freeform_tags": {},
                "id": "ocid1.image.oc1.ap-tokyo-1.aaaaaaaaab2jkq46vnc3nlomco2exfbo56aisgdsiqyzzof6ehkd62qymr7a",
                "image_source_details": [],
                "instance_id": "",
                "launch_mode": "NATIVE",
                "launch_options": [
                  {
                    "boot_volume_type": "PARAVIRTUALIZED",
                    "firmware": "UEFI_64",
                    "is_consistent_volume_naming_enabled": true,
                    "is_pv_encryption_in_transit_enabled": true,
                    "network_type": "PARAVIRTUALIZED",
                    "remote_data_volume_type": "PARAVIRTUALIZED"
                  }
                ],
                "listing_type": "",
                "operating_system": "CentOS",
                "operating_system_version": "7",
                "size_in_mbs": "47694",
                "state": "AVAILABLE",
                "time_created": "2022-01-27 22:39:09.027 +0000 UTC"
              },
              {
                "agent_features": [],
                "base_image_id": "",
                "billable_size_in_gbs": "0",
                "compartment_id": "",
                "create_image_allowed": true,
                "defined_tags": {},
                "display_name": "CentOS-6.10-2020.11.30-0",
                "freeform_tags": {},
                "id": "ocid1.image.oc1.ap-tokyo-1.aaaaaaaao2c3a4tmsxrj6xuhsxg5mty6xtwsxiotlo7o3pzqc2pv22m7yf2a",
                "image_source_details": [],
                "instance_id": "",
                "launch_mode": "NATIVE",
                "launch_options": [
                  {
                    "boot_volume_type": "PARAVIRTUALIZED",
                    "firmware": "UEFI_64",
                    "is_consistent_volume_naming_enabled": true,
                    "is_pv_encryption_in_transit_enabled": true,
                    "network_type": "PARAVIRTUALIZED",
                    "remote_data_volume_type": "PARAVIRTUALIZED"
                  }
                ],
                "listing_type": "",
                "operating_system": "CentOS",
                "operating_system_version": "6.10",
                "size_in_mbs": "47694",
                "state": "AVAILABLE",
                "time_created": "2020-12-01 00:17:47.186 +0000 UTC"
              },
              {
                "agent_features": [],
                "base_image_id": "",
                "billable_size_in_gbs": "0",
                "compartment_id": "",
                "create_image_allowed": true,
                "defined_tags": {},
                "display_name": "CentOS-6.10-2020.10.21-0",
                "freeform_tags": {},
                "id": "ocid1.image.oc1.ap-tokyo-1.aaaaaaaal6rjw3hdotclomoxttlyz3mzb4zoppkqvncmaa3opzx2amuyiqwq",
                "image_source_details": [],
                "instance_id": "",
                "launch_mode": "NATIVE",
                "launch_options": [
                  {
                    "boot_volume_type": "PARAVIRTUALIZED",
                    "firmware": "UEFI_64",
                    "is_consistent_volume_naming_enabled": true,
                    "is_pv_encryption_in_transit_enabled": true,
                    "network_type": "PARAVIRTUALIZED",
                    "remote_data_volume_type": "PARAVIRTUALIZED"
                  }
                ],
                "listing_type": "",
                "operating_system": "CentOS",
                "operating_system_version": "6.10",
                "size_in_mbs": "47694",
                "state": "AVAILABLE",
                "time_created": "2020-10-27 18:31:01.207 +0000 UTC"
              },
              {
                "agent_features": [],
                "base_image_id": "",
                "billable_size_in_gbs": "0",
                "compartment_id": "",
                "create_image_allowed": true,
                "defined_tags": {},
                "display_name": "CentOS-6.10-2020.09.21-0",
                "freeform_tags": {},
                "id": "ocid1.image.oc1.ap-tokyo-1.aaaaaaaa5mgwsmni5qzqudb35akdjxctofsysncwfwlzf4nbyqzni7rkrcxq",
                "image_source_details": [],
                "instance_id": "",
                "launch_mode": "NATIVE",
                "launch_options": [
                  {
                    "boot_volume_type": "PARAVIRTUALIZED",
                    "firmware": "UEFI_64",
                    "is_consistent_volume_naming_enabled": true,
                    "is_pv_encryption_in_transit_enabled": true,
                    "network_type": "PARAVIRTUALIZED",
                    "remote_data_volume_type": "PARAVIRTUALIZED"
                  }
                ],
                "listing_type": "",
                "operating_system": "CentOS",
                "operating_system_version": "6.10",
                "size_in_mbs": "47694",
                "state": "AVAILABLE",
                "time_created": "2020-09-30 05:16:56.914 +0000 UTC"
              },
              {
                "agent_features": [],
                "base_image_id": "",
                "billable_size_in_gbs": "2",
                "compartment_id": "",
                "create_image_allowed": true,
                "defined_tags": {},
                "display_name": "Canonical-Ubuntu-20.04-aarch64-2022.03.02-0",
                "freeform_tags": {},
                "id": "ocid1.image.oc1.ap-tokyo-1.aaaaaaaa2qpgr6g7wnatb3b7ldsi47kzpl4epicqwkm55dpmytch5kk7s5hq",
                "image_source_details": [],
                "instance_id": "",
                "launch_mode": "NATIVE",
                "launch_options": [
                  {
                    "boot_volume_type": "PARAVIRTUALIZED",
                    "firmware": "UEFI_64",
                    "is_consistent_volume_naming_enabled": true,
                    "is_pv_encryption_in_transit_enabled": true,
                    "network_type": "PARAVIRTUALIZED",
                    "remote_data_volume_type": "PARAVIRTUALIZED"
                  }
                ],
                "listing_type": "",
                "operating_system": "Canonical Ubuntu",
                "operating_system_version": "20.04",
                "size_in_mbs": "47694",
                "state": "AVAILABLE",
                "time_created": "2022-03-17 23:43:40.818 +0000 UTC"
              },
              {
                "agent_features": [],
                "base_image_id": "",
                "billable_size_in_gbs": "2",
                "compartment_id": "",
                "create_image_allowed": true,
                "defined_tags": {},
                "display_name": "Canonical-Ubuntu-20.04-aarch64-2022.02.15-0",
                "freeform_tags": {},
                "id": "ocid1.image.oc1.ap-tokyo-1.aaaaaaaactivdpq4s5zfugg73swlrppufwh4gox3ubgfdz3wqxrsndvfgm2q",
                "image_source_details": [],
                "instance_id": "",
                "launch_mode": "NATIVE",
                "launch_options": [
                  {
                    "boot_volume_type": "PARAVIRTUALIZED",
                    "firmware": "UEFI_64",
                    "is_consistent_volume_naming_enabled": true,
                    "is_pv_encryption_in_transit_enabled": true,
                    "network_type": "PARAVIRTUALIZED",
                    "remote_data_volume_type": "PARAVIRTUALIZED"
                  }
                ],
                "listing_type": "",
                "operating_system": "Canonical Ubuntu",
                "operating_system_version": "20.04",
                "size_in_mbs": "47694",
                "state": "AVAILABLE",
                "time_created": "2022-03-02 07:23:34.291 +0000 UTC"
              },
              {
                "agent_features": [],
                "base_image_id": "",
                "billable_size_in_gbs": "2",
                "compartment_id": "",
                "create_image_allowed": true,
                "defined_tags": {},
                "display_name": "Canonical-Ubuntu-20.04-aarch64-2022.01.18-0",
                "freeform_tags": {},
                "id": "ocid1.image.oc1.ap-tokyo-1.aaaaaaaaczayj3oeyerrwa7okegttcwme7mszdd66f7lttxtbnnts4ehv2iq",
                "image_source_details": [],
                "instance_id": "",
                "launch_mode": "NATIVE",
                "launch_options": [
                  {
                    "boot_volume_type": "PARAVIRTUALIZED",
                    "firmware": "UEFI_64",
                    "is_consistent_volume_naming_enabled": true,
                    "is_pv_encryption_in_transit_enabled": true,
                    "network_type": "PARAVIRTUALIZED",
                    "remote_data_volume_type": "PARAVIRTUALIZED"
                  }
                ],
                "listing_type": "",
                "operating_system": "Canonical Ubuntu",
                "operating_system_version": "20.04",
                "size_in_mbs": "47694",
                "state": "AVAILABLE",
                "time_created": "2022-01-27 22:38:34.651 +0000 UTC"
              },
              {
                "agent_features": [],
                "base_image_id": "",
                "billable_size_in_gbs": "2",
                "compartment_id": "",
                "create_image_allowed": true,
                "defined_tags": {},
                "display_name": "Canonical-Ubuntu-20.04-Minimal-2022.03.04-0",
                "freeform_tags": {},
                "id": "ocid1.image.oc1.ap-tokyo-1.aaaaaaaah6itx6q764r4so6rhrppkdqif3pb4d2j2bp6etk6zdgcedidv7ga",
                "image_source_details": [],
                "instance_id": "",
                "launch_mode": "NATIVE",
                "launch_options": [
                  {
                    "boot_volume_type": "PARAVIRTUALIZED",
                    "firmware": "UEFI_64",
                    "is_consistent_volume_naming_enabled": true,
                    "is_pv_encryption_in_transit_enabled": true,
                    "network_type": "PARAVIRTUALIZED",
                    "remote_data_volume_type": "PARAVIRTUALIZED"
                  }
                ],
                "listing_type": "",
                "operating_system": "Canonical Ubuntu",
                "operating_system_version": "20.04 Minimal",
                "size_in_mbs": "47694",
                "state": "AVAILABLE",
                "time_created": "2022-03-17 22:07:52.453 +0000 UTC"
              },
              {
                "agent_features": [],
                "base_image_id": "",
                "billable_size_in_gbs": "2",
                "compartment_id": "",
                "create_image_allowed": true,
                "defined_tags": {},
                "display_name": "Canonical-Ubuntu-20.04-Minimal-2022.02.26-0",
                "freeform_tags": {},
                "id": "ocid1.image.oc1.ap-tokyo-1.aaaaaaaaixdyb5rn7ku42zw455grjvwygv7j2iwes4p2wocasen3x624z4bq",
                "image_source_details": [],
                "instance_id": "",
                "launch_mode": "NATIVE",
                "launch_options": [
                  {
                    "boot_volume_type": "PARAVIRTUALIZED",
                    "firmware": "UEFI_64",
                    "is_consistent_volume_naming_enabled": true,
                    "is_pv_encryption_in_transit_enabled": true,
                    "network_type": "PARAVIRTUALIZED",
                    "remote_data_volume_type": "PARAVIRTUALIZED"
                  }
                ],
                "listing_type": "",
                "operating_system": "Canonical Ubuntu",
                "operating_system_version": "20.04 Minimal",
                "size_in_mbs": "47694",
                "state": "AVAILABLE",
                "time_created": "2022-03-02 06:22:01.276 +0000 UTC"
              },
              {
                "agent_features": [],
                "base_image_id": "",
                "billable_size_in_gbs": "2",
                "compartment_id": "",
                "create_image_allowed": true,
                "defined_tags": {},
                "display_name": "Canonical-Ubuntu-20.04-Minimal-2022.01.18-0",
                "freeform_tags": {},
                "id": "ocid1.image.oc1.ap-tokyo-1.aaaaaaaaktzwjqda7cwzp6aifxqg64chqeo776a2ye3sgriqpt7je2hcagmq",
                "image_source_details": [],
                "instance_id": "",
                "launch_mode": "NATIVE",
                "launch_options": [
                  {
                    "boot_volume_type": "PARAVIRTUALIZED",
                    "firmware": "UEFI_64",
                    "is_consistent_volume_naming_enabled": true,
                    "is_pv_encryption_in_transit_enabled": true,
                    "network_type": "PARAVIRTUALIZED",
                    "remote_data_volume_type": "PARAVIRTUALIZED"
                  }
                ],
                "listing_type": "",
                "operating_system": "Canonical Ubuntu",
                "operating_system_version": "20.04 Minimal",
                "size_in_mbs": "47694",
                "state": "AVAILABLE",
                "time_created": "2022-01-27 22:40:38.424 +0000 UTC"
              },
              {
                "agent_features": [],
                "base_image_id": "",
                "billable_size_in_gbs": "2",
                "compartment_id": "",
                "create_image_allowed": true,
                "defined_tags": {},
                "display_name": "Canonical-Ubuntu-20.04-2022.03.02-0",
                "freeform_tags": {},
                "id": "ocid1.image.oc1.ap-tokyo-1.aaaaaaaaiqnzylthf6siyhwrnwu7fzci2clbp4rpdtuok6byikb727nklc5q",
                "image_source_details": [],
                "instance_id": "",
                "launch_mode": "NATIVE",
                "launch_options": [
                  {
                    "boot_volume_type": "PARAVIRTUALIZED",
                    "firmware": "UEFI_64",
                    "is_consistent_volume_naming_enabled": true,
                    "is_pv_encryption_in_transit_enabled": true,
                    "network_type": "PARAVIRTUALIZED",
                    "remote_data_volume_type": "PARAVIRTUALIZED"
                  }
                ],
                "listing_type": "",
                "operating_system": "Canonical Ubuntu",
                "operating_system_version": "20.04",
                "size_in_mbs": "47694",
                "state": "AVAILABLE",
                "time_created": "2022-03-17 22:05:09.503 +0000 UTC"
              },
              {
                "agent_features": [],
                "base_image_id": "",
                "billable_size_in_gbs": "2",
                "compartment_id": "",
                "create_image_allowed": true,
                "defined_tags": {},
                "display_name": "Canonical-Ubuntu-20.04-2022.02.15-0",
                "freeform_tags": {},
                "id": "ocid1.image.oc1.ap-tokyo-1.aaaaaaaathfo3lllmtcnuwof42757caclgap6wsui6bwtl3uzihu7rzaraua",
                "image_source_details": [],
                "instance_id": "",
                "launch_mode": "NATIVE",
                "launch_options": [
                  {
                    "boot_volume_type": "PARAVIRTUALIZED",
                    "firmware": "UEFI_64",
                    "is_consistent_volume_naming_enabled": true,
                    "is_pv_encryption_in_transit_enabled": true,
                    "network_type": "PARAVIRTUALIZED",
                    "remote_data_volume_type": "PARAVIRTUALIZED"
                  }
                ],
                "listing_type": "",
                "operating_system": "Canonical Ubuntu",
                "operating_system_version": "20.04",
                "size_in_mbs": "47694",
                "state": "AVAILABLE",
                "time_created": "2022-03-02 06:23:08.339 +0000 UTC"
              },
              {
                "agent_features": [],
                "base_image_id": "",
                "billable_size_in_gbs": "2",
                "compartment_id": "",
                "create_image_allowed": true,
                "defined_tags": {},
                "display_name": "Canonical-Ubuntu-20.04-2022.01.18-0",
                "freeform_tags": {},
                "id": "ocid1.image.oc1.ap-tokyo-1.aaaaaaaamhk2hdivfn5e2gy76iz4oamo25xbrbjidinbahsmuulepy2djroa",
                "image_source_details": [],
                "instance_id": "",
                "launch_mode": "NATIVE",
                "launch_options": [
                  {
                    "boot_volume_type": "PARAVIRTUALIZED",
                    "firmware": "UEFI_64",
                    "is_consistent_volume_naming_enabled": true,
                    "is_pv_encryption_in_transit_enabled": true,
                    "network_type": "PARAVIRTUALIZED",
                    "remote_data_volume_type": "PARAVIRTUALIZED"
                  }
                ],
                "listing_type": "",
                "operating_system": "Canonical Ubuntu",
                "operating_system_version": "20.04",
                "size_in_mbs": "47694",
                "state": "AVAILABLE",
                "time_created": "2022-01-27 22:38:35.545 +0000 UTC"
              },
              {
                "agent_features": [],
                "base_image_id": "",
                "billable_size_in_gbs": "2",
                "compartment_id": "",
                "create_image_allowed": true,
                "defined_tags": {},
                "display_name": "Canonical-Ubuntu-18.04-aarch64-2022.03.02-0",
                "freeform_tags": {},
                "id": "ocid1.image.oc1.ap-tokyo-1.aaaaaaaamwqa3m3qyo73mfncmsekls6udv4wbr3ewjbsucfolywmmpjqbhdq",
                "image_source_details": [],
                "instance_id": "",
                "launch_mode": "NATIVE",
                "launch_options": [
                  {
                    "boot_volume_type": "PARAVIRTUALIZED",
                    "firmware": "UEFI_64",
                    "is_consistent_volume_naming_enabled": true,
                    "is_pv_encryption_in_transit_enabled": true,
                    "network_type": "PARAVIRTUALIZED",
                    "remote_data_volume_type": "PARAVIRTUALIZED"
                  }
                ],
                "listing_type": "",
                "operating_system": "Canonical Ubuntu",
                "operating_system_version": "18.04",
                "size_in_mbs": "47694",
                "state": "AVAILABLE",
                "time_created": "2022-03-17 21:24:29.681 +0000 UTC"
              },
              {
                "agent_features": [],
                "base_image_id": "",
                "billable_size_in_gbs": "2",
                "compartment_id": "",
                "create_image_allowed": true,
                "defined_tags": {},
                "display_name": "Canonical-Ubuntu-18.04-aarch64-2022.02.13-0",
                "freeform_tags": {},
                "id": "ocid1.image.oc1.ap-tokyo-1.aaaaaaaa7g4y7s4idq34iqr7yd6f6lp72rika3aovt4wcafbp7s2sqni5njq",
                "image_source_details": [],
                "instance_id": "",
                "launch_mode": "NATIVE",
                "launch_options": [
                  {
                    "boot_volume_type": "PARAVIRTUALIZED",
                    "firmware": "UEFI_64",
                    "is_consistent_volume_naming_enabled": true,
                    "is_pv_encryption_in_transit_enabled": true,
                    "network_type": "PARAVIRTUALIZED",
                    "remote_data_volume_type": "PARAVIRTUALIZED"
                  }
                ],
                "listing_type": "",
                "operating_system": "Canonical Ubuntu",
                "operating_system_version": "18.04",
                "size_in_mbs": "47694",
                "state": "AVAILABLE",
                "time_created": "2022-03-02 06:53:55.984 +0000 UTC"
              },
              {
                "agent_features": [],
                "base_image_id": "",
                "billable_size_in_gbs": "2",
                "compartment_id": "",
                "create_image_allowed": true,
                "defined_tags": {},
                "display_name": "Canonical-Ubuntu-18.04-aarch64-2022.01.18-0",
                "freeform_tags": {},
                "id": "ocid1.image.oc1.ap-tokyo-1.aaaaaaaacele4rmzonlaiypcwm46eh5y5zkbc6f656nym5hwtexepwzinyqa",
                "image_source_details": [],
                "instance_id": "",
                "launch_mode": "NATIVE",
                "launch_options": [
                  {
                    "boot_volume_type": "PARAVIRTUALIZED",
                    "firmware": "UEFI_64",
                    "is_consistent_volume_naming_enabled": true,
                    "is_pv_encryption_in_transit_enabled": true,
                    "network_type": "PARAVIRTUALIZED",
                    "remote_data_volume_type": "PARAVIRTUALIZED"
                  }
                ],
                "listing_type": "",
                "operating_system": "Canonical Ubuntu",
                "operating_system_version": "18.04",
                "size_in_mbs": "47694",
                "state": "AVAILABLE",
                "time_created": "2022-01-27 22:39:13.657 +0000 UTC"
              },
              {
                "agent_features": [],
                "base_image_id": "",
                "billable_size_in_gbs": "2",
                "compartment_id": "",
                "create_image_allowed": true,
                "defined_tags": {},
                "display_name": "Canonical-Ubuntu-18.04-Minimal-2022.03.02-0",
                "freeform_tags": {},
                "id": "ocid1.image.oc1.ap-tokyo-1.aaaaaaaafq3ufgkqw3tiuk22keqi6wlydhlxi6xwv3rgdid6cptcjhsypfda",
                "image_source_details": [],
                "instance_id": "",
                "launch_mode": "NATIVE",
                "launch_options": [
                  {
                    "boot_volume_type": "PARAVIRTUALIZED",
                    "firmware": "UEFI_64",
                    "is_consistent_volume_naming_enabled": true,
                    "is_pv_encryption_in_transit_enabled": true,
                    "network_type": "PARAVIRTUALIZED",
                    "remote_data_volume_type": "PARAVIRTUALIZED"
                  }
                ],
                "listing_type": "",
                "operating_system": "Canonical Ubuntu",
                "operating_system_version": "18.04 Minimal",
                "size_in_mbs": "47694",
                "state": "AVAILABLE",
                "time_created": "2022-03-17 21:24:21.699 +0000 UTC"
              },
              {
                "agent_features": [],
                "base_image_id": "",
                "billable_size_in_gbs": "2",
                "compartment_id": "",
                "create_image_allowed": true,
                "defined_tags": {},
                "display_name": "Canonical-Ubuntu-18.04-Minimal-2022.02.25-1",
                "freeform_tags": {},
                "id": "ocid1.image.oc1.ap-tokyo-1.aaaaaaaasixjywwphc4fcsebibxkza5ls5fpxgibtgp7j2cmy47hjne4oaxq",
                "image_source_details": [],
                "instance_id": "",
                "launch_mode": "NATIVE",
                "launch_options": [
                  {
                    "boot_volume_type": "PARAVIRTUALIZED",
                    "firmware": "UEFI_64",
                    "is_consistent_volume_naming_enabled": true,
                    "is_pv_encryption_in_transit_enabled": true,
                    "network_type": "PARAVIRTUALIZED",
                    "remote_data_volume_type": "PARAVIRTUALIZED"
                  }
                ],
                "listing_type": "",
                "operating_system": "Canonical Ubuntu",
                "operating_system_version": "18.04 Minimal",
                "size_in_mbs": "47694",
                "state": "AVAILABLE",
                "time_created": "2022-03-02 06:22:43.84 +0000 UTC"
              },
              {
                "agent_features": [],
                "base_image_id": "",
                "billable_size_in_gbs": "2",
                "compartment_id": "",
                "create_image_allowed": true,
                "defined_tags": {},
                "display_name": "Canonical-Ubuntu-18.04-Minimal-2022.01.18-0",
                "freeform_tags": {},
                "id": "ocid1.image.oc1.ap-tokyo-1.aaaaaaaaervln3ceafmfrxwl24ubdvyorpco5d4x5kildwdkeshqlkd5sd6a",
                "image_source_details": [],
                "instance_id": "",
                "launch_mode": "NATIVE",
                "launch_options": [
                  {
                    "boot_volume_type": "PARAVIRTUALIZED",
                    "firmware": "UEFI_64",
                    "is_consistent_volume_naming_enabled": true,
                    "is_pv_encryption_in_transit_enabled": true,
                    "network_type": "PARAVIRTUALIZED",
                    "remote_data_volume_type": "PARAVIRTUALIZED"
                  }
                ],
                "listing_type": "",
                "operating_system": "Canonical Ubuntu",
                "operating_system_version": "18.04 Minimal",
                "size_in_mbs": "47694",
                "state": "AVAILABLE",
                "time_created": "2022-01-27 22:37:56.545 +0000 UTC"
              },
              {
                "agent_features": [],
                "base_image_id": "",
                "billable_size_in_gbs": "2",
                "compartment_id": "",
                "create_image_allowed": true,
                "defined_tags": {},
                "display_name": "Canonical-Ubuntu-18.04-2022.03.02-0",
                "freeform_tags": {},
                "id": "ocid1.image.oc1.ap-tokyo-1.aaaaaaaaf2swmjdgmvjlsmink64yxkayvps6ozbo2vobn2szzahmung4sgpq",
                "image_source_details": [],
                "instance_id": "",
                "launch_mode": "NATIVE",
                "launch_options": [
                  {
                    "boot_volume_type": "PARAVIRTUALIZED",
                    "firmware": "UEFI_64",
                    "is_consistent_volume_naming_enabled": true,
                    "is_pv_encryption_in_transit_enabled": true,
                    "network_type": "PARAVIRTUALIZED",
                    "remote_data_volume_type": "PARAVIRTUALIZED"
                  }
                ],
                "listing_type": "",
                "operating_system": "Canonical Ubuntu",
                "operating_system_version": "18.04",
                "size_in_mbs": "47694",
                "state": "AVAILABLE",
                "time_created": "2022-03-17 21:25:25.839 +0000 UTC"
              },
              {
                "agent_features": [],
                "base_image_id": "",
                "billable_size_in_gbs": "2",
                "compartment_id": "",
                "create_image_allowed": true,
                "defined_tags": {},
                "display_name": "Canonical-Ubuntu-18.04-2022.02.13-0",
                "freeform_tags": {},
                "id": "ocid1.image.oc1.ap-tokyo-1.aaaaaaaat7fk5ajohgdhaum3jqtyoxrtkgzeo2oipa6ewjymbdusc3gtrwkq",
                "image_source_details": [],
                "instance_id": "",
                "launch_mode": "NATIVE",
                "launch_options": [
                  {
                    "boot_volume_type": "PARAVIRTUALIZED",
                    "firmware": "UEFI_64",
                    "is_consistent_volume_naming_enabled": true,
                    "is_pv_encryption_in_transit_enabled": true,
                    "network_type": "PARAVIRTUALIZED",
                    "remote_data_volume_type": "PARAVIRTUALIZED"
                  }
                ],
                "listing_type": "",
                "operating_system": "Canonical Ubuntu",
                "operating_system_version": "18.04",
                "size_in_mbs": "47694",
                "state": "AVAILABLE",
                "time_created": "2022-03-02 06:22:52.026 +0000 UTC"
              },
              {
                "agent_features": [],
                "base_image_id": "",
                "billable_size_in_gbs": "2",
                "compartment_id": "",
                "create_image_allowed": true,
                "defined_tags": {},
                "display_name": "Canonical-Ubuntu-18.04-2022.01.18-0",
                "freeform_tags": {},
                "id": "ocid1.image.oc1.ap-tokyo-1.aaaaaaaadec5b3hod2fzg5z4u53bfrud5tvbr52zci2vbrhlnjjzj56i6jrq",
                "image_source_details": [],
                "instance_id": "",
                "launch_mode": "NATIVE",
                "launch_options": [
                  {
                    "boot_volume_type": "PARAVIRTUALIZED",
                    "firmware": "UEFI_64",
                    "is_consistent_volume_naming_enabled": true,
                    "is_pv_encryption_in_transit_enabled": true,
                    "network_type": "PARAVIRTUALIZED",
                    "remote_data_volume_type": "PARAVIRTUALIZED"
                  }
                ],
                "listing_type": "",
                "operating_system": "Canonical Ubuntu",
                "operating_system_version": "18.04",
                "size_in_mbs": "47694",
                "state": "AVAILABLE",
                "time_created": "2022-01-27 22:38:12.503 +0000 UTC"
              },
              {
                "agent_features": [],
                "base_image_id": "",
                "billable_size_in_gbs": "5",
                "compartment_id": "ocid1.compartment.oc1..aaaaaaaa6nncoszmpc4aawentrwapoqfg2xsqlxhasdqlo2pv5t3acsnudca",
                "create_image_allowed": true,
                "defined_tags": {},
                "display_name": "vm",
                "freeform_tags": {
                  "cloud_bucket_name": "qRadar",
                  "cloud_object_name": "vm-disk001",
                  "cloud_source": "object",
                  "created_by": "VirtualBox",
                  "vbox_api_version": "6_1",
                  "vbox_medium_device_type": "3",
                  "vbox_medium_format": "vdi",
                  "vbox_medium_name": "QCE-jan22-disk1.vdi",
                  "vbox_medium_size": "2147483648",
                  "vbox_version": "6.1.30"
                },
                "id": "ocid1.image.oc1.ap-tokyo-1.aaaaaaaa7dqarkhfbnocavgzaactyjfcapto5nacpjy4cucc245wswjnbena",
                "image_source_details": [],
                "instance_id": "",
                "launch_mode": "EMULATED",
                "launch_options": [
                  {
                    "boot_volume_type": "IDE",
                    "firmware": "BIOS",
                    "is_consistent_volume_naming_enabled": false,
                    "is_pv_encryption_in_transit_enabled": false,
                    "network_type": "E1000",
                    "remote_data_volume_type": "SCSI"
                  }
                ],
                "listing_type": "",
                "operating_system": "Custom",
                "operating_system_version": "Custom",
                "size_in_mbs": "256000",
                "state": "AVAILABLE",
                "time_created": "2022-03-31 06:51:54.706 +0000 UTC"
              },
              {
                "agent_features": [],
                "base_image_id": "",
                "billable_size_in_gbs": "5",
                "compartment_id": "ocid1.compartment.oc1..aaaaaaaa6nncoszmpc4aawentrwapoqfg2xsqlxhasdqlo2pv5t3acsnudca",
                "create_image_allowed": true,
                "defined_tags": {},
                "display_name": "qRadar",
                "freeform_tags": {},
                "id": "ocid1.image.oc1.ap-tokyo-1.aaaaaaaa6f67joedwuxx4vtkfq7iu6mzak23o4gtjw3pmiyfbjsfdkqbv6fa",
                "image_source_details": [],
                "instance_id": "",
                "launch_mode": "PARAVIRTUALIZED",
                "launch_options": [
                  {
                    "boot_volume_type": "PARAVIRTUALIZED",
                    "firmware": "BIOS",
                    "is_consistent_volume_naming_enabled": false,
                    "is_pv_encryption_in_transit_enabled": false,
                    "network_type": "PARAVIRTUALIZED",
                    "remote_data_volume_type": "PARAVIRTUALIZED"
                  }
                ],
                "listing_type": "",
                "operating_system": "Custom",
                "operating_system_version": "Custom",
                "size_in_mbs": "256000",
                "state": "AVAILABLE",
                "time_created": "2022-03-28 10:15:29.855 +0000 UTC"
              }
            ],
            "operating_system": null,
            "operating_system_version": null,
            "shape": null,
            "sort_by": null,
            "sort_order": null,
            "state": null
          },
          "sensitive_attributes": []
        }
      ]
    },
    {
      "mode": "data",
      "type": "oci_identity_availability_domains",
      "name": "ADs",
      "provider": "provider[\"registry.terraform.io/hashicorp/oci\"]",
      "instances": [
        {
          "schema_version": 0,
          "attributes": {
            "availability_domains": [
              {
                "compartment_id": "ocid1.compartment.oc1..aaaaaaaa6nncoszmpc4aawentrwapoqfg2xsqlxhasdqlo2pv5t3acsnudca",
                "id": "ocid1.availabilitydomain.oc1..aaaaaaaaaijs56nfsz2usbwsr6k6t5b3do7hns6ib2day6le5scrvvjpeceq",
                "name": "hnvV:AP-TOKYO-1-AD-1"
              }
            ],
            "compartment_id": "ocid1.compartment.oc1..aaaaaaaa6nncoszmpc4aawentrwapoqfg2xsqlxhasdqlo2pv5t3acsnudca",
            "filter": null,
            "id": "IdentityAvailabilityDomainsDataSource-1078684811"
          },
          "sensitive_attributes": []
        }
      ]
    },
    {
      "mode": "data",
      "type": "oci_identity_region_subscriptions",
      "name": "home_region_subscriptions",
      "provider": "provider[\"registry.terraform.io/hashicorp/oci\"]",
      "instances": [
        {
          "schema_version": 0,
          "attributes": {
            "filter": [
              {
                "name": "is_home_region",
                "regex": false,
                "values": [
                  "true"
                ]
              }
            ],
            "id": "IdentityRegionSubscriptionsDataSource-2023362812",
            "region_subscriptions": [
              {
                "is_home_region": true,
                "region_key": "PHX",
                "region_name": "us-phoenix-1",
                "state": "READY",
                "tenancy_id": ""
              }
            ],
            "tenancy_id": "ocid1.tenancy.oc1..aaaaaaaajbztplgj33goaagocrwiqgzdajr45hcb35i3zqjiiurrbh5ikzfa"
          },
          "sensitive_attributes": []
        }
      ]
    },
    {
      "mode": "data",
      "type": "oci_identity_regions",
      "name": "oci_regions",
      "provider": "provider[\"registry.terraform.io/hashicorp/oci\"]",
      "instances": [
        {
          "schema_version": 0,
          "attributes": {
            "filter": [
              {
                "name": "name",
                "regex": false,
                "values": [
                  "ap-tokyo-1"
                ]
              }
            ],
            "id": "IdentityRegionsDataSource-0",
            "regions": [
              {
                "key": "NRT",
                "name": "ap-tokyo-1"
              }
            ]
          },
          "sensitive_attributes": []
        }
      ]
    },
    {
      "mode": "data",
      "type": "oci_identity_tenancy",
      "name": "current_user_tenancy",
      "provider": "provider[\"registry.terraform.io/hashicorp/oci\"].homeregion",
      "instances": [
        {
          "schema_version": 0,
          "attributes": {
            "defined_tags": {
              "OracleInternalReserved.CostCenter": "603535",
              "OracleInternalReserved.OwnerEmail": "siva.edupuganti@oracle.com",
              "OracleInternalReserved.ServiceType": "IaaS",
              "OracleInternalReserved.UsageType": "development-qa-test"
            },
            "description": " Demo",
            "freeform_tags": {},
            "home_region_key": "PHX",
            "id": "ocid1.tenancy.oc1..aaaaaaaajbztplgj33goaagocrwiqgzdajr45hcb35i3zqjiiurrbh5ikzfa",
            "name": "iaassiedupu",
            "tenancy_id": "ocid1.tenancy.oc1..aaaaaaaajbztplgj33goaagocrwiqgzdajr45hcb35i3zqjiiurrbh5ikzfa",
            "upi_idcs_compatibility_layer_endpoint": "https://idcs-cloudinfra.upi.identity.us-phoenix-1.oci.oraclecloud.com/sm/v1/Tenants/idcs-ce43372998a7481d94910c0c68dadf0d"
          },
          "sensitive_attributes": []
        }
      ]
    },
    {
      "mode": "data",
      "type": "oci_identity_user",
      "name": "current_user",
      "provider": "provider[\"registry.terraform.io/hashicorp/oci\"].homeregion",
      "instances": [
        {
          "schema_version": 0,
          "attributes": {
            "capabilities": [
              {
                "can_use_api_keys": true,
                "can_use_auth_tokens": true,
                "can_use_console_password": true,
                "can_use_customer_secret_keys": true,
                "can_use_db_credentials": true,
                "can_use_oauth2client_credentials": true,
                "can_use_smtp_credentials": true
              }
            ],
            "compartment_id": "ocid1.tenancy.oc1..aaaaaaaajbztplgj33goaagocrwiqgzdajr45hcb35i3zqjiiurrbh5ikzfa",
            "db_user_name": null,
            "defined_tags": {},
            "description": "Nitin Soni",
            "email": "nitin.s.soni@oracle.com",
            "email_verified": true,
            "external_identifier": null,
            "freeform_tags": {},
            "id": "ocid1.user.oc1..aaaaaaaa35wsc54qk5yrf4deg7gn2njulzuw6tonitub7ww3hg7iijco4s2a",
            "identity_provider_id": null,
            "inactive_state": null,
            "last_successful_login_time": "2022-04-04 05:35:37.404 +0000 UTC",
            "name": "nitin.s.soni@oracle.com",
            "previous_successful_login_time": null,
            "state": "ACTIVE",
            "time_created": "2021-11-02 16:46:11.383 +0000 UTC",
            "user_id": "ocid1.user.oc1..aaaaaaaa35wsc54qk5yrf4deg7gn2njulzuw6tonitub7ww3hg7iijco4s2a"
          },
          "sensitive_attributes": []
        }
      ]
    },
    {
      "mode": "data",
      "type": "template_cloudinit_config",
      "name": "cloud_init",
      "provider": "provider[\"registry.terraform.io/hashicorp/template\"]",
      "instances": [
        {
          "schema_version": 0,
          "attributes": {
            "base64_encode": true,
            "gzip": true,
            "id": "3693410963",
            "part": [
              {
                "content": "#!/bin/bash\r\n\r\ncp /home/opc/.ssh/authorized_keys /home/opc/.ssh/authorized_keys.bak\r\necho \"ssh-rsa AAAAB3NzaC1yc2EAAAADAQABAAABAQCITRHo9YSa+Fit0e+HwiO47mJ35bOWlYHWoi/W5UcUO5xG2wSXNzbNPw9uGALbW+yghmt05ZZz7h3krhytB6rYfdHQYnH5/Q6YFuYdG3/1aVlAYwcZhpKSomnY4AtAzUpJpjQoopt2n0b5gVoTYbZMsS20zu6e6Um/4rDL92RNeMvb5aUX4JNMxIwE6t1ZedUd3rdmwVJG8FTktznbapQdbVPYi7qMdhdSpYT2vE2xBQw+c6rfajrWZlxpUi+L7zskgw2vflxfEd95iQMoaZPYimhCMb88hpPjw0o9eykOYi/ZmlsLh05AGzhUNHviTgTNyN9Wsi+0zBT92TRHiXy/ rsa-key-20211027\" \u003e\u003e /home/opc/.ssh/authorized_keys\r\nchown -R opc /home/opc/.ssh/authorized_keys\r\n",
                "content_type": "text/x-shellscript",
                "filename": "ainit.sh",
                "merge_type": ""
              }
            ],
            "rendered": "H4sIAAAAAAAA/4SSXW/iOhCG7yPxH3I4lygkBAKlVSuFj0I5JBBIoMnNkZ0Y7JLYXtuQj1+/otJqq92LXj4zz4xeaWbKqEJUGWHN0aNeXHNFOBDKLEiFsicdsivNgKif296bN59sIn/m7uK2difjgIQkjD7qva7V0lqaYXyVWtqv3TMiOZNEfbpAKZDiAlH1pJ9Ijigo0HMbEEpUV+L276lQACpPSBhzmrKM0POjPoJEfRE+IytUKbMyJEZ5LlNBuGppHinQX+n+/ceEhJoQSHzHlOsmZgUyGU/NrpTYBFeFmSANyv6/oFp+0+5CcGlpKMVMb0uJDSGB7rquO+n7DZj26tSe33HmBu7kXnaD6Vu4W7JxvAedV6Is1FmWZDMYFau+AzfHPF4eGTGPTpRGG6da2OX+3W+gvy3H14W7hsdOfcaFspwkaUa4fxG4VpOhiE/ZMojp0jGDYfx6jbNF3+yBQ+7GZZpg/t+eFTQeuMptIr7iHwFjXNnUgs75wMIYJp7c21ZzHaJhVJgDMVuP7Z2PvBt0QPQ+WPle9VbOh6qXoCzK+iIrysNq8fAaXlRDIeBBBg/bmIx+eBnO9jwO7dvcriZB2UmH4gQ+xDHJKx6RznrUyMu5tG+nvDrNs7FDAo+BZBuTAk89+PCA+fajtNgY1ZdNTMykyOUaW467aHDkL28kPId+7Y+PknSsZhKO7XC3JO+1qQsJjAuqDduyez3LHrX1l5dvbtfSUsxKqhs7nfH0W/nPzzaMlvYzAAD//5MmOtQ4AwAA"
          },
          "sensitive_attributes": []
        }
      ]
    },
    {
      "mode": "data",
      "type": "template_file",
      "name": "kafka_connector_config",
      "provider": "provider[\"registry.terraform.io/hashicorp/template\"]",
      "instances": [
        {
          "schema_version": 0,
          "attributes": {
            "filename": null,
            "id": "8e0649488ab168b9ccb6516588200e35a9c0e6226dc773510e54c593b9b8969f",
            "rendered": "##\n# Licensed to the Apache Software Foundation (ASF) under one or more\n# contributor license agreements.  See the NOTICE file distributed with\n# this work for additional information regarding copyright ownership.\n# The ASF licenses this file to You under the Apache License, Version 2.0\n# (the \"License\"); you may not use this file except in compliance with\n# the License.  You may obtain a copy of the License at\n#\n#    http://www.apache.org/licenses/LICENSE-2.0\n#\n# Unless required by applicable law or agreed to in writing, software\n# distributed under the License is distributed on an \"AS IS\" BASIS,\n# WITHOUT WARRANTIES OR CONDITIONS OF ANY KIND, either express or implied.\n# See the License for the specific language governing permissions and\n# limitations under the License.\n##\n\n# This file contains some of the configurations for the Kafka Connect distributed worker. This file is intended\n# to be used with the examples, and some settings may differ from those used in a production system, especially\n# the `bootstrap.servers` and those specifying replication factors.\n\n# A list of host/port pairs to use for establishing the initial connection to the Kafka cluster.\nbootstrap.servers=cell-1.streaming.ap-tokyo-1.oci.oraclecloud.com:9092\n\n# unique name for the cluster, used in forming the Connect cluster group. Note that this must not conflict with consumer group IDs\ngroup.id=kafka-connect-cluster\n\n# The converters specify the format of data in Kafka and how to translate it into Connect data. Every Connect user will\n# need to configure these based on the format they want their data in when loaded from or stored into Kafka\nkey.converter=org.apache.kafka.connect.json.JsonConverter\nvalue.converter=org.apache.kafka.connect.json.JsonConverter\n# Converter-specific settings can be passed in by prefixing the Converter's setting with the converter we want to apply\n# it to\nkey.converter.schemas.enable=false\nvalue.converter.schemas.enable=false\n\n# Topic to use for storing offsets. This topic should have many partitions and be replicated and compacted.\n# Kafka Connect will attempt to create the topic automatically when needed, but you can always manually create\n# the topic before starting Kafka Connect if a specific topic configuration is needed.\n# Most users will want to use the built-in default replication factor of 3 or in some cases even specify a larger value.\n# Since this means there must be at least as many brokers as the maximum replication factor used, we'd like to be able\n# to run this example on a single-broker cluster and so here we instead set the replication factor to 1.\noffset.storage.topic=ocid1.connectharness.oc1.ap-tokyo-1.amaaaaaa2wppjyqa7sspsrmgi5eh5gv4lx3ej3y4ng2nskjwleyzoew52nea-offset\n#offset.storage.replication.factor=1\n#offset.storage.partitions=25\n\n# Topic to use for storing connector and task configurations; note that this should be a single partition, highly replicated,\n# and compacted topic. Kafka Connect will attempt to create the topic automatically when needed, but you can always manually create\n# the topic before starting Kafka Connect if a specific topic configuration is needed.\n# Most users will want to use the built-in default replication factor of 3 or in some cases even specify a larger value.\n# Since this means there must be at least as many brokers as the maximum replication factor used, we'd like to be able\n# to run this example on a single-broker cluster and so here we instead set the replication factor to 1.\nconfig.storage.topic=ocid1.connectharness.oc1.ap-tokyo-1.amaaaaaa2wppjyqa7sspsrmgi5eh5gv4lx3ej3y4ng2nskjwleyzoew52nea-config\n#config.storage.replication.factor=1\n\n# Topic to use for storing statuses. This topic can have multiple partitions and should be replicated and compacted.\n# Kafka Connect will attempt to create the topic automatically when needed, but you can always manually create\n# the topic before starting Kafka Connect if a specific topic configuration is needed.\n# Most users will want to use the built-in default replication factor of 3 or in some cases even specify a larger value.\n# Since this means there must be at least as many brokers as the maximum replication factor used, we'd like to be able\n# to run this example on a single-broker cluster and so here we instead set the replication factor to 1.\nstatus.storage.topic=ocid1.connectharness.oc1.ap-tokyo-1.amaaaaaa2wppjyqa7sspsrmgi5eh5gv4lx3ej3y4ng2nskjwleyzoew52nea-status\n#status.storage.replication.factor=1\n#status.storage.partitions=5\n\n# Flush much faster than normal, which is useful for testing/debugging\noffset.flush.interval.ms=10000\n\nsecurity.protocol=SASL_SSL\nsasl.mechanism=PLAIN\nsasl.jaas.config=org.apache.kafka.common.security.plain.PlainLoginModule required username=\"iaassiedupu/nitin.s.soni@oracle.com/ocid1.streampool.oc1.ap-tokyo-1.amaaaaaa2wppjyqag3tmwjbzzuikxfmwwkzcz5hke7a3ghorzywihcciqdva\" password=\"Z3C)o(byuc+hVH\u003e#_DDe\";\n\nproducer.buffer.memory=10240\nproducer.batch.size=1024\nproducer.max.block.ms=60000\nproducer.max.request.size=10000\nproducer.compression.type=gzip\nproducer.sasl.mechanism=PLAIN\nproducer.security.protocol=SASL_SSL\nproducer.sasl.jaas.config=org.apache.kafka.common.security.plain.PlainLoginModule required username=\"iaassiedupu/nitin.s.soni@oracle.com/ocid1.streampool.oc1.ap-tokyo-1.amaaaaaa2wppjyqag3tmwjbzzuikxfmwwkzcz5hke7a3ghorzywihcciqdva\" password=\"Z3C)o(byuc+hVH\u003e#_DDe\";\n\nconsumer.sasl.mechanism=PLAIN\nconsumer.security.protocol=SASL_SSL\nconsumer.sasl.jaas.config=org.apache.kafka.common.security.plain.PlainLoginModule required username=\"iaassiedupu/nitin.s.soni@oracle.com/ocid1.streampool.oc1.ap-tokyo-1.amaaaaaa2wppjyqag3tmwjbzzuikxfmwwkzcz5hke7a3ghorzywihcciqdva\" password=\"Z3C)o(byuc+hVH\u003e#_DDe\";\n\n\n# These are provided to inform the user about the presence of the REST host and port configs \n# Hostname \u0026 Port for the REST API to listen on. If this is set, it will bind to the interface used to listen to requests.\n#rest.host.name=\n#rest.port=8083\n\n# The Hostname \u0026 Port that will be given out to other workers to connect to i.e. URLs that are routable from other servers.\n#rest.advertised.host.name=\n#rest.advertised.port=\n\n# Set to a list of filesystem paths separated by commas (,) to enable class loading isolation for plugins\n# (connectors, converters, transformations). The list should consist of top level directories that include \n# any combination of: \n# a) directories immediately containing jars with plugins and their dependencies\n# b) uber-jars with plugins and their dependencies\n# c) directories immediately containing the package directory structure of classes of plugins and their dependencies\n# Examples: \n# plugin.path=/usr/local/share/java,/usr/local/share/kafka/plugins,/opt/connectors,\n",
            "template": "##\n# Licensed to the Apache Software Foundation (ASF) under one or more\n# contributor license agreements.  See the NOTICE file distributed with\n# this work for additional information regarding copyright ownership.\n# The ASF licenses this file to You under the Apache License, Version 2.0\n# (the \"License\"); you may not use this file except in compliance with\n# the License.  You may obtain a copy of the License at\n#\n#    http://www.apache.org/licenses/LICENSE-2.0\n#\n# Unless required by applicable law or agreed to in writing, software\n# distributed under the License is distributed on an \"AS IS\" BASIS,\n# WITHOUT WARRANTIES OR CONDITIONS OF ANY KIND, either express or implied.\n# See the License for the specific language governing permissions and\n# limitations under the License.\n##\n\n# This file contains some of the configurations for the Kafka Connect distributed worker. This file is intended\n# to be used with the examples, and some settings may differ from those used in a production system, especially\n# the `bootstrap.servers` and those specifying replication factors.\n\n# A list of host/port pairs to use for establishing the initial connection to the Kafka cluster.\nbootstrap.servers=cell-1.streaming.${REGION}.oci.oraclecloud.com:9092\n\n# unique name for the cluster, used in forming the Connect cluster group. Note that this must not conflict with consumer group IDs\ngroup.id=kafka-connect-cluster\n\n# The converters specify the format of data in Kafka and how to translate it into Connect data. Every Connect user will\n# need to configure these based on the format they want their data in when loaded from or stored into Kafka\nkey.converter=org.apache.kafka.connect.json.JsonConverter\nvalue.converter=org.apache.kafka.connect.json.JsonConverter\n# Converter-specific settings can be passed in by prefixing the Converter's setting with the converter we want to apply\n# it to\nkey.converter.schemas.enable=false\nvalue.converter.schemas.enable=false\n\n# Topic to use for storing offsets. This topic should have many partitions and be replicated and compacted.\n# Kafka Connect will attempt to create the topic automatically when needed, but you can always manually create\n# the topic before starting Kafka Connect if a specific topic configuration is needed.\n# Most users will want to use the built-in default replication factor of 3 or in some cases even specify a larger value.\n# Since this means there must be at least as many brokers as the maximum replication factor used, we'd like to be able\n# to run this example on a single-broker cluster and so here we instead set the replication factor to 1.\noffset.storage.topic=${CONNECT_HARNESS_OCID}-offset\n#offset.storage.replication.factor=1\n#offset.storage.partitions=25\n\n# Topic to use for storing connector and task configurations; note that this should be a single partition, highly replicated,\n# and compacted topic. Kafka Connect will attempt to create the topic automatically when needed, but you can always manually create\n# the topic before starting Kafka Connect if a specific topic configuration is needed.\n# Most users will want to use the built-in default replication factor of 3 or in some cases even specify a larger value.\n# Since this means there must be at least as many brokers as the maximum replication factor used, we'd like to be able\n# to run this example on a single-broker cluster and so here we instead set the replication factor to 1.\nconfig.storage.topic=${CONNECT_HARNESS_OCID}-config\n#config.storage.replication.factor=1\n\n# Topic to use for storing statuses. This topic can have multiple partitions and should be replicated and compacted.\n# Kafka Connect will attempt to create the topic automatically when needed, but you can always manually create\n# the topic before starting Kafka Connect if a specific topic configuration is needed.\n# Most users will want to use the built-in default replication factor of 3 or in some cases even specify a larger value.\n# Since this means there must be at least as many brokers as the maximum replication factor used, we'd like to be able\n# to run this example on a single-broker cluster and so here we instead set the replication factor to 1.\nstatus.storage.topic=${CONNECT_HARNESS_OCID}-status\n#status.storage.replication.factor=1\n#status.storage.partitions=5\n\n# Flush much faster than normal, which is useful for testing/debugging\noffset.flush.interval.ms=10000\n\nsecurity.protocol=SASL_SSL\nsasl.mechanism=PLAIN\nsasl.jaas.config=org.apache.kafka.common.security.plain.PlainLoginModule required username=\"${TENANCY_NAME}/${USER_NAME}/${STREAM_POOL}\" password=\"${AUTH_CODE}\";\n\nproducer.buffer.memory=10240\nproducer.batch.size=1024\nproducer.max.block.ms=60000\nproducer.max.request.size=10000\nproducer.compression.type=gzip\nproducer.sasl.mechanism=PLAIN\nproducer.security.protocol=SASL_SSL\nproducer.sasl.jaas.config=org.apache.kafka.common.security.plain.PlainLoginModule required username=\"${TENANCY_NAME}/${USER_NAME}/${STREAM_POOL}\" password=\"${AUTH_CODE}\";\n\nconsumer.sasl.mechanism=PLAIN\nconsumer.security.protocol=SASL_SSL\nconsumer.sasl.jaas.config=org.apache.kafka.common.security.plain.PlainLoginModule required username=\"${TENANCY_NAME}/${USER_NAME}/${STREAM_POOL}\" password=\"${AUTH_CODE}\";\n\n\n# These are provided to inform the user about the presence of the REST host and port configs \n# Hostname \u0026 Port for the REST API to listen on. If this is set, it will bind to the interface used to listen to requests.\n#rest.host.name=\n#rest.port=8083\n\n# The Hostname \u0026 Port that will be given out to other workers to connect to i.e. URLs that are routable from other servers.\n#rest.advertised.host.name=\n#rest.advertised.port=\n\n# Set to a list of filesystem paths separated by commas (,) to enable class loading isolation for plugins\n# (connectors, converters, transformations). The list should consist of top level directories that include \n# any combination of: \n# a) directories immediately containing jars with plugins and their dependencies\n# b) uber-jars with plugins and their dependencies\n# c) directories immediately containing the package directory structure of classes of plugins and their dependencies\n# Examples: \n# plugin.path=/usr/local/share/java,/usr/local/share/kafka/plugins,/opt/connectors,\n",
            "vars": {
              "AUTH_CODE": "Z3C)o(byuc+hVH\u003e#_DDe",
              "CONNECT_HARNESS_OCID": "ocid1.connectharness.oc1.ap-tokyo-1.amaaaaaa2wppjyqa7sspsrmgi5eh5gv4lx3ej3y4ng2nskjwleyzoew52nea",
              "REGION": "ap-tokyo-1",
              "STREAM_POOL": "ocid1.streampool.oc1.ap-tokyo-1.amaaaaaa2wppjyqag3tmwjbzzuikxfmwwkzcz5hke7a3ghorzywihcciqdva",
              "TENANCY_NAME": "iaassiedupu",
              "USER_NAME": "nitin.s.soni@oracle.com"
            }
          },
          "sensitive_attributes": []
        }
      ]
    },
    {
      "mode": "data",
      "type": "template_file",
      "name": "key_script",
      "provider": "provider[\"registry.terraform.io/hashicorp/template\"]",
      "instances": [
        {
          "schema_version": 0,
          "attributes": {
            "filename": null,
            "id": "8440e5a1218603876befdcd1639478cfe7e5405cdbf913099ae0b310430e9938",
            "rendered": "#!/bin/bash\r\n\r\ncp /home/opc/.ssh/authorized_keys /home/opc/.ssh/authorized_keys.bak\r\necho \"ssh-rsa AAAAB3NzaC1yc2EAAAADAQABAAABAQCITRHo9YSa+Fit0e+HwiO47mJ35bOWlYHWoi/W5UcUO5xG2wSXNzbNPw9uGALbW+yghmt05ZZz7h3krhytB6rYfdHQYnH5/Q6YFuYdG3/1aVlAYwcZhpKSomnY4AtAzUpJpjQoopt2n0b5gVoTYbZMsS20zu6e6Um/4rDL92RNeMvb5aUX4JNMxIwE6t1ZedUd3rdmwVJG8FTktznbapQdbVPYi7qMdhdSpYT2vE2xBQw+c6rfajrWZlxpUi+L7zskgw2vflxfEd95iQMoaZPYimhCMb88hpPjw0o9eykOYi/ZmlsLh05AGzhUNHviTgTNyN9Wsi+0zBT92TRHiXy/ rsa-key-20211027\" \u003e\u003e /home/opc/.ssh/authorized_keys\r\nchown -R opc /home/opc/.ssh/authorized_keys\r\n",
            "template": "#!/bin/bash\r\n\r\ncp /home/opc/.ssh/authorized_keys /home/opc/.ssh/authorized_keys.bak\r\necho \"${ssh_public_key}\" \u003e\u003e /home/opc/.ssh/authorized_keys\r\nchown -R opc /home/opc/.ssh/authorized_keys\r\n",
            "vars": {
              "ssh_public_key": "ssh-rsa AAAAB3NzaC1yc2EAAAADAQABAAABAQCITRHo9YSa+Fit0e+HwiO47mJ35bOWlYHWoi/W5UcUO5xG2wSXNzbNPw9uGALbW+yghmt05ZZz7h3krhytB6rYfdHQYnH5/Q6YFuYdG3/1aVlAYwcZhpKSomnY4AtAzUpJpjQoopt2n0b5gVoTYbZMsS20zu6e6Um/4rDL92RNeMvb5aUX4JNMxIwE6t1ZedUd3rdmwVJG8FTktznbapQdbVPYi7qMdhdSpYT2vE2xBQw+c6rfajrWZlxpUi+L7zskgw2vflxfEd95iQMoaZPYimhCMb88hpPjw0o9eykOYi/ZmlsLh05AGzhUNHviTgTNyN9Wsi+0zBT92TRHiXy/ rsa-key-20211027"
            }
          },
          "sensitive_attributes": []
        }
      ]
    },
    {
      "mode": "data",
      "type": "template_file",
      "name": "twitter_connector_config",
      "provider": "provider[\"registry.terraform.io/hashicorp/template\"]",
      "instances": [
        {
          "schema_version": 0,
          "attributes": {
            "filename": null,
            "id": "ce6d90808abfb3c08d95540c272d41f346aae2a85213e973a57f9b4ce1eab9d5",
            "rendered": "{\r\n\t\"name\": \"twitter-connector\",\r\n\t\"config\": {\r\n\t\t\"connector.class\": \"com.github.jcustenborder.kafka.connect.twitter.TwitterSourceConnector\",\r\n\t\t\"tasks.max\": \"1\",\r\n\t\t\"filter.keywords\": \"rushia\",\r\n\t\t\"kafka.status.topic\": \"tweets\",\r\n\t\t\"process.deletes\": \"false\",\r\n\t\t\"twitter.oauth.accessToken\": \"1504351715885457412-ut4cYsaHx55ZdkylpeNd7tnxvM6rRX\",\r\n\t\t\"twitter.oauth.accessTokenSecret\": \"7YrUS2HwDDPoHD5iAmJqm46idRwCj91GtHqMMVyEV5NAV\",\r\n\t\t\"twitter.oauth.consumerKey\": \"ylcsUoJsLGKvPIVmQbqibAfCb\",\r\n\t\t\"twitter.oauth.consumerSecret\": \"aYYhC4pGb6rYR2wJVlChYFiCCqb69CGpzF7d2UY0taY1qzcUyh\",\r\n\t\t\"filter.userIds\": \"\",\r\n\t\t\"queue.batch.size\": \"100\",\r\n\t\t\"queue.empty.ms\": \"1000\",\r\n\t\t\"twitter.debug\": \"true\"\r\n\t}\r\n}",
            "template": "{\r\n\t\"name\": \"twitter-connector\",\r\n\t\"config\": {\r\n\t\t\"connector.class\": \"com.github.jcustenborder.kafka.connect.twitter.TwitterSourceConnector\",\r\n\t\t\"tasks.max\": \"1\",\r\n\t\t\"filter.keywords\": \"rushia\",\r\n\t\t\"kafka.status.topic\": \"tweets\",\r\n\t\t\"process.deletes\": \"false\",\r\n\t\t\"twitter.oauth.accessToken\": \"${twitter_oauth_accessToken}\",\r\n\t\t\"twitter.oauth.accessTokenSecret\": \"${twitter_oauth_accessTokenSecret}\",\r\n\t\t\"twitter.oauth.consumerKey\": \"${twitter_oauth_consumerKey}\",\r\n\t\t\"twitter.oauth.consumerSecret\": \"${twitter_oauth_consumerSecret}\",\r\n\t\t\"filter.userIds\": \"\",\r\n\t\t\"queue.batch.size\": \"100\",\r\n\t\t\"queue.empty.ms\": \"1000\",\r\n\t\t\"twitter.debug\": \"true\"\r\n\t}\r\n}",
            "vars": {
              "filter": "Oracle",
              "topic_name": "tweets",
              "twitter_oauth_accessToken": "1504351715885457412-ut4cYsaHx55ZdkylpeNd7tnxvM6rRX",
              "twitter_oauth_accessTokenSecret": "7YrUS2HwDDPoHD5iAmJqm46idRwCj91GtHqMMVyEV5NAV",
              "twitter_oauth_consumerKey": "ylcsUoJsLGKvPIVmQbqibAfCb",
              "twitter_oauth_consumerSecret": "aYYhC4pGb6rYR2wJVlChYFiCCqb69CGpzF7d2UY0taY1qzcUyh"
            }
          },
          "sensitive_attributes": []
        }
      ]
    },
    {
      "mode": "managed",
      "type": "null_resource",
      "name": "Login2OCIR",
      "provider": "provider[\"registry.terraform.io/hashicorp/null\"]",
      "instances": [
        {
          "status": "tainted",
          "schema_version": 0,
          "attributes": {
            "id": "4728592882764390321",
            "triggers": null
          },
          "sensitive_attributes": [],
          "private": "bnVsbA==",
          "dependencies": [
            "data.oci_identity_region_subscriptions.home_region_subscriptions",
            "data.oci_identity_regions.oci_regions",
            "data.oci_identity_tenancy.current_user_tenancy",
            "oci_core_subnet.kafkaConnectSubnet",
            "oci_functions_application.fn_application"
          ]
        }
      ]
    },
    {
      "mode": "managed",
      "type": "null_resource",
      "name": "function_Push2OCIR",
      "provider": "provider[\"registry.terraform.io/hashicorp/null\"]",
      "instances": []
    },
    {
      "mode": "managed",
      "type": "null_resource",
      "name": "run_scripts",
      "provider": "provider[\"registry.terraform.io/hashicorp/null\"]",
      "instances": [
        {
          "schema_version": 0,
          "attributes": {
            "id": "2993771611775703241",
            "triggers": null
          },
          "sensitive_attributes": [],
          "private": "bnVsbA==",
          "dependencies": [
            "data.oci_core_images.InstanceImageOCID",
            "data.oci_identity_availability_domains.ADs",
            "data.oci_identity_region_subscriptions.home_region_subscriptions",
            "data.oci_identity_tenancy.current_user_tenancy",
            "data.oci_identity_user.current_user",
            "data.template_cloudinit_config.cloud_init",
            "data.template_file.kafka_connector_config",
            "data.template_file.key_script",
            "data.template_file.twitter_connector_config",
            "oci_core_instance.compute_instance",
            "oci_core_subnet.kafkaConnectSubnet",
            "oci_identity_auth_token.auth_token",
            "oci_streaming_connect_harness.connect_harness",
            "oci_streaming_stream_pool.stream_pool",
            "tls_private_key.public_private_key_pair"
          ]
        }
      ]
    },
    {
      "mode": "managed",
      "type": "oci_artifacts_container_repository",
      "name": "sch_fn_container_repository",
      "provider": "provider[\"registry.terraform.io/hashicorp/oci\"]",
      "instances": [
        {
          "schema_version": 0,
          "attributes": {
            "billable_size_in_gbs": "0",
            "compartment_id": "ocid1.compartment.oc1..aaaaaaaa6nncoszmpc4aawentrwapoqfg2xsqlxhasdqlo2pv5t3acsnudca",
            "created_by": "ocid1.user.oc1..aaaaaaaa35wsc54qk5yrf4deg7gn2njulzuw6tonitub7ww3hg7iijco4s2a",
            "display_name": "functions/cloud-ai-sentiments-fn",
            "id": "ocid1.containerrepo.oc1.ap-tokyo-1.0.iaassiedupu.aaaaaaaajm3bisbck3ajsbxnbw5lovw3w7pk4bvo557mzsabybu757p4tzsq",
            "image_count": 0,
            "is_immutable": false,
            "is_public": false,
            "layer_count": 0,
            "layers_size_in_bytes": "0",
            "readme": [],
            "state": "AVAILABLE",
            "time_created": "2022-04-04 07:19:39.994 +0000 UTC",
            "time_last_pushed": null,
            "timeouts": null
          },
          "sensitive_attributes": [],
          "private": "eyJlMmJmYjczMC1lY2FhLTExZTYtOGY4OC0zNDM2M2JjN2M0YzAiOnsiY3JlYXRlIjoxMjAwMDAwMDAwMDAwLCJkZWxldGUiOjEyMDAwMDAwMDAwMDAsInVwZGF0ZSI6MTIwMDAwMDAwMDAwMH19"
        }
      ]
    },
    {
      "mode": "managed",
      "type": "oci_core_dhcp_options",
      "name": "dhcpoptions1",
      "provider": "provider[\"registry.terraform.io/hashicorp/oci\"]",
      "instances": [
        {
          "schema_version": 0,
          "attributes": {
            "compartment_id": "ocid1.compartment.oc1..aaaaaaaa6nncoszmpc4aawentrwapoqfg2xsqlxhasdqlo2pv5t3acsnudca",
            "defined_tags": {},
            "display_name": "dhcpoptions1",
            "domain_name_type": "CUSTOM_DOMAIN",
            "freeform_tags": {},
            "id": "ocid1.dhcpoptions.oc1.ap-tokyo-1.aaaaaaaajyk6d7phwsw6ffewtp7lzdhqml7zgecu27muobuu4reckws2zttq",
            "options": [
              {
                "custom_dns_servers": [],
                "search_domain_names": [],
                "server_type": "VcnLocalPlusInternet",
                "type": "DomainNameServer"
              }
            ],
            "state": "AVAILABLE",
            "time_created": "2022-03-17 06:29:28.107 +0000 UTC",
            "timeouts": null,
            "vcn_id": "ocid1.vcn.oc1.ap-tokyo-1.amaaaaaa2wppjyqa5lpt6gaavwyjwjt2sm5dbyhawqydlpbvmbbwodrw67jq"
          },
          "sensitive_attributes": [],
          "private": "eyJlMmJmYjczMC1lY2FhLTExZTYtOGY4OC0zNDM2M2JjN2M0YzAiOnsiY3JlYXRlIjoxMjAwMDAwMDAwMDAwLCJkZWxldGUiOjEyMDAwMDAwMDAwMDAsInVwZGF0ZSI6MTIwMDAwMDAwMDAwMH19",
          "dependencies": [
            "oci_core_virtual_network.vcn"
          ]
        }
      ]
    },
    {
      "mode": "managed",
      "type": "oci_core_instance",
      "name": "compute_instance",
      "provider": "provider[\"registry.terraform.io/hashicorp/oci\"]",
      "instances": [
        {
          "schema_version": 0,
          "attributes": {
            "agent_config": [
              {
                "are_all_plugins_disabled": false,
                "is_management_disabled": false,
                "is_monitoring_disabled": false,
                "plugins_config": []
              }
            ],
            "async": null,
            "availability_config": [
              {
                "is_live_migration_preferred": false,
                "recovery_action": "RESTORE_INSTANCE"
              }
            ],
            "availability_domain": "hnvV:AP-TOKYO-1-AD-1",
            "boot_volume_id": "ocid1.bootvolume.oc1.ap-tokyo-1.abxhiljrlwooo73j3ymbszipyhur54ghekk5l3afaut5hxnbownlmryfliuq",
            "capacity_reservation_id": null,
            "compartment_id": "ocid1.compartment.oc1..aaaaaaaa6nncoszmpc4aawentrwapoqfg2xsqlxhasdqlo2pv5t3acsnudca",
            "create_vnic_details": [
              {
                "assign_private_dns_record": false,
                "assign_public_ip": "true",
                "defined_tags": {},
                "display_name": "compute-instance",
                "freeform_tags": {},
                "hostname_label": "compute-instance",
                "nsg_ids": null,
                "private_ip": "10.0.1.36",
                "skip_source_dest_check": false,
                "subnet_id": "ocid1.subnet.oc1.ap-tokyo-1.aaaaaaaa7bkilcupuzc7bpcacs56pwpvjzksrtz435mkneiacolthx5zyv3q",
                "vlan_id": ""
              }
            ],
            "dedicated_vm_host_id": null,
            "defined_tags": {},
            "display_name": "compute-instance",
            "extended_metadata": null,
            "fault_domain": "FAULT-DOMAIN-2",
            "freeform_tags": {},
            "hostname_label": "compute-instance",
            "id": "ocid1.instance.oc1.ap-tokyo-1.anxhiljr2wppjyqcmbzt6doeqkkwkwlxavifrurpza2x5litxxz3hswn4f5q",
            "image": "ocid1.image.oc1.ap-tokyo-1.aaaaaaaa74yhcgjr6lsaafb4bu73mhgtgu2sd3fmpqzps6tusf4ks3nsn24q",
            "instance_options": [
              {
                "are_legacy_imds_endpoints_disabled": false
              }
            ],
            "ipxe_script": null,
            "is_pv_encryption_in_transit_enabled": null,
            "launch_mode": "PARAVIRTUALIZED",
            "launch_options": [
              {
                "boot_volume_type": "PARAVIRTUALIZED",
                "firmware": "UEFI_64",
                "is_consistent_volume_naming_enabled": true,
                "is_pv_encryption_in_transit_enabled": false,
                "network_type": "PARAVIRTUALIZED",
                "remote_data_volume_type": "PARAVIRTUALIZED"
              }
            ],
            "metadata": {
              "ssh_authorized_keys": "ssh-rsa AAAAB3NzaC1yc2EAAAADAQABAAABAQCITRHo9YSa+Fit0e+HwiO47mJ35bOWlYHWoi/W5UcUO5xG2wSXNzbNPw9uGALbW+yghmt05ZZz7h3krhytB6rYfdHQYnH5/Q6YFuYdG3/1aVlAYwcZhpKSomnY4AtAzUpJpjQoopt2n0b5gVoTYbZMsS20zu6e6Um/4rDL92RNeMvb5aUX4JNMxIwE6t1ZedUd3rdmwVJG8FTktznbapQdbVPYi7qMdhdSpYT2vE2xBQw+c6rfajrWZlxpUi+L7zskgw2vflxfEd95iQMoaZPYimhCMb88hpPjw0o9eykOYi/ZmlsLh05AGzhUNHviTgTNyN9Wsi+0zBT92TRHiXy/ rsa-key-20211027",
              "user_data": "H4sIAAAAAAAA/4SSXW/iOhCG7yPxH3I4lygkBAKlVSuFj0I5JBBIoMnNkZ0Y7JLYXtuQj1+/otJqq92LXj4zz4xeaWbKqEJUGWHN0aNeXHNFOBDKLEiFsicdsivNgKif296bN59sIn/m7uK2difjgIQkjD7qva7V0lqaYXyVWtqv3TMiOZNEfbpAKZDiAlH1pJ9Ijigo0HMbEEpUV+L276lQACpPSBhzmrKM0POjPoJEfRE+IytUKbMyJEZ5LlNBuGppHinQX+n+/ceEhJoQSHzHlOsmZgUyGU/NrpTYBFeFmSANyv6/oFp+0+5CcGlpKMVMb0uJDSGB7rquO+n7DZj26tSe33HmBu7kXnaD6Vu4W7JxvAedV6Is1FmWZDMYFau+AzfHPF4eGTGPTpRGG6da2OX+3W+gvy3H14W7hsdOfcaFspwkaUa4fxG4VpOhiE/ZMojp0jGDYfx6jbNF3+yBQ+7GZZpg/t+eFTQeuMptIr7iHwFjXNnUgs75wMIYJp7c21ZzHaJhVJgDMVuP7Z2PvBt0QPQ+WPle9VbOh6qXoCzK+iIrysNq8fAaXlRDIeBBBg/bmIx+eBnO9jwO7dvcriZB2UmH4gQ+xDHJKx6RznrUyMu5tG+nvDrNs7FDAo+BZBuTAk89+PCA+fajtNgY1ZdNTMykyOUaW467aHDkL28kPId+7Y+PknSsZhKO7XC3JO+1qQsJjAuqDduyez3LHrX1l5dvbtfSUsxKqhs7nfH0W/nPzzaMlvYzAAD//5MmOtQ4AwAA"
            },
            "platform_config": [],
            "preemptible_instance_config": [],
            "preserve_boot_volume": null,
            "private_ip": "10.0.1.36",
            "public_ip": "150.230.216.216",
            "region": "ap-tokyo-1",
            "shape": "VM.Standard.E3.Flex",
            "shape_config": [
              {
                "baseline_ocpu_utilization": "",
                "gpu_description": "",
                "gpus": 0,
                "local_disk_description": "",
                "local_disks": 0,
                "local_disks_total_size_in_gbs": 0,
                "max_vnic_attachments": 2,
                "memory_in_gbs": 10,
                "networking_bandwidth_in_gbps": 1,
                "ocpus": 1,
                "processor_description": "2.25 GHz AMD EPYC™ 7742 (Rome)"
              }
            ],
            "source_details": [
              {
                "boot_volume_size_in_gbs": "50",
                "kms_key_id": "",
                "source_id": "ocid1.image.oc1.ap-tokyo-1.aaaaaaaa74yhcgjr6lsaafb4bu73mhgtgu2sd3fmpqzps6tusf4ks3nsn24q",
                "source_type": "image"
              }
            ],
            "state": "RUNNING",
            "subnet_id": "ocid1.subnet.oc1.ap-tokyo-1.aaaaaaaa7bkilcupuzc7bpcacs56pwpvjzksrtz435mkneiacolthx5zyv3q",
            "system_tags": {},
            "time_created": "2022-04-04 07:19:41.764 +0000 UTC",
            "time_maintenance_reboot_due": "",
            "timeouts": null
          },
          "sensitive_attributes": [],
          "private": "eyJlMmJmYjczMC1lY2FhLTExZTYtOGY4OC0zNDM2M2JjN2M0YzAiOnsiY3JlYXRlIjoyNzAwMDAwMDAwMDAwLCJkZWxldGUiOjQ1MDAwMDAwMDAwMDAsInVwZGF0ZSI6MjcwMDAwMDAwMDAwMH19",
          "dependencies": [
            "data.oci_core_images.InstanceImageOCID",
            "data.oci_identity_availability_domains.ADs",
            "data.template_cloudinit_config.cloud_init",
            "data.template_file.key_script",
            "oci_core_subnet.kafkaConnectSubnet",
            "tls_private_key.public_private_key_pair"
          ]
        }
      ]
    },
    {
      "mode": "managed",
      "type": "oci_core_internet_gateway",
      "name": "igw",
      "provider": "provider[\"registry.terraform.io/hashicorp/oci\"]",
      "instances": [
        {
          "schema_version": 0,
          "attributes": {
            "compartment_id": "ocid1.compartment.oc1..aaaaaaaa6nncoszmpc4aawentrwapoqfg2xsqlxhasdqlo2pv5t3acsnudca",
            "defined_tags": {},
            "display_name": "igw",
            "enabled": true,
            "freeform_tags": {},
            "id": "ocid1.internetgateway.oc1.ap-tokyo-1.aaaaaaaabqhkx5i3y7ujylpmgbzumsysy3k4xlvtekaconeyrmfumye25mqq",
            "state": "AVAILABLE",
            "time_created": "2022-03-17 06:29:27.705 +0000 UTC",
            "timeouts": null,
            "vcn_id": "ocid1.vcn.oc1.ap-tokyo-1.amaaaaaa2wppjyqa5lpt6gaavwyjwjt2sm5dbyhawqydlpbvmbbwodrw67jq"
          },
          "sensitive_attributes": [],
          "private": "eyJlMmJmYjczMC1lY2FhLTExZTYtOGY4OC0zNDM2M2JjN2M0YzAiOnsiY3JlYXRlIjoxMjAwMDAwMDAwMDAwLCJkZWxldGUiOjEyMDAwMDAwMDAwMDAsInVwZGF0ZSI6MTIwMDAwMDAwMDAwMH19",
          "dependencies": [
            "oci_core_virtual_network.vcn"
          ]
        }
      ]
    },
    {
      "mode": "managed",
      "type": "oci_core_route_table",
      "name": "rt_via_igw",
      "provider": "provider[\"registry.terraform.io/hashicorp/oci\"]",
      "instances": [
        {
          "schema_version": 0,
          "attributes": {
            "compartment_id": "ocid1.compartment.oc1..aaaaaaaa6nncoszmpc4aawentrwapoqfg2xsqlxhasdqlo2pv5t3acsnudca",
            "defined_tags": {},
            "display_name": "rt_via_igw",
            "freeform_tags": {},
            "id": "ocid1.routetable.oc1.ap-tokyo-1.aaaaaaaat747i46xida4zjpdknc2l564mzowshasdmalqvpphqdj2xb6hdhq",
            "route_rules": [
              {
                "cidr_block": "",
                "description": "",
                "destination": "0.0.0.0/0",
                "destination_type": "CIDR_BLOCK",
                "network_entity_id": "ocid1.internetgateway.oc1.ap-tokyo-1.aaaaaaaabqhkx5i3y7ujylpmgbzumsysy3k4xlvtekaconeyrmfumye25mqq"
              }
            ],
            "state": "AVAILABLE",
            "time_created": "2022-03-17 06:29:28.732 +0000 UTC",
            "timeouts": null,
            "vcn_id": "ocid1.vcn.oc1.ap-tokyo-1.amaaaaaa2wppjyqa5lpt6gaavwyjwjt2sm5dbyhawqydlpbvmbbwodrw67jq"
          },
          "sensitive_attributes": [],
          "private": "eyJlMmJmYjczMC1lY2FhLTExZTYtOGY4OC0zNDM2M2JjN2M0YzAiOnsiY3JlYXRlIjoxMjAwMDAwMDAwMDAwLCJkZWxldGUiOjEyMDAwMDAwMDAwMDAsInVwZGF0ZSI6MTIwMDAwMDAwMDAwMH19",
          "dependencies": [
            "oci_core_internet_gateway.igw",
            "oci_core_virtual_network.vcn"
          ]
        }
      ]
    },
    {
      "mode": "managed",
      "type": "oci_core_subnet",
      "name": "kafkaConnectSubnet",
      "provider": "provider[\"registry.terraform.io/hashicorp/oci\"]",
      "instances": [
        {
          "schema_version": 0,
          "attributes": {
            "availability_domain": null,
            "cidr_block": "10.0.1.0/24",
            "compartment_id": "ocid1.compartment.oc1..aaaaaaaa6nncoszmpc4aawentrwapoqfg2xsqlxhasdqlo2pv5t3acsnudca",
            "defined_tags": {},
            "dhcp_options_id": "ocid1.dhcpoptions.oc1.ap-tokyo-1.aaaaaaaajyk6d7phwsw6ffewtp7lzdhqml7zgecu27muobuu4reckws2zttq",
            "display_name": "kafkaConnectSubnet",
            "dns_label": "kafkaconnectsub",
            "freeform_tags": {},
            "id": "ocid1.subnet.oc1.ap-tokyo-1.aaaaaaaa7bkilcupuzc7bpcacs56pwpvjzksrtz435mkneiacolthx5zyv3q",
            "ipv6cidr_block": null,
            "ipv6virtual_router_ip": null,
            "prohibit_internet_ingress": false,
            "prohibit_public_ip_on_vnic": false,
            "route_table_id": "ocid1.routetable.oc1.ap-tokyo-1.aaaaaaaat747i46xida4zjpdknc2l564mzowshasdmalqvpphqdj2xb6hdhq",
            "security_list_ids": [
              "ocid1.securitylist.oc1.ap-tokyo-1.aaaaaaaaslgjl7psmhkh4wxdw2yhyiyuruanqecb43licwdj4iseifk2a4za"
            ],
            "state": "AVAILABLE",
            "subnet_domain_name": "kafkaconnectsub.vcn.oraclevcn.com",
            "time_created": "2022-03-17 06:29:29.534 +0000 UTC",
            "timeouts": null,
            "vcn_id": "ocid1.vcn.oc1.ap-tokyo-1.amaaaaaa2wppjyqa5lpt6gaavwyjwjt2sm5dbyhawqydlpbvmbbwodrw67jq",
            "virtual_router_ip": "10.0.1.1",
            "virtual_router_mac": "00:00:17:70:17:30"
          },
          "sensitive_attributes": [],
          "private": "eyJlMmJmYjczMC1lY2FhLTExZTYtOGY4OC0zNDM2M2JjN2M0YzAiOnsiY3JlYXRlIjoxMjAwMDAwMDAwMDAwLCJkZWxldGUiOjEyMDAwMDAwMDAwMDAsInVwZGF0ZSI6MTIwMDAwMDAwMDAwMH19",
          "dependencies": [
            "oci_core_dhcp_options.dhcpoptions1",
            "oci_core_internet_gateway.igw",
            "oci_core_route_table.rt_via_igw",
            "oci_core_virtual_network.vcn"
          ]
        }
      ]
    },
    {
      "mode": "managed",
      "type": "oci_core_virtual_network",
      "name": "vcn",
      "provider": "provider[\"registry.terraform.io/hashicorp/oci\"]",
      "instances": [
        {
          "schema_version": 0,
          "attributes": {
            "cidr_block": "10.0.0.0/16",
            "cidr_blocks": [
              "10.0.0.0/16"
            ],
            "compartment_id": "ocid1.compartment.oc1..aaaaaaaa6nncoszmpc4aawentrwapoqfg2xsqlxhasdqlo2pv5t3acsnudca",
            "default_dhcp_options_id": "ocid1.dhcpoptions.oc1.ap-tokyo-1.aaaaaaaaagpycvcni2skqyi4wzq6hmdmldnrpklat4ngehqw7hanst7pmnla",
            "default_route_table_id": "ocid1.routetable.oc1.ap-tokyo-1.aaaaaaaaoaaalidkv4d62zbmh27bob6rhae5qd66cwxxce3ejg4mwg266pmq",
            "default_security_list_id": "ocid1.securitylist.oc1.ap-tokyo-1.aaaaaaaaslgjl7psmhkh4wxdw2yhyiyuruanqecb43licwdj4iseifk2a4za",
            "defined_tags": {},
            "display_name": "vcn",
            "dns_label": "vcn",
            "freeform_tags": {},
            "id": "ocid1.vcn.oc1.ap-tokyo-1.amaaaaaa2wppjyqa5lpt6gaavwyjwjt2sm5dbyhawqydlpbvmbbwodrw67jq",
            "ipv6cidr_blocks": [],
            "is_ipv6enabled": false,
            "state": "AVAILABLE",
            "time_created": "2022-03-17 06:29:26.569 +0000 UTC",
            "timeouts": null,
            "vcn_domain_name": "vcn.oraclevcn.com"
          },
          "sensitive_attributes": [],
          "private": "eyJlMmJmYjczMC1lY2FhLTExZTYtOGY4OC0zNDM2M2JjN2M0YzAiOnsiY3JlYXRlIjoxMjAwMDAwMDAwMDAwLCJkZWxldGUiOjEyMDAwMDAwMDAwMDAsInVwZGF0ZSI6MTIwMDAwMDAwMDAwMH19"
        }
      ]
    },
    {
      "mode": "managed",
      "type": "oci_functions_application",
      "name": "fn_application",
      "provider": "provider[\"registry.terraform.io/hashicorp/oci\"]",
      "instances": [
        {
          "schema_version": 0,
          "attributes": {
            "compartment_id": "ocid1.compartment.oc1..aaaaaaaa6nncoszmpc4aawentrwapoqfg2xsqlxhasdqlo2pv5t3acsnudca",
            "config": {},
            "defined_tags": {},
            "display_name": "cloud-sch-demo-app",
            "freeform_tags": {},
            "id": "ocid1.fnapp.oc1.ap-tokyo-1.aaaaaaaabu3fabwbiecktgqh2tskn6ghqj2g4g6tbbglgcsibdld5ki5bvta",
            "image_policy_config": [],
            "network_security_group_ids": [],
            "state": "ACTIVE",
            "subnet_ids": [
              "ocid1.subnet.oc1.ap-tokyo-1.aaaaaaaa7bkilcupuzc7bpcacs56pwpvjzksrtz435mkneiacolthx5zyv3q"
            ],
            "syslog_url": "",
            "time_created": "2022-04-04 07:19:40.264 +0000 UTC",
            "time_updated": "2022-04-04 07:19:40.264 +0000 UTC",
            "timeouts": null,
            "trace_config": [
              {
                "domain_id": "",
                "is_enabled": false
              }
            ]
          },
          "sensitive_attributes": [],
          "private": "eyJlMmJmYjczMC1lY2FhLTExZTYtOGY4OC0zNDM2M2JjN2M0YzAiOnsiY3JlYXRlIjoxMjAwMDAwMDAwMDAwLCJkZWxldGUiOjEyMDAwMDAwMDAwMDAsInVwZGF0ZSI6MTIwMDAwMDAwMDAwMH19",
          "dependencies": [
            "oci_core_subnet.kafkaConnectSubnet"
          ]
        }
      ]
    },
    {
      "mode": "managed",
      "type": "oci_functions_function",
      "name": "function",
      "provider": "provider[\"registry.terraform.io/hashicorp/oci\"]",
      "instances": []
    },
    {
      "mode": "managed",
      "type": "oci_identity_auth_token",
      "name": "auth_token",
      "provider": "provider[\"registry.terraform.io/hashicorp/oci\"].homeregion",
      "instances": [
        {
          "schema_version": 0,
          "attributes": {
            "description": "Token to connect to streams.",
            "id": "ocid1.credential.oc1..aaaaaaaamk3t5wxgc26x2jiwc7if76eslquyxlljx2ltszukesz6sg7cdjha",
            "inactive_state": null,
            "state": "ACTIVE",
            "time_created": "2022-04-04 07:19:40.562 +0000 UTC",
            "time_expires": null,
            "timeouts": null,
            "token": "Z3C)o(byuc+hVH\u003e#_DDe",
            "user_id": "ocid1.user.oc1..aaaaaaaa35wsc54qk5yrf4deg7gn2njulzuw6tonitub7ww3hg7iijco4s2a"
          },
          "sensitive_attributes": [],
          "private": "eyJlMmJmYjczMC1lY2FhLTExZTYtOGY4OC0zNDM2M2JjN2M0YzAiOnsiY3JlYXRlIjoxMjAwMDAwMDAwMDAwLCJkZWxldGUiOjEyMDAwMDAwMDAwMDAsInVwZGF0ZSI6MTIwMDAwMDAwMDAwMH19",
          "dependencies": [
            "data.oci_identity_region_subscriptions.home_region_subscriptions"
          ]
        }
      ]
    },
    {
      "mode": "managed",
      "type": "oci_identity_policy",
      "name": "sch_policies",
      "provider": "provider[\"registry.terraform.io/hashicorp/oci\"].homeregion",
      "instances": []
    },
    {
      "mode": "managed",
      "type": "oci_objectstorage_bucket",
      "name": "this",
      "provider": "provider[\"registry.terraform.io/hashicorp/oci\"]",
      "instances": [
        {
          "schema_version": 0,
          "attributes": {
            "access_type": "NoPublicAccess",
            "approximate_count": "0",
            "approximate_size": "0",
            "auto_tiering": "Disabled",
            "bucket_id": "ocid1.bucket.oc1.ap-tokyo-1.aaaaaaaavg5p7v24gahwjtogji3loj4ltdtwyksv2wyfhqhghknbaxbfsdpq",
            "compartment_id": "ocid1.compartment.oc1..aaaaaaaa6nncoszmpc4aawentrwapoqfg2xsqlxhasdqlo2pv5t3acsnudca",
            "created_by": "ocid1.user.oc1..aaaaaaaa35wsc54qk5yrf4deg7gn2njulzuw6tonitub7ww3hg7iijco4s2a",
            "defined_tags": {},
            "etag": "0bb3f998-9668-453a-ab92-cfc112aa4ff2",
            "freeform_tags": {},
            "id": "n/iaassiedupu/b/tweets_ai_bucket",
            "is_read_only": false,
            "kms_key_id": null,
            "metadata": null,
            "name": "tweets_ai_bucket",
            "namespace": "iaassiedupu",
            "object_events_enabled": false,
            "object_lifecycle_policy_etag": null,
            "replication_enabled": false,
            "retention_rules": [],
            "storage_tier": "Standard",
            "time_created": "2022-04-04 07:19:39.913 +0000 UTC",
            "timeouts": null,
            "versioning": "Disabled"
          },
          "sensitive_attributes": [],
          "private": "eyJlMmJmYjczMC1lY2FhLTExZTYtOGY4OC0zNDM2M2JjN2M0YzAiOnsiY3JlYXRlIjoxMjAwMDAwMDAwMDAwLCJkZWxldGUiOjEyMDAwMDAwMDAwMDAsInVwZGF0ZSI6MTIwMDAwMDAwMDAwMH19",
          "dependencies": [
            "data.oci_identity_region_subscriptions.home_region_subscriptions",
            "data.oci_identity_tenancy.current_user_tenancy"
          ]
        }
      ]
    },
    {
      "mode": "managed",
      "type": "oci_sch_service_connector",
      "name": "sch",
      "provider": "provider[\"registry.terraform.io/hashicorp/oci\"]",
      "instances": []
    },
    {
      "mode": "managed",
      "type": "oci_streaming_connect_harness",
      "name": "connect_harness",
      "provider": "provider[\"registry.terraform.io/hashicorp/oci\"]",
      "instances": [
        {
          "schema_version": 0,
          "attributes": {
            "compartment_id": "ocid1.compartment.oc1..aaaaaaaa6nncoszmpc4aawentrwapoqfg2xsqlxhasdqlo2pv5t3acsnudca",
            "defined_tags": {},
            "freeform_tags": {},
            "id": "ocid1.connectharness.oc1.ap-tokyo-1.amaaaaaa2wppjyqa7sspsrmgi5eh5gv4lx3ej3y4ng2nskjwleyzoew52nea",
            "lifecycle_state_details": null,
            "name": "twitter-connect-harness",
            "state": "ACTIVE",
            "time_created": "2022-04-04 07:19:39.899 +0000 +0000",
            "timeouts": null
          },
          "sensitive_attributes": [],
          "private": "eyJlMmJmYjczMC1lY2FhLTExZTYtOGY4OC0zNDM2M2JjN2M0YzAiOnsiY3JlYXRlIjoxMjAwMDAwMDAwMDAwLCJkZWxldGUiOjEyMDAwMDAwMDAwMDAsInVwZGF0ZSI6MTIwMDAwMDAwMDAwMH19"
        }
      ]
    },
    {
      "mode": "managed",
      "type": "oci_streaming_stream",
      "name": "stream_in",
      "provider": "provider[\"registry.terraform.io/hashicorp/oci\"]",
      "instances": [
        {
          "schema_version": 0,
          "attributes": {
            "compartment_id": "ocid1.compartment.oc1..aaaaaaaa6nncoszmpc4aawentrwapoqfg2xsqlxhasdqlo2pv5t3acsnudca",
            "defined_tags": {},
            "freeform_tags": {},
            "id": "ocid1.stream.oc1.ap-tokyo-1.amaaaaaa2wppjyqauldg4cgna6wfbvuuxecx4ndmvxo2ac6swjitsotz4fdq",
            "lifecycle_state_details": null,
            "messages_endpoint": "https://cell-1.streaming.ap-tokyo-1.oci.oraclecloud.com",
            "name": "tweets",
            "partitions": 2,
            "retention_in_hours": 24,
            "state": "ACTIVE",
            "stream_pool_id": "ocid1.streampool.oc1.ap-tokyo-1.amaaaaaa2wppjyqag3tmwjbzzuikxfmwwkzcz5hke7a3ghorzywihcciqdva",
            "time_created": "2022-04-04 07:19:54.531 +0000 +0000",
            "timeouts": null
          },
          "sensitive_attributes": [],
          "private": "eyJlMmJmYjczMC1lY2FhLTExZTYtOGY4OC0zNDM2M2JjN2M0YzAiOnsiY3JlYXRlIjoxMjAwMDAwMDAwMDAwLCJkZWxldGUiOjEyMDAwMDAwMDAwMDAsInVwZGF0ZSI6MTIwMDAwMDAwMDAwMH19",
          "dependencies": [
            "oci_streaming_stream_pool.stream_pool"
          ]
        }
      ]
    },
    {
      "mode": "managed",
      "type": "oci_streaming_stream_pool",
      "name": "stream_pool",
      "provider": "provider[\"registry.terraform.io/hashicorp/oci\"]",
      "instances": [
        {
          "schema_version": 0,
          "attributes": {
            "compartment_id": "ocid1.compartment.oc1..aaaaaaaa6nncoszmpc4aawentrwapoqfg2xsqlxhasdqlo2pv5t3acsnudca",
            "custom_encryption_key": [
              {
                "key_state": "NONE",
                "kms_key_id": ""
              }
            ],
            "defined_tags": {},
            "endpoint_fqdn": "cell-1.streaming.ap-tokyo-1.oci.oraclecloud.com",
            "freeform_tags": {},
            "id": "ocid1.streampool.oc1.ap-tokyo-1.amaaaaaa2wppjyqag3tmwjbzzuikxfmwwkzcz5hke7a3ghorzywihcciqdva",
            "is_private": false,
            "kafka_settings": [
              {
                "auto_create_topics_enable": false,
                "bootstrap_servers": "cell-1.streaming.ap-tokyo-1.oci.oraclecloud.com:9092",
                "log_retention_hours": 24,
                "num_partitions": 1
              }
            ],
            "lifecycle_state_details": null,
            "name": "tweets_pool",
            "private_endpoint_settings": [
              {
                "nsg_ids": [],
                "private_endpoint_ip": "",
                "subnet_id": ""
              }
            ],
            "state": "ACTIVE",
            "time_created": "2022-04-04 07:19:39.908 +0000 +0000",
            "timeouts": null
          },
          "sensitive_attributes": [],
          "private": "eyJlMmJmYjczMC1lY2FhLTExZTYtOGY4OC0zNDM2M2JjN2M0YzAiOnsiY3JlYXRlIjoxMjAwMDAwMDAwMDAwLCJkZWxldGUiOjEyMDAwMDAwMDAwMDAsInVwZGF0ZSI6MTIwMDAwMDAwMDAwMH19"
        }
      ]
    },
    {
      "mode": "managed",
      "type": "tls_private_key",
      "name": "public_private_key_pair",
      "provider": "provider[\"registry.terraform.io/hashicorp/tls\"]",
      "instances": [
        {
          "schema_version": 0,
          "attributes": {
            "algorithm": "RSA",
            "ecdsa_curve": "P224",
            "id": "74a3b35d94e3801da0fed72aa21ec4ad7ec71fdc",
            "private_key_pem": "-----BEGIN RSA PRIVATE KEY-----\nMIIEpAIBAAKCAQEAw2+pexYANXUA10N9yeM2+JP3ZkjKO1UGnBS/5r0HV9HBSOLC\nSkcw4J4Ggsttfzz6Uw336lL1JxzpHbEjYb3v++7IvEEyDv2xo/qKD7wV9necbTXK\nOofkAB6yBh/LH2760Op46g5bYmZa5FIl3xaoCl81I3C0SMSo8zKaEQ0FprU5WBV+\nuewyY46oOswT3uuEmjIxXrevhu1iZr/RS1u/Y+1FprOq/9qnJtnM/Xm0Rhssxn1H\nQp5sJT6RlIt9OifPt5NzNfolE/id59FKEvxsGviQVzPcoIvhlh8sUqHsbexjiUXx\nl8mqWaJa/lEVwfxLgHJsYgtLuQrOuXSV6gL9AQIDAQABAoIBAEMbzK6fV2MD0k4Y\nttDkXLPu2z0cMZU+FQ7zcRHiRus48437j4vB9l6q5MF06RyP68UpPsAPzG6p1sKD\nWQrvFcEEtZkvKelL4/vSxCWzCDehyu0VU2PV1czUvXys3irlCOtEGFEGrQqU6xEL\nxEVemkU1fCG3SbDTFtCrx4ujVRVw+pl3eFlvsNbigaUQomsiMLnbrBpkzM2ifH1q\nspGDZms74riuiIcOnQ1D2odoVCAbiNXDubaKhCjNKoDczqG0v1IPkMymyN5TrXYn\n6oYkiF1SK0abu333d3fy53qVHLKAr7g72jodyx72jsc5SZhtbvr1yDAtaUEhz8ze\nJn7WX4ECgYEAxtKJIZAl6B7Sbfu3AKz4IuHVSVuniSeFlM9B/ca0+1F8Z/3ra6zd\nAw2MZnHA+tMCy90oJNBWB5OaCZY4hp8oQoa5WOp5blWmNki3KsZIUQqXMuoZuw5j\ncmPsBdb/i/qhcbbEpQz7sBR3sPMvVFCQsz1ts+C7FxL3hbjCj4yNPf0CgYEA+6PU\na4glusSm1cfWppUA/RzIlvKUqfCRda5X4HvwHhexaZMbxvNaa6GHMRaQdaUnBRJT\nDB/If6amZ54jdsJGQGUxb5xSJZ8lZ5nDNCl+s8BEJSz0P6yys6OoSBe/mQ99J5is\n9DLNMKM/cHY+xvmTjZwPJo39jk5m0W+QZ8abiFUCgYEAm8t5/TzRF1Sfm+M0gWkI\nf3zq/rK9UzIO8I5/rXY5dv1hOLO1+Afan3vMWrIkf+c9N7YysLY303QLrhtya7rn\nd0nOjygcwyKGPd84+GGrZSWhWRor03Hw5z/5QJI6aNuaClsnOBY2WsGPEK9elPkU\nif9GqT8eG3SXVMd0XbvLKZkCgYAsWCGN1Y84i4EO+UllT6q97/2VRChYjjFD+LY5\ns/2LgAdeoHLrq2TKxMtLJjvMz47BwQnrgApYHGkEp4R+YBv7Kxn8HiMHyDTSPfF9\nVraiPIaFupdMRUW0jGmSUsUL1wPqH2iTHAS2xn3edqf3bnHHKbItzCXblwtdavia\noRA1hQKBgQCP+/1qgpJ0XQ+ghHHrsHH0cZcsQLYwRvR4wFpQSlaTJFm+yvMwCtJm\n7dN4g1sMx/xRYQ/hVw8TS0S9BqcvqE0vWmAhpD1UVWnOcs9VnSZ/RfnCuW24yeeV\nHItZWcl3NICru7NN0jtseEVGU5vgAGkuA3AZyEgBq7ItgCfd7Abc5w==\n-----END RSA PRIVATE KEY-----\n",
            "public_key_fingerprint_md5": "6b:15:1b:03:e5:a7:53:25:92:b2:29:01:1e:06:dc:a5",
            "public_key_openssh": "ssh-rsa AAAAB3NzaC1yc2EAAAADAQABAAABAQDDb6l7FgA1dQDXQ33J4zb4k/dmSMo7VQacFL/mvQdX0cFI4sJKRzDgngaCy21/PPpTDffqUvUnHOkdsSNhve/77si8QTIO/bGj+ooPvBX2d5xtNco6h+QAHrIGH8sfbvrQ6njqDltiZlrkUiXfFqgKXzUjcLRIxKjzMpoRDQWmtTlYFX657DJjjqg6zBPe64SaMjFet6+G7WJmv9FLW79j7UWms6r/2qcm2cz9ebRGGyzGfUdCnmwlPpGUi306J8+3k3M1+iUT+J3n0UoS/Gwa+JBXM9ygi+GWHyxSoext7GOJRfGXyapZolr+URXB/EuAcmxiC0u5Cs65dJXqAv0B\n",
            "public_key_pem": "-----BEGIN PUBLIC KEY-----\nMIIBIjANBgkqhkiG9w0BAQEFAAOCAQ8AMIIBCgKCAQEAw2+pexYANXUA10N9yeM2\n+JP3ZkjKO1UGnBS/5r0HV9HBSOLCSkcw4J4Ggsttfzz6Uw336lL1JxzpHbEjYb3v\n++7IvEEyDv2xo/qKD7wV9necbTXKOofkAB6yBh/LH2760Op46g5bYmZa5FIl3xao\nCl81I3C0SMSo8zKaEQ0FprU5WBV+uewyY46oOswT3uuEmjIxXrevhu1iZr/RS1u/\nY+1FprOq/9qnJtnM/Xm0Rhssxn1HQp5sJT6RlIt9OifPt5NzNfolE/id59FKEvxs\nGviQVzPcoIvhlh8sUqHsbexjiUXxl8mqWaJa/lEVwfxLgHJsYgtLuQrOuXSV6gL9\nAQIDAQAB\n-----END PUBLIC KEY-----\n",
            "rsa_bits": 2048
          },
          "sensitive_attributes": [],
          "private": "bnVsbA=="
        }
      ]
    }
  ]
}
